
Microsoft Visual Studio Solution File, Format Version 12.00
# Visual Studio Version 16
VisualStudioVersion = 16.0.29025.244
MinimumVisualStudioVersion = 10.0.40219.1
Project("{2150E333-8FDC-42A3-9474-1A3956D46DE8}") = "Solution Items", "Solution Items", "{A5F2B2E4-7F93-4919-89F6-EEAB5D1C0AA7}"
	ProjectSection(SolutionItems) = preProject
		changelog.md = changelog.md
		Directory.Build.props = Directory.Build.props
		global.json = global.json
		visioforge_main_icon.png = visioforge_main_icon.png
	EndProjectSection
EndProject
Project("{2150E333-8FDC-42A3-9474-1A3956D46DE8}") = "XamarinForms", "XamarinForms", "{FC68D8B7-758E-4164-945B-9F922FA883F6}"
EndProject
Project("{9A19103F-16F7-4668-BE54-9A1E7A4F7556}") = "Main Demo WPF", "Windows\Main Demo WPF\Main Demo WPF.csproj", "{01CCB934-B77F-4681-86C5-AE4FEE648238}"
EndProject
Project("{9A19103F-16F7-4668-BE54-9A1E7A4F7556}") = "Main Demo NetCore", "NetCore\Main Demo NetCore\Main Demo NetCore.csproj", "{E9858A83-E619-4515-AF14-A87A4C658924}"
EndProject
Project("{9A19103F-16F7-4668-BE54-9A1E7A4F7556}") = "Console Demo Windows", "Windows\Console Demo Windows\Console Demo Windows.csproj", "{DAFCBC34-7847-4EF9-ACC0-E025D6E3FBA4}"
EndProject
Project("{FAE04EC0-301F-11D3-BF4B-00C04F79EFBC}") = "Main Demo UWP", "Windows\Main Demo UWP\Main Demo UWP.csproj", "{B0796D95-FA72-4154-9668-1F939BF03816}"
EndProject
Project("{2150E333-8FDC-42A3-9474-1A3956D46DE8}") = "Android", "Android", "{8DF3B140-67D9-4E44-92CE-21BDC395E723}"
EndProject
Project("{2150E333-8FDC-42A3-9474-1A3956D46DE8}") = "Windows", "Windows", "{BDDDFE12-B4C0-4EA9-8803-262BFD5D36B9}"
EndProject
Project("{2150E333-8FDC-42A3-9474-1A3956D46DE8}") = "NetCore", "NetCore", "{6DC0DEB1-CE20-4E54-B2F6-3B8ADD7752AE}"
EndProject
Project("{9A19103F-16F7-4668-BE54-9A1E7A4F7556}") = "Main Demo WinForms", "Windows\Main Demo WinForms\Main Demo WinForms.csproj", "{C9BFCF81-10C4-4D10-B455-E995BC12ACBF}"
EndProject
Project("{9A19103F-16F7-4668-BE54-9A1E7A4F7556}") = "Mini Demo WPF", "Windows\Mini Demo WPF\Mini Demo WPF.csproj", "{D0ED3C55-C409-4F22-AA71-84FF2833AF3C}"
EndProject
Project("{FAE04EC0-301F-11D3-BF4B-00C04F79EFBC}") = "Mini Demo UWP", "Windows\Mini Demo UWP\Mini Demo UWP.csproj", "{35DC98AF-AC39-4648-97A9-447546A473F0}"
EndProject
Project("{2150E333-8FDC-42A3-9474-1A3956D46DE8}") = "Avalonia", "Avalonia", "{704A1714-78C2-4EF0-983F-33FB68895237}"
EndProject
Project("{9A19103F-16F7-4668-BE54-9A1E7A4F7556}") = "Player Main Demo", "Avalonia\Player Main Demo\Player Main Demo.csproj", "{FBC9CE69-7477-4668-B0BB-0573AFE94F53}"
EndProject
Project("{FAE04EC0-301F-11D3-BF4B-00C04F79EFBC}") = "Player Demo Android", "Android\Player Demo Android\Player Demo Android.csproj", "{69FA4EB4-4548-4DA2-ADAA-3D3846FC3E2D}"
EndProject
Project("{FAE04EC0-301F-11D3-BF4B-00C04F79EFBC}") = "MediaPlayer.MiniDemo.XF.Android", "XamarinForms\MiniDemo\MiniDemo.Android\MediaPlayer.MiniDemo.XF.Android.csproj", "{3AC82047-1A15-4C09-94E3-01A976A98697}"
EndProject
Project("{9A19103F-16F7-4668-BE54-9A1E7A4F7556}") = "MediaPlayer.MiniDemo.XF", "XamarinForms\MiniDemo\MiniDemo\MediaPlayer.MiniDemo.XF.csproj", "{341D3CC1-CDDC-4F5D-A20B-1A02AF283029}"
EndProject
Global
	GlobalSection(SolutionConfigurationPlatforms) = preSolution
		Ad-Hoc|Any CPU = Ad-Hoc|Any CPU
		Ad-Hoc|ARM = Ad-Hoc|ARM
		Ad-Hoc|ARM64 = Ad-Hoc|ARM64
		Ad-Hoc|iPhone = Ad-Hoc|iPhone
		Ad-Hoc|iPhoneSimulator = Ad-Hoc|iPhoneSimulator
		Ad-Hoc|x64 = Ad-Hoc|x64
		Ad-Hoc|x86 = Ad-Hoc|x86
		AppStore|Any CPU = AppStore|Any CPU
		AppStore|ARM = AppStore|ARM
		AppStore|ARM64 = AppStore|ARM64
		AppStore|iPhone = AppStore|iPhone
		AppStore|iPhoneSimulator = AppStore|iPhoneSimulator
		AppStore|x64 = AppStore|x64
		AppStore|x86 = AppStore|x86
		Debug|Any CPU = Debug|Any CPU
		Debug|ARM = Debug|ARM
		Debug|ARM64 = Debug|ARM64
		Debug|iPhone = Debug|iPhone
		Debug|iPhoneSimulator = Debug|iPhoneSimulator
		Debug|x64 = Debug|x64
		Debug|x86 = Debug|x86
		Release|Any CPU = Release|Any CPU
		Release|ARM = Release|ARM
		Release|ARM64 = Release|ARM64
		Release|iPhone = Release|iPhone
		Release|iPhoneSimulator = Release|iPhoneSimulator
		Release|x64 = Release|x64
		Release|x86 = Release|x86
	EndGlobalSection
	GlobalSection(ProjectConfigurationPlatforms) = postSolution
		{01CCB934-B77F-4681-86C5-AE4FEE648238}.Ad-Hoc|Any CPU.ActiveCfg = Release|Any CPU
		{01CCB934-B77F-4681-86C5-AE4FEE648238}.Ad-Hoc|Any CPU.Build.0 = Release|Any CPU
		{01CCB934-B77F-4681-86C5-AE4FEE648238}.Ad-Hoc|ARM.ActiveCfg = Debug|Any CPU
		{01CCB934-B77F-4681-86C5-AE4FEE648238}.Ad-Hoc|ARM.Build.0 = Debug|Any CPU
		{01CCB934-B77F-4681-86C5-AE4FEE648238}.Ad-Hoc|ARM64.ActiveCfg = Debug|Any CPU
		{01CCB934-B77F-4681-86C5-AE4FEE648238}.Ad-Hoc|ARM64.Build.0 = Debug|Any CPU
		{01CCB934-B77F-4681-86C5-AE4FEE648238}.Ad-Hoc|iPhone.ActiveCfg = Release|Any CPU
		{01CCB934-B77F-4681-86C5-AE4FEE648238}.Ad-Hoc|iPhone.Build.0 = Release|Any CPU
		{01CCB934-B77F-4681-86C5-AE4FEE648238}.Ad-Hoc|iPhoneSimulator.ActiveCfg = Release|Any CPU
		{01CCB934-B77F-4681-86C5-AE4FEE648238}.Ad-Hoc|iPhoneSimulator.Build.0 = Release|Any CPU
		{01CCB934-B77F-4681-86C5-AE4FEE648238}.Ad-Hoc|x64.ActiveCfg = Release|Any CPU
		{01CCB934-B77F-4681-86C5-AE4FEE648238}.Ad-Hoc|x64.Build.0 = Release|Any CPU
		{01CCB934-B77F-4681-86C5-AE4FEE648238}.Ad-Hoc|x86.ActiveCfg = Release|Any CPU
		{01CCB934-B77F-4681-86C5-AE4FEE648238}.Ad-Hoc|x86.Build.0 = Release|Any CPU
		{01CCB934-B77F-4681-86C5-AE4FEE648238}.AppStore|Any CPU.ActiveCfg = Release|Any CPU
		{01CCB934-B77F-4681-86C5-AE4FEE648238}.AppStore|Any CPU.Build.0 = Release|Any CPU
		{01CCB934-B77F-4681-86C5-AE4FEE648238}.AppStore|ARM.ActiveCfg = Debug|Any CPU
		{01CCB934-B77F-4681-86C5-AE4FEE648238}.AppStore|ARM.Build.0 = Debug|Any CPU
		{01CCB934-B77F-4681-86C5-AE4FEE648238}.AppStore|ARM64.ActiveCfg = Debug|Any CPU
		{01CCB934-B77F-4681-86C5-AE4FEE648238}.AppStore|ARM64.Build.0 = Debug|Any CPU
		{01CCB934-B77F-4681-86C5-AE4FEE648238}.AppStore|iPhone.ActiveCfg = Release|Any CPU
		{01CCB934-B77F-4681-86C5-AE4FEE648238}.AppStore|iPhone.Build.0 = Release|Any CPU
		{01CCB934-B77F-4681-86C5-AE4FEE648238}.AppStore|iPhoneSimulator.ActiveCfg = Release|Any CPU
		{01CCB934-B77F-4681-86C5-AE4FEE648238}.AppStore|iPhoneSimulator.Build.0 = Release|Any CPU
		{01CCB934-B77F-4681-86C5-AE4FEE648238}.AppStore|x64.ActiveCfg = Release|Any CPU
		{01CCB934-B77F-4681-86C5-AE4FEE648238}.AppStore|x64.Build.0 = Release|Any CPU
		{01CCB934-B77F-4681-86C5-AE4FEE648238}.AppStore|x86.ActiveCfg = Release|Any CPU
		{01CCB934-B77F-4681-86C5-AE4FEE648238}.AppStore|x86.Build.0 = Release|Any CPU
		{01CCB934-B77F-4681-86C5-AE4FEE648238}.Debug|Any CPU.ActiveCfg = Debug|Any CPU
		{01CCB934-B77F-4681-86C5-AE4FEE648238}.Debug|Any CPU.Build.0 = Debug|Any CPU
		{01CCB934-B77F-4681-86C5-AE4FEE648238}.Debug|ARM.ActiveCfg = Debug|Any CPU
		{01CCB934-B77F-4681-86C5-AE4FEE648238}.Debug|ARM.Build.0 = Debug|Any CPU
		{01CCB934-B77F-4681-86C5-AE4FEE648238}.Debug|ARM64.ActiveCfg = Debug|Any CPU
		{01CCB934-B77F-4681-86C5-AE4FEE648238}.Debug|ARM64.Build.0 = Debug|Any CPU
		{01CCB934-B77F-4681-86C5-AE4FEE648238}.Debug|iPhone.ActiveCfg = Debug|Any CPU
		{01CCB934-B77F-4681-86C5-AE4FEE648238}.Debug|iPhone.Build.0 = Debug|Any CPU
		{01CCB934-B77F-4681-86C5-AE4FEE648238}.Debug|iPhoneSimulator.ActiveCfg = Debug|Any CPU
		{01CCB934-B77F-4681-86C5-AE4FEE648238}.Debug|x64.ActiveCfg = Debug|Any CPU
		{01CCB934-B77F-4681-86C5-AE4FEE648238}.Debug|x64.Build.0 = Debug|Any CPU
		{01CCB934-B77F-4681-86C5-AE4FEE648238}.Debug|x86.ActiveCfg = Debug|Any CPU
		{01CCB934-B77F-4681-86C5-AE4FEE648238}.Debug|x86.Build.0 = Debug|Any CPU
		{01CCB934-B77F-4681-86C5-AE4FEE648238}.Release|Any CPU.ActiveCfg = Release|Any CPU
		{01CCB934-B77F-4681-86C5-AE4FEE648238}.Release|Any CPU.Build.0 = Release|Any CPU
		{01CCB934-B77F-4681-86C5-AE4FEE648238}.Release|ARM.ActiveCfg = Release|Any CPU
		{01CCB934-B77F-4681-86C5-AE4FEE648238}.Release|ARM.Build.0 = Release|Any CPU
		{01CCB934-B77F-4681-86C5-AE4FEE648238}.Release|ARM64.ActiveCfg = Release|Any CPU
		{01CCB934-B77F-4681-86C5-AE4FEE648238}.Release|ARM64.Build.0 = Release|Any CPU
		{01CCB934-B77F-4681-86C5-AE4FEE648238}.Release|iPhone.ActiveCfg = Release|Any CPU
		{01CCB934-B77F-4681-86C5-AE4FEE648238}.Release|iPhone.Build.0 = Release|Any CPU
		{01CCB934-B77F-4681-86C5-AE4FEE648238}.Release|iPhoneSimulator.ActiveCfg = Release|Any CPU
		{01CCB934-B77F-4681-86C5-AE4FEE648238}.Release|iPhoneSimulator.Build.0 = Release|Any CPU
		{01CCB934-B77F-4681-86C5-AE4FEE648238}.Release|x64.ActiveCfg = Release|Any CPU
		{01CCB934-B77F-4681-86C5-AE4FEE648238}.Release|x64.Build.0 = Release|Any CPU
		{01CCB934-B77F-4681-86C5-AE4FEE648238}.Release|x86.ActiveCfg = Release|Any CPU
		{01CCB934-B77F-4681-86C5-AE4FEE648238}.Release|x86.Build.0 = Release|Any CPU
		{E9858A83-E619-4515-AF14-A87A4C658924}.Ad-Hoc|Any CPU.ActiveCfg = Release|Any CPU
		{E9858A83-E619-4515-AF14-A87A4C658924}.Ad-Hoc|Any CPU.Build.0 = Release|Any CPU
		{E9858A83-E619-4515-AF14-A87A4C658924}.Ad-Hoc|ARM.ActiveCfg = Debug|Any CPU
		{E9858A83-E619-4515-AF14-A87A4C658924}.Ad-Hoc|ARM.Build.0 = Debug|Any CPU
		{E9858A83-E619-4515-AF14-A87A4C658924}.Ad-Hoc|ARM64.ActiveCfg = Debug|Any CPU
		{E9858A83-E619-4515-AF14-A87A4C658924}.Ad-Hoc|ARM64.Build.0 = Debug|Any CPU
		{E9858A83-E619-4515-AF14-A87A4C658924}.Ad-Hoc|iPhone.ActiveCfg = Release|Any CPU
		{E9858A83-E619-4515-AF14-A87A4C658924}.Ad-Hoc|iPhone.Build.0 = Release|Any CPU
		{E9858A83-E619-4515-AF14-A87A4C658924}.Ad-Hoc|iPhoneSimulator.ActiveCfg = Release|Any CPU
		{E9858A83-E619-4515-AF14-A87A4C658924}.Ad-Hoc|iPhoneSimulator.Build.0 = Release|Any CPU
		{E9858A83-E619-4515-AF14-A87A4C658924}.Ad-Hoc|x64.ActiveCfg = Debug|x64
		{E9858A83-E619-4515-AF14-A87A4C658924}.Ad-Hoc|x64.Build.0 = Debug|x64
		{E9858A83-E619-4515-AF14-A87A4C658924}.Ad-Hoc|x86.ActiveCfg = Debug|x86
		{E9858A83-E619-4515-AF14-A87A4C658924}.Ad-Hoc|x86.Build.0 = Debug|x86
		{E9858A83-E619-4515-AF14-A87A4C658924}.AppStore|Any CPU.ActiveCfg = Release|Any CPU
		{E9858A83-E619-4515-AF14-A87A4C658924}.AppStore|Any CPU.Build.0 = Release|Any CPU
		{E9858A83-E619-4515-AF14-A87A4C658924}.AppStore|ARM.ActiveCfg = Debug|Any CPU
		{E9858A83-E619-4515-AF14-A87A4C658924}.AppStore|ARM.Build.0 = Debug|Any CPU
		{E9858A83-E619-4515-AF14-A87A4C658924}.AppStore|ARM64.ActiveCfg = Debug|Any CPU
		{E9858A83-E619-4515-AF14-A87A4C658924}.AppStore|ARM64.Build.0 = Debug|Any CPU
		{E9858A83-E619-4515-AF14-A87A4C658924}.AppStore|iPhone.ActiveCfg = Release|Any CPU
		{E9858A83-E619-4515-AF14-A87A4C658924}.AppStore|iPhone.Build.0 = Release|Any CPU
		{E9858A83-E619-4515-AF14-A87A4C658924}.AppStore|iPhoneSimulator.ActiveCfg = Release|Any CPU
		{E9858A83-E619-4515-AF14-A87A4C658924}.AppStore|iPhoneSimulator.Build.0 = Release|Any CPU
		{E9858A83-E619-4515-AF14-A87A4C658924}.AppStore|x64.ActiveCfg = Debug|x64
		{E9858A83-E619-4515-AF14-A87A4C658924}.AppStore|x64.Build.0 = Debug|x64
		{E9858A83-E619-4515-AF14-A87A4C658924}.AppStore|x86.ActiveCfg = Debug|x86
		{E9858A83-E619-4515-AF14-A87A4C658924}.AppStore|x86.Build.0 = Debug|x86
		{E9858A83-E619-4515-AF14-A87A4C658924}.Debug|Any CPU.ActiveCfg = Debug|Any CPU
		{E9858A83-E619-4515-AF14-A87A4C658924}.Debug|Any CPU.Build.0 = Debug|Any CPU
		{E9858A83-E619-4515-AF14-A87A4C658924}.Debug|ARM.ActiveCfg = Debug|Any CPU
		{E9858A83-E619-4515-AF14-A87A4C658924}.Debug|ARM.Build.0 = Debug|Any CPU
		{E9858A83-E619-4515-AF14-A87A4C658924}.Debug|ARM64.ActiveCfg = Debug|Any CPU
		{E9858A83-E619-4515-AF14-A87A4C658924}.Debug|ARM64.Build.0 = Debug|Any CPU
		{E9858A83-E619-4515-AF14-A87A4C658924}.Debug|iPhone.ActiveCfg = Debug|Any CPU
		{E9858A83-E619-4515-AF14-A87A4C658924}.Debug|iPhone.Build.0 = Debug|Any CPU
		{E9858A83-E619-4515-AF14-A87A4C658924}.Debug|iPhoneSimulator.ActiveCfg = Debug|Any CPU
		{E9858A83-E619-4515-AF14-A87A4C658924}.Debug|iPhoneSimulator.Build.0 = Debug|Any CPU
		{E9858A83-E619-4515-AF14-A87A4C658924}.Debug|x64.ActiveCfg = Debug|x64
		{E9858A83-E619-4515-AF14-A87A4C658924}.Debug|x64.Build.0 = Debug|x64
		{E9858A83-E619-4515-AF14-A87A4C658924}.Debug|x86.ActiveCfg = Debug|x86
		{E9858A83-E619-4515-AF14-A87A4C658924}.Debug|x86.Build.0 = Debug|x86
		{E9858A83-E619-4515-AF14-A87A4C658924}.Release|Any CPU.ActiveCfg = Release|Any CPU
		{E9858A83-E619-4515-AF14-A87A4C658924}.Release|Any CPU.Build.0 = Release|Any CPU
		{E9858A83-E619-4515-AF14-A87A4C658924}.Release|ARM.ActiveCfg = Release|Any CPU
		{E9858A83-E619-4515-AF14-A87A4C658924}.Release|ARM.Build.0 = Release|Any CPU
		{E9858A83-E619-4515-AF14-A87A4C658924}.Release|ARM64.ActiveCfg = Release|Any CPU
		{E9858A83-E619-4515-AF14-A87A4C658924}.Release|ARM64.Build.0 = Release|Any CPU
		{E9858A83-E619-4515-AF14-A87A4C658924}.Release|iPhone.ActiveCfg = Release|Any CPU
		{E9858A83-E619-4515-AF14-A87A4C658924}.Release|iPhone.Build.0 = Release|Any CPU
		{E9858A83-E619-4515-AF14-A87A4C658924}.Release|iPhoneSimulator.ActiveCfg = Release|Any CPU
		{E9858A83-E619-4515-AF14-A87A4C658924}.Release|iPhoneSimulator.Build.0 = Release|Any CPU
		{E9858A83-E619-4515-AF14-A87A4C658924}.Release|x64.ActiveCfg = Release|x64
		{E9858A83-E619-4515-AF14-A87A4C658924}.Release|x64.Build.0 = Release|x64
		{E9858A83-E619-4515-AF14-A87A4C658924}.Release|x86.ActiveCfg = Release|x86
		{E9858A83-E619-4515-AF14-A87A4C658924}.Release|x86.Build.0 = Release|x86
		{DAFCBC34-7847-4EF9-ACC0-E025D6E3FBA4}.Ad-Hoc|Any CPU.ActiveCfg = Release|Any CPU
		{DAFCBC34-7847-4EF9-ACC0-E025D6E3FBA4}.Ad-Hoc|Any CPU.Build.0 = Release|Any CPU
		{DAFCBC34-7847-4EF9-ACC0-E025D6E3FBA4}.Ad-Hoc|ARM.ActiveCfg = Debug|Any CPU
		{DAFCBC34-7847-4EF9-ACC0-E025D6E3FBA4}.Ad-Hoc|ARM.Build.0 = Debug|Any CPU
		{DAFCBC34-7847-4EF9-ACC0-E025D6E3FBA4}.Ad-Hoc|ARM64.ActiveCfg = Debug|Any CPU
		{DAFCBC34-7847-4EF9-ACC0-E025D6E3FBA4}.Ad-Hoc|ARM64.Build.0 = Debug|Any CPU
		{DAFCBC34-7847-4EF9-ACC0-E025D6E3FBA4}.Ad-Hoc|iPhone.ActiveCfg = Release|Any CPU
		{DAFCBC34-7847-4EF9-ACC0-E025D6E3FBA4}.Ad-Hoc|iPhone.Build.0 = Release|Any CPU
		{DAFCBC34-7847-4EF9-ACC0-E025D6E3FBA4}.Ad-Hoc|iPhoneSimulator.ActiveCfg = Release|Any CPU
		{DAFCBC34-7847-4EF9-ACC0-E025D6E3FBA4}.Ad-Hoc|iPhoneSimulator.Build.0 = Release|Any CPU
		{DAFCBC34-7847-4EF9-ACC0-E025D6E3FBA4}.Ad-Hoc|x64.ActiveCfg = Release|Any CPU
		{DAFCBC34-7847-4EF9-ACC0-E025D6E3FBA4}.Ad-Hoc|x64.Build.0 = Release|Any CPU
		{DAFCBC34-7847-4EF9-ACC0-E025D6E3FBA4}.Ad-Hoc|x86.ActiveCfg = Release|Any CPU
		{DAFCBC34-7847-4EF9-ACC0-E025D6E3FBA4}.Ad-Hoc|x86.Build.0 = Release|Any CPU
		{DAFCBC34-7847-4EF9-ACC0-E025D6E3FBA4}.AppStore|Any CPU.ActiveCfg = Release|Any CPU
		{DAFCBC34-7847-4EF9-ACC0-E025D6E3FBA4}.AppStore|Any CPU.Build.0 = Release|Any CPU
		{DAFCBC34-7847-4EF9-ACC0-E025D6E3FBA4}.AppStore|ARM.ActiveCfg = Debug|Any CPU
		{DAFCBC34-7847-4EF9-ACC0-E025D6E3FBA4}.AppStore|ARM.Build.0 = Debug|Any CPU
		{DAFCBC34-7847-4EF9-ACC0-E025D6E3FBA4}.AppStore|ARM64.ActiveCfg = Debug|Any CPU
		{DAFCBC34-7847-4EF9-ACC0-E025D6E3FBA4}.AppStore|ARM64.Build.0 = Debug|Any CPU
		{DAFCBC34-7847-4EF9-ACC0-E025D6E3FBA4}.AppStore|iPhone.ActiveCfg = Release|Any CPU
		{DAFCBC34-7847-4EF9-ACC0-E025D6E3FBA4}.AppStore|iPhone.Build.0 = Release|Any CPU
		{DAFCBC34-7847-4EF9-ACC0-E025D6E3FBA4}.AppStore|iPhoneSimulator.ActiveCfg = Release|Any CPU
		{DAFCBC34-7847-4EF9-ACC0-E025D6E3FBA4}.AppStore|iPhoneSimulator.Build.0 = Release|Any CPU
		{DAFCBC34-7847-4EF9-ACC0-E025D6E3FBA4}.AppStore|x64.ActiveCfg = Release|Any CPU
		{DAFCBC34-7847-4EF9-ACC0-E025D6E3FBA4}.AppStore|x64.Build.0 = Release|Any CPU
		{DAFCBC34-7847-4EF9-ACC0-E025D6E3FBA4}.AppStore|x86.ActiveCfg = Release|Any CPU
		{DAFCBC34-7847-4EF9-ACC0-E025D6E3FBA4}.AppStore|x86.Build.0 = Release|Any CPU
		{DAFCBC34-7847-4EF9-ACC0-E025D6E3FBA4}.Debug|Any CPU.ActiveCfg = Debug|Any CPU
		{DAFCBC34-7847-4EF9-ACC0-E025D6E3FBA4}.Debug|Any CPU.Build.0 = Debug|Any CPU
		{DAFCBC34-7847-4EF9-ACC0-E025D6E3FBA4}.Debug|ARM.ActiveCfg = Debug|Any CPU
		{DAFCBC34-7847-4EF9-ACC0-E025D6E3FBA4}.Debug|ARM.Build.0 = Debug|Any CPU
		{DAFCBC34-7847-4EF9-ACC0-E025D6E3FBA4}.Debug|ARM64.ActiveCfg = Debug|Any CPU
		{DAFCBC34-7847-4EF9-ACC0-E025D6E3FBA4}.Debug|ARM64.Build.0 = Debug|Any CPU
		{DAFCBC34-7847-4EF9-ACC0-E025D6E3FBA4}.Debug|iPhone.ActiveCfg = Debug|Any CPU
		{DAFCBC34-7847-4EF9-ACC0-E025D6E3FBA4}.Debug|iPhone.Build.0 = Debug|Any CPU
		{DAFCBC34-7847-4EF9-ACC0-E025D6E3FBA4}.Debug|iPhoneSimulator.ActiveCfg = Debug|Any CPU
		{DAFCBC34-7847-4EF9-ACC0-E025D6E3FBA4}.Debug|iPhoneSimulator.Build.0 = Debug|Any CPU
		{DAFCBC34-7847-4EF9-ACC0-E025D6E3FBA4}.Debug|x64.ActiveCfg = Debug|Any CPU
		{DAFCBC34-7847-4EF9-ACC0-E025D6E3FBA4}.Debug|x64.Build.0 = Debug|Any CPU
		{DAFCBC34-7847-4EF9-ACC0-E025D6E3FBA4}.Debug|x86.ActiveCfg = Debug|Any CPU
		{DAFCBC34-7847-4EF9-ACC0-E025D6E3FBA4}.Debug|x86.Build.0 = Debug|Any CPU
		{DAFCBC34-7847-4EF9-ACC0-E025D6E3FBA4}.Release|Any CPU.ActiveCfg = Release|Any CPU
		{DAFCBC34-7847-4EF9-ACC0-E025D6E3FBA4}.Release|Any CPU.Build.0 = Release|Any CPU
		{DAFCBC34-7847-4EF9-ACC0-E025D6E3FBA4}.Release|ARM.ActiveCfg = Release|Any CPU
		{DAFCBC34-7847-4EF9-ACC0-E025D6E3FBA4}.Release|ARM.Build.0 = Release|Any CPU
		{DAFCBC34-7847-4EF9-ACC0-E025D6E3FBA4}.Release|ARM64.ActiveCfg = Release|Any CPU
		{DAFCBC34-7847-4EF9-ACC0-E025D6E3FBA4}.Release|ARM64.Build.0 = Release|Any CPU
		{DAFCBC34-7847-4EF9-ACC0-E025D6E3FBA4}.Release|iPhone.ActiveCfg = Release|Any CPU
		{DAFCBC34-7847-4EF9-ACC0-E025D6E3FBA4}.Release|iPhone.Build.0 = Release|Any CPU
		{DAFCBC34-7847-4EF9-ACC0-E025D6E3FBA4}.Release|iPhoneSimulator.ActiveCfg = Release|Any CPU
		{DAFCBC34-7847-4EF9-ACC0-E025D6E3FBA4}.Release|iPhoneSimulator.Build.0 = Release|Any CPU
		{DAFCBC34-7847-4EF9-ACC0-E025D6E3FBA4}.Release|x64.ActiveCfg = Release|Any CPU
		{DAFCBC34-7847-4EF9-ACC0-E025D6E3FBA4}.Release|x64.Build.0 = Release|Any CPU
		{DAFCBC34-7847-4EF9-ACC0-E025D6E3FBA4}.Release|x86.ActiveCfg = Release|Any CPU
		{DAFCBC34-7847-4EF9-ACC0-E025D6E3FBA4}.Release|x86.Build.0 = Release|Any CPU
		{B0796D95-FA72-4154-9668-1F939BF03816}.Ad-Hoc|Any CPU.ActiveCfg = Release|x64
		{B0796D95-FA72-4154-9668-1F939BF03816}.Ad-Hoc|Any CPU.Build.0 = Release|x64
		{B0796D95-FA72-4154-9668-1F939BF03816}.Ad-Hoc|Any CPU.Deploy.0 = Release|x64
		{B0796D95-FA72-4154-9668-1F939BF03816}.Ad-Hoc|ARM.ActiveCfg = Release|ARM
		{B0796D95-FA72-4154-9668-1F939BF03816}.Ad-Hoc|ARM.Build.0 = Release|ARM
		{B0796D95-FA72-4154-9668-1F939BF03816}.Ad-Hoc|ARM.Deploy.0 = Release|ARM
		{B0796D95-FA72-4154-9668-1F939BF03816}.Ad-Hoc|ARM64.ActiveCfg = Release|ARM64
		{B0796D95-FA72-4154-9668-1F939BF03816}.Ad-Hoc|ARM64.Build.0 = Release|ARM64
		{B0796D95-FA72-4154-9668-1F939BF03816}.Ad-Hoc|ARM64.Deploy.0 = Release|ARM64
		{B0796D95-FA72-4154-9668-1F939BF03816}.Ad-Hoc|iPhone.ActiveCfg = Release|x64
		{B0796D95-FA72-4154-9668-1F939BF03816}.Ad-Hoc|iPhone.Build.0 = Release|x64
		{B0796D95-FA72-4154-9668-1F939BF03816}.Ad-Hoc|iPhone.Deploy.0 = Release|x64
		{B0796D95-FA72-4154-9668-1F939BF03816}.Ad-Hoc|iPhoneSimulator.ActiveCfg = Release|x64
		{B0796D95-FA72-4154-9668-1F939BF03816}.Ad-Hoc|iPhoneSimulator.Build.0 = Release|x64
		{B0796D95-FA72-4154-9668-1F939BF03816}.Ad-Hoc|iPhoneSimulator.Deploy.0 = Release|x64
		{B0796D95-FA72-4154-9668-1F939BF03816}.Ad-Hoc|x64.ActiveCfg = Release|x64
		{B0796D95-FA72-4154-9668-1F939BF03816}.Ad-Hoc|x64.Build.0 = Release|x64
		{B0796D95-FA72-4154-9668-1F939BF03816}.Ad-Hoc|x64.Deploy.0 = Release|x64
		{B0796D95-FA72-4154-9668-1F939BF03816}.Ad-Hoc|x86.ActiveCfg = Release|x86
		{B0796D95-FA72-4154-9668-1F939BF03816}.Ad-Hoc|x86.Build.0 = Release|x86
		{B0796D95-FA72-4154-9668-1F939BF03816}.Ad-Hoc|x86.Deploy.0 = Release|x86
		{B0796D95-FA72-4154-9668-1F939BF03816}.AppStore|Any CPU.ActiveCfg = Release|x64
		{B0796D95-FA72-4154-9668-1F939BF03816}.AppStore|Any CPU.Build.0 = Release|x64
		{B0796D95-FA72-4154-9668-1F939BF03816}.AppStore|Any CPU.Deploy.0 = Release|x64
		{B0796D95-FA72-4154-9668-1F939BF03816}.AppStore|ARM.ActiveCfg = Release|ARM
		{B0796D95-FA72-4154-9668-1F939BF03816}.AppStore|ARM.Build.0 = Release|ARM
		{B0796D95-FA72-4154-9668-1F939BF03816}.AppStore|ARM.Deploy.0 = Release|ARM
		{B0796D95-FA72-4154-9668-1F939BF03816}.AppStore|ARM64.ActiveCfg = Release|ARM64
		{B0796D95-FA72-4154-9668-1F939BF03816}.AppStore|ARM64.Build.0 = Release|ARM64
		{B0796D95-FA72-4154-9668-1F939BF03816}.AppStore|ARM64.Deploy.0 = Release|ARM64
		{B0796D95-FA72-4154-9668-1F939BF03816}.AppStore|iPhone.ActiveCfg = Release|x64
		{B0796D95-FA72-4154-9668-1F939BF03816}.AppStore|iPhone.Build.0 = Release|x64
		{B0796D95-FA72-4154-9668-1F939BF03816}.AppStore|iPhone.Deploy.0 = Release|x64
		{B0796D95-FA72-4154-9668-1F939BF03816}.AppStore|iPhoneSimulator.ActiveCfg = Release|x64
		{B0796D95-FA72-4154-9668-1F939BF03816}.AppStore|iPhoneSimulator.Build.0 = Release|x64
		{B0796D95-FA72-4154-9668-1F939BF03816}.AppStore|iPhoneSimulator.Deploy.0 = Release|x64
		{B0796D95-FA72-4154-9668-1F939BF03816}.AppStore|x64.ActiveCfg = Release|x64
		{B0796D95-FA72-4154-9668-1F939BF03816}.AppStore|x64.Build.0 = Release|x64
		{B0796D95-FA72-4154-9668-1F939BF03816}.AppStore|x64.Deploy.0 = Release|x64
		{B0796D95-FA72-4154-9668-1F939BF03816}.AppStore|x86.ActiveCfg = Release|x86
		{B0796D95-FA72-4154-9668-1F939BF03816}.AppStore|x86.Build.0 = Release|x86
		{B0796D95-FA72-4154-9668-1F939BF03816}.AppStore|x86.Deploy.0 = Release|x86
		{B0796D95-FA72-4154-9668-1F939BF03816}.Debug|Any CPU.ActiveCfg = Debug|x86
		{B0796D95-FA72-4154-9668-1F939BF03816}.Debug|ARM.ActiveCfg = Debug|ARM
		{B0796D95-FA72-4154-9668-1F939BF03816}.Debug|ARM.Build.0 = Debug|ARM
		{B0796D95-FA72-4154-9668-1F939BF03816}.Debug|ARM.Deploy.0 = Debug|ARM
		{B0796D95-FA72-4154-9668-1F939BF03816}.Debug|ARM64.ActiveCfg = Debug|ARM64
		{B0796D95-FA72-4154-9668-1F939BF03816}.Debug|ARM64.Build.0 = Debug|ARM64
		{B0796D95-FA72-4154-9668-1F939BF03816}.Debug|ARM64.Deploy.0 = Debug|ARM64
		{B0796D95-FA72-4154-9668-1F939BF03816}.Debug|iPhone.ActiveCfg = Debug|x86
		{B0796D95-FA72-4154-9668-1F939BF03816}.Debug|iPhoneSimulator.ActiveCfg = Debug|x86
		{B0796D95-FA72-4154-9668-1F939BF03816}.Debug|x64.ActiveCfg = Debug|x64
		{B0796D95-FA72-4154-9668-1F939BF03816}.Debug|x64.Build.0 = Debug|x64
		{B0796D95-FA72-4154-9668-1F939BF03816}.Debug|x64.Deploy.0 = Debug|x64
		{B0796D95-FA72-4154-9668-1F939BF03816}.Debug|x86.ActiveCfg = Debug|x86
		{B0796D95-FA72-4154-9668-1F939BF03816}.Debug|x86.Build.0 = Debug|x86
		{B0796D95-FA72-4154-9668-1F939BF03816}.Debug|x86.Deploy.0 = Debug|x86
		{B0796D95-FA72-4154-9668-1F939BF03816}.Release|Any CPU.ActiveCfg = Release|x86
		{B0796D95-FA72-4154-9668-1F939BF03816}.Release|ARM.ActiveCfg = Release|ARM
		{B0796D95-FA72-4154-9668-1F939BF03816}.Release|ARM.Build.0 = Release|ARM
		{B0796D95-FA72-4154-9668-1F939BF03816}.Release|ARM.Deploy.0 = Release|ARM
		{B0796D95-FA72-4154-9668-1F939BF03816}.Release|ARM64.ActiveCfg = Release|ARM64
		{B0796D95-FA72-4154-9668-1F939BF03816}.Release|ARM64.Build.0 = Release|ARM64
		{B0796D95-FA72-4154-9668-1F939BF03816}.Release|ARM64.Deploy.0 = Release|ARM64
		{B0796D95-FA72-4154-9668-1F939BF03816}.Release|iPhone.ActiveCfg = Release|x86
		{B0796D95-FA72-4154-9668-1F939BF03816}.Release|iPhoneSimulator.ActiveCfg = Release|x86
		{B0796D95-FA72-4154-9668-1F939BF03816}.Release|x64.ActiveCfg = Release|x64
		{B0796D95-FA72-4154-9668-1F939BF03816}.Release|x64.Build.0 = Release|x64
		{B0796D95-FA72-4154-9668-1F939BF03816}.Release|x64.Deploy.0 = Release|x64
		{B0796D95-FA72-4154-9668-1F939BF03816}.Release|x86.ActiveCfg = Release|x86
		{B0796D95-FA72-4154-9668-1F939BF03816}.Release|x86.Build.0 = Release|x86
		{B0796D95-FA72-4154-9668-1F939BF03816}.Release|x86.Deploy.0 = Release|x86
		{C9BFCF81-10C4-4D10-B455-E995BC12ACBF}.Ad-Hoc|Any CPU.ActiveCfg = Release|Any CPU
		{C9BFCF81-10C4-4D10-B455-E995BC12ACBF}.Ad-Hoc|Any CPU.Build.0 = Release|Any CPU
		{C9BFCF81-10C4-4D10-B455-E995BC12ACBF}.Ad-Hoc|ARM.ActiveCfg = Release|Any CPU
		{C9BFCF81-10C4-4D10-B455-E995BC12ACBF}.Ad-Hoc|ARM.Build.0 = Release|Any CPU
		{C9BFCF81-10C4-4D10-B455-E995BC12ACBF}.Ad-Hoc|ARM64.ActiveCfg = Release|Any CPU
		{C9BFCF81-10C4-4D10-B455-E995BC12ACBF}.Ad-Hoc|ARM64.Build.0 = Release|Any CPU
		{C9BFCF81-10C4-4D10-B455-E995BC12ACBF}.Ad-Hoc|iPhone.ActiveCfg = Release|Any CPU
		{C9BFCF81-10C4-4D10-B455-E995BC12ACBF}.Ad-Hoc|iPhone.Build.0 = Release|Any CPU
		{C9BFCF81-10C4-4D10-B455-E995BC12ACBF}.Ad-Hoc|iPhoneSimulator.ActiveCfg = Release|Any CPU
		{C9BFCF81-10C4-4D10-B455-E995BC12ACBF}.Ad-Hoc|iPhoneSimulator.Build.0 = Release|Any CPU
		{C9BFCF81-10C4-4D10-B455-E995BC12ACBF}.Ad-Hoc|x64.ActiveCfg = Release|Any CPU
		{C9BFCF81-10C4-4D10-B455-E995BC12ACBF}.Ad-Hoc|x64.Build.0 = Release|Any CPU
		{C9BFCF81-10C4-4D10-B455-E995BC12ACBF}.Ad-Hoc|x86.ActiveCfg = Release|Any CPU
		{C9BFCF81-10C4-4D10-B455-E995BC12ACBF}.Ad-Hoc|x86.Build.0 = Release|Any CPU
		{C9BFCF81-10C4-4D10-B455-E995BC12ACBF}.AppStore|Any CPU.ActiveCfg = Release|Any CPU
		{C9BFCF81-10C4-4D10-B455-E995BC12ACBF}.AppStore|Any CPU.Build.0 = Release|Any CPU
		{C9BFCF81-10C4-4D10-B455-E995BC12ACBF}.AppStore|ARM.ActiveCfg = Release|Any CPU
		{C9BFCF81-10C4-4D10-B455-E995BC12ACBF}.AppStore|ARM.Build.0 = Release|Any CPU
		{C9BFCF81-10C4-4D10-B455-E995BC12ACBF}.AppStore|ARM64.ActiveCfg = Release|Any CPU
		{C9BFCF81-10C4-4D10-B455-E995BC12ACBF}.AppStore|ARM64.Build.0 = Release|Any CPU
		{C9BFCF81-10C4-4D10-B455-E995BC12ACBF}.AppStore|iPhone.ActiveCfg = Release|Any CPU
		{C9BFCF81-10C4-4D10-B455-E995BC12ACBF}.AppStore|iPhone.Build.0 = Release|Any CPU
		{C9BFCF81-10C4-4D10-B455-E995BC12ACBF}.AppStore|iPhoneSimulator.ActiveCfg = Release|Any CPU
		{C9BFCF81-10C4-4D10-B455-E995BC12ACBF}.AppStore|iPhoneSimulator.Build.0 = Release|Any CPU
		{C9BFCF81-10C4-4D10-B455-E995BC12ACBF}.AppStore|x64.ActiveCfg = Release|Any CPU
		{C9BFCF81-10C4-4D10-B455-E995BC12ACBF}.AppStore|x64.Build.0 = Release|Any CPU
		{C9BFCF81-10C4-4D10-B455-E995BC12ACBF}.AppStore|x86.ActiveCfg = Release|Any CPU
		{C9BFCF81-10C4-4D10-B455-E995BC12ACBF}.AppStore|x86.Build.0 = Release|Any CPU
		{C9BFCF81-10C4-4D10-B455-E995BC12ACBF}.Debug|Any CPU.ActiveCfg = Debug|Any CPU
		{C9BFCF81-10C4-4D10-B455-E995BC12ACBF}.Debug|Any CPU.Build.0 = Debug|Any CPU
		{C9BFCF81-10C4-4D10-B455-E995BC12ACBF}.Debug|ARM.ActiveCfg = Debug|Any CPU
		{C9BFCF81-10C4-4D10-B455-E995BC12ACBF}.Debug|ARM.Build.0 = Debug|Any CPU
		{C9BFCF81-10C4-4D10-B455-E995BC12ACBF}.Debug|ARM64.ActiveCfg = Debug|Any CPU
		{C9BFCF81-10C4-4D10-B455-E995BC12ACBF}.Debug|ARM64.Build.0 = Debug|Any CPU
		{C9BFCF81-10C4-4D10-B455-E995BC12ACBF}.Debug|iPhone.ActiveCfg = Debug|Any CPU
		{C9BFCF81-10C4-4D10-B455-E995BC12ACBF}.Debug|iPhone.Build.0 = Debug|Any CPU
		{C9BFCF81-10C4-4D10-B455-E995BC12ACBF}.Debug|iPhoneSimulator.ActiveCfg = Debug|Any CPU
		{C9BFCF81-10C4-4D10-B455-E995BC12ACBF}.Debug|x64.ActiveCfg = Debug|Any CPU
		{C9BFCF81-10C4-4D10-B455-E995BC12ACBF}.Debug|x64.Build.0 = Debug|Any CPU
		{C9BFCF81-10C4-4D10-B455-E995BC12ACBF}.Debug|x86.ActiveCfg = Debug|Any CPU
		{C9BFCF81-10C4-4D10-B455-E995BC12ACBF}.Debug|x86.Build.0 = Debug|Any CPU
		{C9BFCF81-10C4-4D10-B455-E995BC12ACBF}.Release|Any CPU.ActiveCfg = Release|Any CPU
		{C9BFCF81-10C4-4D10-B455-E995BC12ACBF}.Release|Any CPU.Build.0 = Release|Any CPU
		{C9BFCF81-10C4-4D10-B455-E995BC12ACBF}.Release|ARM.ActiveCfg = Release|Any CPU
		{C9BFCF81-10C4-4D10-B455-E995BC12ACBF}.Release|ARM.Build.0 = Release|Any CPU
		{C9BFCF81-10C4-4D10-B455-E995BC12ACBF}.Release|ARM64.ActiveCfg = Release|Any CPU
		{C9BFCF81-10C4-4D10-B455-E995BC12ACBF}.Release|ARM64.Build.0 = Release|Any CPU
		{C9BFCF81-10C4-4D10-B455-E995BC12ACBF}.Release|iPhone.ActiveCfg = Release|Any CPU
		{C9BFCF81-10C4-4D10-B455-E995BC12ACBF}.Release|iPhone.Build.0 = Release|Any CPU
		{C9BFCF81-10C4-4D10-B455-E995BC12ACBF}.Release|iPhoneSimulator.ActiveCfg = Release|Any CPU
		{C9BFCF81-10C4-4D10-B455-E995BC12ACBF}.Release|iPhoneSimulator.Build.0 = Release|Any CPU
		{C9BFCF81-10C4-4D10-B455-E995BC12ACBF}.Release|x64.ActiveCfg = Release|Any CPU
		{C9BFCF81-10C4-4D10-B455-E995BC12ACBF}.Release|x64.Build.0 = Release|Any CPU
		{C9BFCF81-10C4-4D10-B455-E995BC12ACBF}.Release|x86.ActiveCfg = Release|Any CPU
		{C9BFCF81-10C4-4D10-B455-E995BC12ACBF}.Release|x86.Build.0 = Release|Any CPU
		{D0ED3C55-C409-4F22-AA71-84FF2833AF3C}.Ad-Hoc|Any CPU.ActiveCfg = Debug|Any CPU
		{D0ED3C55-C409-4F22-AA71-84FF2833AF3C}.Ad-Hoc|Any CPU.Build.0 = Debug|Any CPU
		{D0ED3C55-C409-4F22-AA71-84FF2833AF3C}.Ad-Hoc|ARM.ActiveCfg = Debug|Any CPU
		{D0ED3C55-C409-4F22-AA71-84FF2833AF3C}.Ad-Hoc|ARM.Build.0 = Debug|Any CPU
		{D0ED3C55-C409-4F22-AA71-84FF2833AF3C}.Ad-Hoc|ARM64.ActiveCfg = Debug|Any CPU
		{D0ED3C55-C409-4F22-AA71-84FF2833AF3C}.Ad-Hoc|ARM64.Build.0 = Debug|Any CPU
		{D0ED3C55-C409-4F22-AA71-84FF2833AF3C}.Ad-Hoc|iPhone.ActiveCfg = Debug|Any CPU
		{D0ED3C55-C409-4F22-AA71-84FF2833AF3C}.Ad-Hoc|iPhone.Build.0 = Debug|Any CPU
		{D0ED3C55-C409-4F22-AA71-84FF2833AF3C}.Ad-Hoc|iPhoneSimulator.ActiveCfg = Debug|Any CPU
		{D0ED3C55-C409-4F22-AA71-84FF2833AF3C}.Ad-Hoc|iPhoneSimulator.Build.0 = Debug|Any CPU
		{D0ED3C55-C409-4F22-AA71-84FF2833AF3C}.Ad-Hoc|x64.ActiveCfg = Debug|Any CPU
		{D0ED3C55-C409-4F22-AA71-84FF2833AF3C}.Ad-Hoc|x64.Build.0 = Debug|Any CPU
		{D0ED3C55-C409-4F22-AA71-84FF2833AF3C}.Ad-Hoc|x86.ActiveCfg = Debug|Any CPU
		{D0ED3C55-C409-4F22-AA71-84FF2833AF3C}.Ad-Hoc|x86.Build.0 = Debug|Any CPU
		{D0ED3C55-C409-4F22-AA71-84FF2833AF3C}.AppStore|Any CPU.ActiveCfg = Debug|Any CPU
		{D0ED3C55-C409-4F22-AA71-84FF2833AF3C}.AppStore|Any CPU.Build.0 = Debug|Any CPU
		{D0ED3C55-C409-4F22-AA71-84FF2833AF3C}.AppStore|ARM.ActiveCfg = Debug|Any CPU
		{D0ED3C55-C409-4F22-AA71-84FF2833AF3C}.AppStore|ARM.Build.0 = Debug|Any CPU
		{D0ED3C55-C409-4F22-AA71-84FF2833AF3C}.AppStore|ARM64.ActiveCfg = Debug|Any CPU
		{D0ED3C55-C409-4F22-AA71-84FF2833AF3C}.AppStore|ARM64.Build.0 = Debug|Any CPU
		{D0ED3C55-C409-4F22-AA71-84FF2833AF3C}.AppStore|iPhone.ActiveCfg = Debug|Any CPU
		{D0ED3C55-C409-4F22-AA71-84FF2833AF3C}.AppStore|iPhone.Build.0 = Debug|Any CPU
		{D0ED3C55-C409-4F22-AA71-84FF2833AF3C}.AppStore|iPhoneSimulator.ActiveCfg = Debug|Any CPU
		{D0ED3C55-C409-4F22-AA71-84FF2833AF3C}.AppStore|iPhoneSimulator.Build.0 = Debug|Any CPU
		{D0ED3C55-C409-4F22-AA71-84FF2833AF3C}.AppStore|x64.ActiveCfg = Debug|Any CPU
		{D0ED3C55-C409-4F22-AA71-84FF2833AF3C}.AppStore|x64.Build.0 = Debug|Any CPU
		{D0ED3C55-C409-4F22-AA71-84FF2833AF3C}.AppStore|x86.ActiveCfg = Debug|Any CPU
		{D0ED3C55-C409-4F22-AA71-84FF2833AF3C}.AppStore|x86.Build.0 = Debug|Any CPU
		{D0ED3C55-C409-4F22-AA71-84FF2833AF3C}.Debug|Any CPU.ActiveCfg = Debug|Any CPU
		{D0ED3C55-C409-4F22-AA71-84FF2833AF3C}.Debug|Any CPU.Build.0 = Debug|Any CPU
		{D0ED3C55-C409-4F22-AA71-84FF2833AF3C}.Debug|ARM.ActiveCfg = Debug|Any CPU
		{D0ED3C55-C409-4F22-AA71-84FF2833AF3C}.Debug|ARM.Build.0 = Debug|Any CPU
		{D0ED3C55-C409-4F22-AA71-84FF2833AF3C}.Debug|ARM64.ActiveCfg = Debug|Any CPU
		{D0ED3C55-C409-4F22-AA71-84FF2833AF3C}.Debug|ARM64.Build.0 = Debug|Any CPU
		{D0ED3C55-C409-4F22-AA71-84FF2833AF3C}.Debug|iPhone.ActiveCfg = Debug|Any CPU
		{D0ED3C55-C409-4F22-AA71-84FF2833AF3C}.Debug|iPhone.Build.0 = Debug|Any CPU
		{D0ED3C55-C409-4F22-AA71-84FF2833AF3C}.Debug|iPhoneSimulator.ActiveCfg = Debug|Any CPU
		{D0ED3C55-C409-4F22-AA71-84FF2833AF3C}.Debug|x64.ActiveCfg = Debug|Any CPU
		{D0ED3C55-C409-4F22-AA71-84FF2833AF3C}.Debug|x64.Build.0 = Debug|Any CPU
		{D0ED3C55-C409-4F22-AA71-84FF2833AF3C}.Debug|x86.ActiveCfg = Debug|Any CPU
		{D0ED3C55-C409-4F22-AA71-84FF2833AF3C}.Debug|x86.Build.0 = Debug|Any CPU
		{D0ED3C55-C409-4F22-AA71-84FF2833AF3C}.Release|Any CPU.ActiveCfg = Release|Any CPU
		{D0ED3C55-C409-4F22-AA71-84FF2833AF3C}.Release|Any CPU.Build.0 = Release|Any CPU
		{D0ED3C55-C409-4F22-AA71-84FF2833AF3C}.Release|ARM.ActiveCfg = Release|Any CPU
		{D0ED3C55-C409-4F22-AA71-84FF2833AF3C}.Release|ARM.Build.0 = Release|Any CPU
		{D0ED3C55-C409-4F22-AA71-84FF2833AF3C}.Release|ARM64.ActiveCfg = Release|Any CPU
		{D0ED3C55-C409-4F22-AA71-84FF2833AF3C}.Release|ARM64.Build.0 = Release|Any CPU
		{D0ED3C55-C409-4F22-AA71-84FF2833AF3C}.Release|iPhone.ActiveCfg = Release|Any CPU
		{D0ED3C55-C409-4F22-AA71-84FF2833AF3C}.Release|iPhone.Build.0 = Release|Any CPU
		{D0ED3C55-C409-4F22-AA71-84FF2833AF3C}.Release|iPhoneSimulator.ActiveCfg = Release|Any CPU
		{D0ED3C55-C409-4F22-AA71-84FF2833AF3C}.Release|iPhoneSimulator.Build.0 = Release|Any CPU
		{D0ED3C55-C409-4F22-AA71-84FF2833AF3C}.Release|x64.ActiveCfg = Release|Any CPU
		{D0ED3C55-C409-4F22-AA71-84FF2833AF3C}.Release|x64.Build.0 = Release|Any CPU
		{D0ED3C55-C409-4F22-AA71-84FF2833AF3C}.Release|x86.ActiveCfg = Release|Any CPU
		{D0ED3C55-C409-4F22-AA71-84FF2833AF3C}.Release|x86.Build.0 = Release|Any CPU
		{35DC98AF-AC39-4648-97A9-447546A473F0}.Ad-Hoc|Any CPU.ActiveCfg = Debug|Any CPU
		{35DC98AF-AC39-4648-97A9-447546A473F0}.Ad-Hoc|Any CPU.Build.0 = Debug|Any CPU
		{35DC98AF-AC39-4648-97A9-447546A473F0}.Ad-Hoc|Any CPU.Deploy.0 = Debug|Any CPU
		{35DC98AF-AC39-4648-97A9-447546A473F0}.Ad-Hoc|ARM.ActiveCfg = Debug|ARM
		{35DC98AF-AC39-4648-97A9-447546A473F0}.Ad-Hoc|ARM.Build.0 = Debug|ARM
		{35DC98AF-AC39-4648-97A9-447546A473F0}.Ad-Hoc|ARM.Deploy.0 = Debug|ARM
		{35DC98AF-AC39-4648-97A9-447546A473F0}.Ad-Hoc|ARM64.ActiveCfg = Debug|ARM64
		{35DC98AF-AC39-4648-97A9-447546A473F0}.Ad-Hoc|ARM64.Build.0 = Debug|ARM64
		{35DC98AF-AC39-4648-97A9-447546A473F0}.Ad-Hoc|ARM64.Deploy.0 = Debug|ARM64
		{35DC98AF-AC39-4648-97A9-447546A473F0}.Ad-Hoc|iPhone.ActiveCfg = Debug|Any CPU
		{35DC98AF-AC39-4648-97A9-447546A473F0}.Ad-Hoc|iPhone.Build.0 = Debug|Any CPU
		{35DC98AF-AC39-4648-97A9-447546A473F0}.Ad-Hoc|iPhone.Deploy.0 = Debug|Any CPU
		{35DC98AF-AC39-4648-97A9-447546A473F0}.Ad-Hoc|iPhoneSimulator.ActiveCfg = Debug|Any CPU
		{35DC98AF-AC39-4648-97A9-447546A473F0}.Ad-Hoc|iPhoneSimulator.Build.0 = Debug|Any CPU
		{35DC98AF-AC39-4648-97A9-447546A473F0}.Ad-Hoc|iPhoneSimulator.Deploy.0 = Debug|Any CPU
		{35DC98AF-AC39-4648-97A9-447546A473F0}.Ad-Hoc|x64.ActiveCfg = Debug|x64
		{35DC98AF-AC39-4648-97A9-447546A473F0}.Ad-Hoc|x64.Build.0 = Debug|x64
		{35DC98AF-AC39-4648-97A9-447546A473F0}.Ad-Hoc|x64.Deploy.0 = Debug|x64
		{35DC98AF-AC39-4648-97A9-447546A473F0}.Ad-Hoc|x86.ActiveCfg = Debug|x86
		{35DC98AF-AC39-4648-97A9-447546A473F0}.Ad-Hoc|x86.Build.0 = Debug|x86
		{35DC98AF-AC39-4648-97A9-447546A473F0}.Ad-Hoc|x86.Deploy.0 = Debug|x86
		{35DC98AF-AC39-4648-97A9-447546A473F0}.AppStore|Any CPU.ActiveCfg = Debug|Any CPU
		{35DC98AF-AC39-4648-97A9-447546A473F0}.AppStore|Any CPU.Build.0 = Debug|Any CPU
		{35DC98AF-AC39-4648-97A9-447546A473F0}.AppStore|Any CPU.Deploy.0 = Debug|Any CPU
		{35DC98AF-AC39-4648-97A9-447546A473F0}.AppStore|ARM.ActiveCfg = Debug|ARM
		{35DC98AF-AC39-4648-97A9-447546A473F0}.AppStore|ARM.Build.0 = Debug|ARM
		{35DC98AF-AC39-4648-97A9-447546A473F0}.AppStore|ARM.Deploy.0 = Debug|ARM
		{35DC98AF-AC39-4648-97A9-447546A473F0}.AppStore|ARM64.ActiveCfg = Debug|ARM64
		{35DC98AF-AC39-4648-97A9-447546A473F0}.AppStore|ARM64.Build.0 = Debug|ARM64
		{35DC98AF-AC39-4648-97A9-447546A473F0}.AppStore|ARM64.Deploy.0 = Debug|ARM64
		{35DC98AF-AC39-4648-97A9-447546A473F0}.AppStore|iPhone.ActiveCfg = Debug|Any CPU
		{35DC98AF-AC39-4648-97A9-447546A473F0}.AppStore|iPhone.Build.0 = Debug|Any CPU
		{35DC98AF-AC39-4648-97A9-447546A473F0}.AppStore|iPhone.Deploy.0 = Debug|Any CPU
		{35DC98AF-AC39-4648-97A9-447546A473F0}.AppStore|iPhoneSimulator.ActiveCfg = Debug|Any CPU
		{35DC98AF-AC39-4648-97A9-447546A473F0}.AppStore|iPhoneSimulator.Build.0 = Debug|Any CPU
		{35DC98AF-AC39-4648-97A9-447546A473F0}.AppStore|iPhoneSimulator.Deploy.0 = Debug|Any CPU
		{35DC98AF-AC39-4648-97A9-447546A473F0}.AppStore|x64.ActiveCfg = Debug|x64
		{35DC98AF-AC39-4648-97A9-447546A473F0}.AppStore|x64.Build.0 = Debug|x64
		{35DC98AF-AC39-4648-97A9-447546A473F0}.AppStore|x64.Deploy.0 = Debug|x64
		{35DC98AF-AC39-4648-97A9-447546A473F0}.AppStore|x86.ActiveCfg = Debug|x86
		{35DC98AF-AC39-4648-97A9-447546A473F0}.AppStore|x86.Build.0 = Debug|x86
		{35DC98AF-AC39-4648-97A9-447546A473F0}.AppStore|x86.Deploy.0 = Debug|x86
		{35DC98AF-AC39-4648-97A9-447546A473F0}.Debug|Any CPU.ActiveCfg = Debug|x86
		{35DC98AF-AC39-4648-97A9-447546A473F0}.Debug|Any CPU.Deploy.0 = Debug|x86
		{35DC98AF-AC39-4648-97A9-447546A473F0}.Debug|ARM.ActiveCfg = Debug|ARM
		{35DC98AF-AC39-4648-97A9-447546A473F0}.Debug|ARM.Build.0 = Debug|ARM
		{35DC98AF-AC39-4648-97A9-447546A473F0}.Debug|ARM.Deploy.0 = Debug|ARM
		{35DC98AF-AC39-4648-97A9-447546A473F0}.Debug|ARM64.ActiveCfg = Debug|ARM64
		{35DC98AF-AC39-4648-97A9-447546A473F0}.Debug|ARM64.Build.0 = Debug|ARM64
		{35DC98AF-AC39-4648-97A9-447546A473F0}.Debug|ARM64.Deploy.0 = Debug|ARM64
		{35DC98AF-AC39-4648-97A9-447546A473F0}.Debug|iPhone.ActiveCfg = Debug|x86
		{35DC98AF-AC39-4648-97A9-447546A473F0}.Debug|iPhoneSimulator.ActiveCfg = Debug|x86
		{35DC98AF-AC39-4648-97A9-447546A473F0}.Debug|x64.ActiveCfg = Debug|x64
		{35DC98AF-AC39-4648-97A9-447546A473F0}.Debug|x64.Build.0 = Debug|x64
		{35DC98AF-AC39-4648-97A9-447546A473F0}.Debug|x64.Deploy.0 = Debug|x64
		{35DC98AF-AC39-4648-97A9-447546A473F0}.Debug|x86.ActiveCfg = Debug|x86
		{35DC98AF-AC39-4648-97A9-447546A473F0}.Debug|x86.Build.0 = Debug|x86
		{35DC98AF-AC39-4648-97A9-447546A473F0}.Debug|x86.Deploy.0 = Debug|x86
		{35DC98AF-AC39-4648-97A9-447546A473F0}.Release|Any CPU.ActiveCfg = Release|Any CPU
		{35DC98AF-AC39-4648-97A9-447546A473F0}.Release|Any CPU.Build.0 = Release|Any CPU
		{35DC98AF-AC39-4648-97A9-447546A473F0}.Release|Any CPU.Deploy.0 = Release|Any CPU
		{35DC98AF-AC39-4648-97A9-447546A473F0}.Release|ARM.ActiveCfg = Release|ARM
		{35DC98AF-AC39-4648-97A9-447546A473F0}.Release|ARM.Build.0 = Release|ARM
		{35DC98AF-AC39-4648-97A9-447546A473F0}.Release|ARM.Deploy.0 = Release|ARM
		{35DC98AF-AC39-4648-97A9-447546A473F0}.Release|ARM64.ActiveCfg = Release|ARM64
		{35DC98AF-AC39-4648-97A9-447546A473F0}.Release|ARM64.Build.0 = Release|ARM64
		{35DC98AF-AC39-4648-97A9-447546A473F0}.Release|ARM64.Deploy.0 = Release|ARM64
		{35DC98AF-AC39-4648-97A9-447546A473F0}.Release|iPhone.ActiveCfg = Release|Any CPU
		{35DC98AF-AC39-4648-97A9-447546A473F0}.Release|iPhone.Build.0 = Release|Any CPU
		{35DC98AF-AC39-4648-97A9-447546A473F0}.Release|iPhone.Deploy.0 = Release|Any CPU
		{35DC98AF-AC39-4648-97A9-447546A473F0}.Release|iPhoneSimulator.ActiveCfg = Release|Any CPU
		{35DC98AF-AC39-4648-97A9-447546A473F0}.Release|iPhoneSimulator.Build.0 = Release|Any CPU
		{35DC98AF-AC39-4648-97A9-447546A473F0}.Release|iPhoneSimulator.Deploy.0 = Release|Any CPU
		{35DC98AF-AC39-4648-97A9-447546A473F0}.Release|x64.ActiveCfg = Release|x64
		{35DC98AF-AC39-4648-97A9-447546A473F0}.Release|x64.Build.0 = Release|x64
		{35DC98AF-AC39-4648-97A9-447546A473F0}.Release|x64.Deploy.0 = Release|x64
		{35DC98AF-AC39-4648-97A9-447546A473F0}.Release|x86.ActiveCfg = Release|x86
		{35DC98AF-AC39-4648-97A9-447546A473F0}.Release|x86.Build.0 = Release|x86
		{35DC98AF-AC39-4648-97A9-447546A473F0}.Release|x86.Deploy.0 = Release|x86
		{FBC9CE69-7477-4668-B0BB-0573AFE94F53}.Ad-Hoc|Any CPU.ActiveCfg = Debug|Any CPU
		{FBC9CE69-7477-4668-B0BB-0573AFE94F53}.Ad-Hoc|Any CPU.Build.0 = Debug|Any CPU
		{FBC9CE69-7477-4668-B0BB-0573AFE94F53}.Ad-Hoc|ARM.ActiveCfg = Debug|Any CPU
		{FBC9CE69-7477-4668-B0BB-0573AFE94F53}.Ad-Hoc|ARM.Build.0 = Debug|Any CPU
		{FBC9CE69-7477-4668-B0BB-0573AFE94F53}.Ad-Hoc|ARM64.ActiveCfg = Debug|Any CPU
		{FBC9CE69-7477-4668-B0BB-0573AFE94F53}.Ad-Hoc|ARM64.Build.0 = Debug|Any CPU
		{FBC9CE69-7477-4668-B0BB-0573AFE94F53}.Ad-Hoc|iPhone.ActiveCfg = Debug|Any CPU
		{FBC9CE69-7477-4668-B0BB-0573AFE94F53}.Ad-Hoc|iPhone.Build.0 = Debug|Any CPU
		{FBC9CE69-7477-4668-B0BB-0573AFE94F53}.Ad-Hoc|iPhoneSimulator.ActiveCfg = Debug|Any CPU
		{FBC9CE69-7477-4668-B0BB-0573AFE94F53}.Ad-Hoc|iPhoneSimulator.Build.0 = Debug|Any CPU
		{FBC9CE69-7477-4668-B0BB-0573AFE94F53}.Ad-Hoc|x64.ActiveCfg = Debug|Any CPU
		{FBC9CE69-7477-4668-B0BB-0573AFE94F53}.Ad-Hoc|x64.Build.0 = Debug|Any CPU
		{FBC9CE69-7477-4668-B0BB-0573AFE94F53}.Ad-Hoc|x86.ActiveCfg = Debug|Any CPU
		{FBC9CE69-7477-4668-B0BB-0573AFE94F53}.Ad-Hoc|x86.Build.0 = Debug|Any CPU
		{FBC9CE69-7477-4668-B0BB-0573AFE94F53}.AppStore|Any CPU.ActiveCfg = Debug|Any CPU
		{FBC9CE69-7477-4668-B0BB-0573AFE94F53}.AppStore|Any CPU.Build.0 = Debug|Any CPU
		{FBC9CE69-7477-4668-B0BB-0573AFE94F53}.AppStore|ARM.ActiveCfg = Debug|Any CPU
		{FBC9CE69-7477-4668-B0BB-0573AFE94F53}.AppStore|ARM.Build.0 = Debug|Any CPU
		{FBC9CE69-7477-4668-B0BB-0573AFE94F53}.AppStore|ARM64.ActiveCfg = Debug|Any CPU
		{FBC9CE69-7477-4668-B0BB-0573AFE94F53}.AppStore|ARM64.Build.0 = Debug|Any CPU
		{FBC9CE69-7477-4668-B0BB-0573AFE94F53}.AppStore|iPhone.ActiveCfg = Debug|Any CPU
		{FBC9CE69-7477-4668-B0BB-0573AFE94F53}.AppStore|iPhone.Build.0 = Debug|Any CPU
		{FBC9CE69-7477-4668-B0BB-0573AFE94F53}.AppStore|iPhoneSimulator.ActiveCfg = Debug|Any CPU
		{FBC9CE69-7477-4668-B0BB-0573AFE94F53}.AppStore|iPhoneSimulator.Build.0 = Debug|Any CPU
		{FBC9CE69-7477-4668-B0BB-0573AFE94F53}.AppStore|x64.ActiveCfg = Debug|Any CPU
		{FBC9CE69-7477-4668-B0BB-0573AFE94F53}.AppStore|x64.Build.0 = Debug|Any CPU
		{FBC9CE69-7477-4668-B0BB-0573AFE94F53}.AppStore|x86.ActiveCfg = Debug|Any CPU
		{FBC9CE69-7477-4668-B0BB-0573AFE94F53}.AppStore|x86.Build.0 = Debug|Any CPU
		{FBC9CE69-7477-4668-B0BB-0573AFE94F53}.Debug|Any CPU.ActiveCfg = Debug|Any CPU
		{FBC9CE69-7477-4668-B0BB-0573AFE94F53}.Debug|Any CPU.Build.0 = Debug|Any CPU
		{FBC9CE69-7477-4668-B0BB-0573AFE94F53}.Debug|ARM.ActiveCfg = Debug|Any CPU
		{FBC9CE69-7477-4668-B0BB-0573AFE94F53}.Debug|ARM.Build.0 = Debug|Any CPU
		{FBC9CE69-7477-4668-B0BB-0573AFE94F53}.Debug|ARM64.ActiveCfg = Debug|Any CPU
		{FBC9CE69-7477-4668-B0BB-0573AFE94F53}.Debug|ARM64.Build.0 = Debug|Any CPU
		{FBC9CE69-7477-4668-B0BB-0573AFE94F53}.Debug|iPhone.ActiveCfg = Debug|Any CPU
		{FBC9CE69-7477-4668-B0BB-0573AFE94F53}.Debug|iPhone.Build.0 = Debug|Any CPU
		{FBC9CE69-7477-4668-B0BB-0573AFE94F53}.Debug|iPhoneSimulator.ActiveCfg = Debug|Any CPU
		{FBC9CE69-7477-4668-B0BB-0573AFE94F53}.Debug|iPhoneSimulator.Build.0 = Debug|Any CPU
		{FBC9CE69-7477-4668-B0BB-0573AFE94F53}.Debug|x64.ActiveCfg = Debug|Any CPU
		{FBC9CE69-7477-4668-B0BB-0573AFE94F53}.Debug|x64.Build.0 = Debug|Any CPU
		{FBC9CE69-7477-4668-B0BB-0573AFE94F53}.Debug|x86.ActiveCfg = Debug|Any CPU
		{FBC9CE69-7477-4668-B0BB-0573AFE94F53}.Debug|x86.Build.0 = Debug|Any CPU
		{FBC9CE69-7477-4668-B0BB-0573AFE94F53}.Release|Any CPU.ActiveCfg = Release|Any CPU
		{FBC9CE69-7477-4668-B0BB-0573AFE94F53}.Release|Any CPU.Build.0 = Release|Any CPU
		{FBC9CE69-7477-4668-B0BB-0573AFE94F53}.Release|ARM.ActiveCfg = Release|Any CPU
		{FBC9CE69-7477-4668-B0BB-0573AFE94F53}.Release|ARM.Build.0 = Release|Any CPU
		{FBC9CE69-7477-4668-B0BB-0573AFE94F53}.Release|ARM64.ActiveCfg = Release|Any CPU
		{FBC9CE69-7477-4668-B0BB-0573AFE94F53}.Release|ARM64.Build.0 = Release|Any CPU
		{FBC9CE69-7477-4668-B0BB-0573AFE94F53}.Release|iPhone.ActiveCfg = Release|Any CPU
		{FBC9CE69-7477-4668-B0BB-0573AFE94F53}.Release|iPhone.Build.0 = Release|Any CPU
		{FBC9CE69-7477-4668-B0BB-0573AFE94F53}.Release|iPhoneSimulator.ActiveCfg = Release|Any CPU
		{FBC9CE69-7477-4668-B0BB-0573AFE94F53}.Release|iPhoneSimulator.Build.0 = Release|Any CPU
		{FBC9CE69-7477-4668-B0BB-0573AFE94F53}.Release|x64.ActiveCfg = Release|Any CPU
		{FBC9CE69-7477-4668-B0BB-0573AFE94F53}.Release|x64.Build.0 = Release|Any CPU
		{FBC9CE69-7477-4668-B0BB-0573AFE94F53}.Release|x86.ActiveCfg = Release|Any CPU
		{FBC9CE69-7477-4668-B0BB-0573AFE94F53}.Release|x86.Build.0 = Release|Any CPU
		{69FA4EB4-4548-4DA2-ADAA-3D3846FC3E2D}.Ad-Hoc|Any CPU.ActiveCfg = Debug|Any CPU
		{69FA4EB4-4548-4DA2-ADAA-3D3846FC3E2D}.Ad-Hoc|Any CPU.Build.0 = Debug|Any CPU
		{69FA4EB4-4548-4DA2-ADAA-3D3846FC3E2D}.Ad-Hoc|Any CPU.Deploy.0 = Debug|Any CPU
		{69FA4EB4-4548-4DA2-ADAA-3D3846FC3E2D}.Ad-Hoc|ARM.ActiveCfg = Debug|Any CPU
		{69FA4EB4-4548-4DA2-ADAA-3D3846FC3E2D}.Ad-Hoc|ARM.Build.0 = Debug|Any CPU
		{69FA4EB4-4548-4DA2-ADAA-3D3846FC3E2D}.Ad-Hoc|ARM.Deploy.0 = Debug|Any CPU
		{69FA4EB4-4548-4DA2-ADAA-3D3846FC3E2D}.Ad-Hoc|ARM64.ActiveCfg = Debug|Any CPU
		{69FA4EB4-4548-4DA2-ADAA-3D3846FC3E2D}.Ad-Hoc|ARM64.Build.0 = Debug|Any CPU
		{69FA4EB4-4548-4DA2-ADAA-3D3846FC3E2D}.Ad-Hoc|ARM64.Deploy.0 = Debug|Any CPU
		{69FA4EB4-4548-4DA2-ADAA-3D3846FC3E2D}.Ad-Hoc|iPhone.ActiveCfg = Debug|Any CPU
		{69FA4EB4-4548-4DA2-ADAA-3D3846FC3E2D}.Ad-Hoc|iPhone.Build.0 = Debug|Any CPU
		{69FA4EB4-4548-4DA2-ADAA-3D3846FC3E2D}.Ad-Hoc|iPhone.Deploy.0 = Debug|Any CPU
		{69FA4EB4-4548-4DA2-ADAA-3D3846FC3E2D}.Ad-Hoc|iPhoneSimulator.ActiveCfg = Debug|Any CPU
		{69FA4EB4-4548-4DA2-ADAA-3D3846FC3E2D}.Ad-Hoc|iPhoneSimulator.Build.0 = Debug|Any CPU
		{69FA4EB4-4548-4DA2-ADAA-3D3846FC3E2D}.Ad-Hoc|iPhoneSimulator.Deploy.0 = Debug|Any CPU
		{69FA4EB4-4548-4DA2-ADAA-3D3846FC3E2D}.Ad-Hoc|x64.ActiveCfg = Debug|Any CPU
		{69FA4EB4-4548-4DA2-ADAA-3D3846FC3E2D}.Ad-Hoc|x64.Build.0 = Debug|Any CPU
		{69FA4EB4-4548-4DA2-ADAA-3D3846FC3E2D}.Ad-Hoc|x64.Deploy.0 = Debug|Any CPU
		{69FA4EB4-4548-4DA2-ADAA-3D3846FC3E2D}.Ad-Hoc|x86.ActiveCfg = Debug|Any CPU
		{69FA4EB4-4548-4DA2-ADAA-3D3846FC3E2D}.Ad-Hoc|x86.Build.0 = Debug|Any CPU
		{69FA4EB4-4548-4DA2-ADAA-3D3846FC3E2D}.Ad-Hoc|x86.Deploy.0 = Debug|Any CPU
		{69FA4EB4-4548-4DA2-ADAA-3D3846FC3E2D}.AppStore|Any CPU.ActiveCfg = Debug|Any CPU
		{69FA4EB4-4548-4DA2-ADAA-3D3846FC3E2D}.AppStore|Any CPU.Build.0 = Debug|Any CPU
		{69FA4EB4-4548-4DA2-ADAA-3D3846FC3E2D}.AppStore|Any CPU.Deploy.0 = Debug|Any CPU
		{69FA4EB4-4548-4DA2-ADAA-3D3846FC3E2D}.AppStore|ARM.ActiveCfg = Debug|Any CPU
		{69FA4EB4-4548-4DA2-ADAA-3D3846FC3E2D}.AppStore|ARM.Build.0 = Debug|Any CPU
		{69FA4EB4-4548-4DA2-ADAA-3D3846FC3E2D}.AppStore|ARM.Deploy.0 = Debug|Any CPU
		{69FA4EB4-4548-4DA2-ADAA-3D3846FC3E2D}.AppStore|ARM64.ActiveCfg = Debug|Any CPU
		{69FA4EB4-4548-4DA2-ADAA-3D3846FC3E2D}.AppStore|ARM64.Build.0 = Debug|Any CPU
		{69FA4EB4-4548-4DA2-ADAA-3D3846FC3E2D}.AppStore|ARM64.Deploy.0 = Debug|Any CPU
		{69FA4EB4-4548-4DA2-ADAA-3D3846FC3E2D}.AppStore|iPhone.ActiveCfg = Debug|Any CPU
		{69FA4EB4-4548-4DA2-ADAA-3D3846FC3E2D}.AppStore|iPhone.Build.0 = Debug|Any CPU
		{69FA4EB4-4548-4DA2-ADAA-3D3846FC3E2D}.AppStore|iPhone.Deploy.0 = Debug|Any CPU
		{69FA4EB4-4548-4DA2-ADAA-3D3846FC3E2D}.AppStore|iPhoneSimulator.ActiveCfg = Debug|Any CPU
		{69FA4EB4-4548-4DA2-ADAA-3D3846FC3E2D}.AppStore|iPhoneSimulator.Build.0 = Debug|Any CPU
		{69FA4EB4-4548-4DA2-ADAA-3D3846FC3E2D}.AppStore|iPhoneSimulator.Deploy.0 = Debug|Any CPU
		{69FA4EB4-4548-4DA2-ADAA-3D3846FC3E2D}.AppStore|x64.ActiveCfg = Debug|Any CPU
		{69FA4EB4-4548-4DA2-ADAA-3D3846FC3E2D}.AppStore|x64.Build.0 = Debug|Any CPU
		{69FA4EB4-4548-4DA2-ADAA-3D3846FC3E2D}.AppStore|x64.Deploy.0 = Debug|Any CPU
		{69FA4EB4-4548-4DA2-ADAA-3D3846FC3E2D}.AppStore|x86.ActiveCfg = Debug|Any CPU
		{69FA4EB4-4548-4DA2-ADAA-3D3846FC3E2D}.AppStore|x86.Build.0 = Debug|Any CPU
		{69FA4EB4-4548-4DA2-ADAA-3D3846FC3E2D}.AppStore|x86.Deploy.0 = Debug|Any CPU
		{69FA4EB4-4548-4DA2-ADAA-3D3846FC3E2D}.Debug|Any CPU.ActiveCfg = Debug|Any CPU
		{69FA4EB4-4548-4DA2-ADAA-3D3846FC3E2D}.Debug|Any CPU.Build.0 = Debug|Any CPU
		{69FA4EB4-4548-4DA2-ADAA-3D3846FC3E2D}.Debug|Any CPU.Deploy.0 = Debug|Any CPU
		{69FA4EB4-4548-4DA2-ADAA-3D3846FC3E2D}.Debug|ARM.ActiveCfg = Debug|Any CPU
		{69FA4EB4-4548-4DA2-ADAA-3D3846FC3E2D}.Debug|ARM.Build.0 = Debug|Any CPU
		{69FA4EB4-4548-4DA2-ADAA-3D3846FC3E2D}.Debug|ARM.Deploy.0 = Debug|Any CPU
		{69FA4EB4-4548-4DA2-ADAA-3D3846FC3E2D}.Debug|ARM64.ActiveCfg = Debug|Any CPU
		{69FA4EB4-4548-4DA2-ADAA-3D3846FC3E2D}.Debug|ARM64.Build.0 = Debug|Any CPU
		{69FA4EB4-4548-4DA2-ADAA-3D3846FC3E2D}.Debug|ARM64.Deploy.0 = Debug|Any CPU
		{69FA4EB4-4548-4DA2-ADAA-3D3846FC3E2D}.Debug|iPhone.ActiveCfg = Debug|Any CPU
		{69FA4EB4-4548-4DA2-ADAA-3D3846FC3E2D}.Debug|iPhone.Build.0 = Debug|Any CPU
		{69FA4EB4-4548-4DA2-ADAA-3D3846FC3E2D}.Debug|iPhone.Deploy.0 = Debug|Any CPU
		{69FA4EB4-4548-4DA2-ADAA-3D3846FC3E2D}.Debug|iPhoneSimulator.ActiveCfg = Debug|Any CPU
		{69FA4EB4-4548-4DA2-ADAA-3D3846FC3E2D}.Debug|x64.ActiveCfg = Debug|Any CPU
		{69FA4EB4-4548-4DA2-ADAA-3D3846FC3E2D}.Debug|x64.Build.0 = Debug|Any CPU
		{69FA4EB4-4548-4DA2-ADAA-3D3846FC3E2D}.Debug|x64.Deploy.0 = Debug|Any CPU
		{69FA4EB4-4548-4DA2-ADAA-3D3846FC3E2D}.Debug|x86.ActiveCfg = Debug|Any CPU
		{69FA4EB4-4548-4DA2-ADAA-3D3846FC3E2D}.Debug|x86.Build.0 = Debug|Any CPU
		{69FA4EB4-4548-4DA2-ADAA-3D3846FC3E2D}.Debug|x86.Deploy.0 = Debug|Any CPU
		{69FA4EB4-4548-4DA2-ADAA-3D3846FC3E2D}.Release|Any CPU.ActiveCfg = Release|Any CPU
		{69FA4EB4-4548-4DA2-ADAA-3D3846FC3E2D}.Release|Any CPU.Build.0 = Release|Any CPU
		{69FA4EB4-4548-4DA2-ADAA-3D3846FC3E2D}.Release|Any CPU.Deploy.0 = Release|Any CPU
		{69FA4EB4-4548-4DA2-ADAA-3D3846FC3E2D}.Release|ARM.ActiveCfg = Release|Any CPU
		{69FA4EB4-4548-4DA2-ADAA-3D3846FC3E2D}.Release|ARM.Build.0 = Release|Any CPU
		{69FA4EB4-4548-4DA2-ADAA-3D3846FC3E2D}.Release|ARM.Deploy.0 = Release|Any CPU
		{69FA4EB4-4548-4DA2-ADAA-3D3846FC3E2D}.Release|ARM64.ActiveCfg = Release|Any CPU
		{69FA4EB4-4548-4DA2-ADAA-3D3846FC3E2D}.Release|ARM64.Build.0 = Release|Any CPU
		{69FA4EB4-4548-4DA2-ADAA-3D3846FC3E2D}.Release|ARM64.Deploy.0 = Release|Any CPU
		{69FA4EB4-4548-4DA2-ADAA-3D3846FC3E2D}.Release|iPhone.ActiveCfg = Release|Any CPU
		{69FA4EB4-4548-4DA2-ADAA-3D3846FC3E2D}.Release|iPhone.Build.0 = Release|Any CPU
		{69FA4EB4-4548-4DA2-ADAA-3D3846FC3E2D}.Release|iPhone.Deploy.0 = Release|Any CPU
		{69FA4EB4-4548-4DA2-ADAA-3D3846FC3E2D}.Release|iPhoneSimulator.ActiveCfg = Release|Any CPU
		{69FA4EB4-4548-4DA2-ADAA-3D3846FC3E2D}.Release|iPhoneSimulator.Build.0 = Release|Any CPU
		{69FA4EB4-4548-4DA2-ADAA-3D3846FC3E2D}.Release|iPhoneSimulator.Deploy.0 = Release|Any CPU
		{69FA4EB4-4548-4DA2-ADAA-3D3846FC3E2D}.Release|x64.ActiveCfg = Release|Any CPU
		{69FA4EB4-4548-4DA2-ADAA-3D3846FC3E2D}.Release|x64.Build.0 = Release|Any CPU
		{69FA4EB4-4548-4DA2-ADAA-3D3846FC3E2D}.Release|x64.Deploy.0 = Release|Any CPU
		{69FA4EB4-4548-4DA2-ADAA-3D3846FC3E2D}.Release|x86.ActiveCfg = Release|Any CPU
		{69FA4EB4-4548-4DA2-ADAA-3D3846FC3E2D}.Release|x86.Build.0 = Release|Any CPU
		{69FA4EB4-4548-4DA2-ADAA-3D3846FC3E2D}.Release|x86.Deploy.0 = Release|Any CPU
		{3AC82047-1A15-4C09-94E3-01A976A98697}.Ad-Hoc|Any CPU.ActiveCfg = Debug|Any CPU
		{3AC82047-1A15-4C09-94E3-01A976A98697}.Ad-Hoc|Any CPU.Build.0 = Debug|Any CPU
		{3AC82047-1A15-4C09-94E3-01A976A98697}.Ad-Hoc|Any CPU.Deploy.0 = Debug|Any CPU
		{3AC82047-1A15-4C09-94E3-01A976A98697}.Ad-Hoc|ARM.ActiveCfg = Debug|Any CPU
		{3AC82047-1A15-4C09-94E3-01A976A98697}.Ad-Hoc|ARM.Build.0 = Debug|Any CPU
		{3AC82047-1A15-4C09-94E3-01A976A98697}.Ad-Hoc|ARM.Deploy.0 = Debug|Any CPU
		{3AC82047-1A15-4C09-94E3-01A976A98697}.Ad-Hoc|ARM64.ActiveCfg = Debug|Any CPU
		{3AC82047-1A15-4C09-94E3-01A976A98697}.Ad-Hoc|ARM64.Build.0 = Debug|Any CPU
		{3AC82047-1A15-4C09-94E3-01A976A98697}.Ad-Hoc|ARM64.Deploy.0 = Debug|Any CPU
		{3AC82047-1A15-4C09-94E3-01A976A98697}.Ad-Hoc|iPhone.ActiveCfg = Debug|Any CPU
		{3AC82047-1A15-4C09-94E3-01A976A98697}.Ad-Hoc|iPhone.Build.0 = Debug|Any CPU
		{3AC82047-1A15-4C09-94E3-01A976A98697}.Ad-Hoc|iPhone.Deploy.0 = Debug|Any CPU
		{3AC82047-1A15-4C09-94E3-01A976A98697}.Ad-Hoc|iPhoneSimulator.ActiveCfg = Debug|Any CPU
		{3AC82047-1A15-4C09-94E3-01A976A98697}.Ad-Hoc|iPhoneSimulator.Build.0 = Debug|Any CPU
		{3AC82047-1A15-4C09-94E3-01A976A98697}.Ad-Hoc|iPhoneSimulator.Deploy.0 = Debug|Any CPU
		{3AC82047-1A15-4C09-94E3-01A976A98697}.Ad-Hoc|x64.ActiveCfg = Debug|Any CPU
		{3AC82047-1A15-4C09-94E3-01A976A98697}.Ad-Hoc|x64.Build.0 = Debug|Any CPU
		{3AC82047-1A15-4C09-94E3-01A976A98697}.Ad-Hoc|x64.Deploy.0 = Debug|Any CPU
		{3AC82047-1A15-4C09-94E3-01A976A98697}.Ad-Hoc|x86.ActiveCfg = Debug|Any CPU
		{3AC82047-1A15-4C09-94E3-01A976A98697}.Ad-Hoc|x86.Build.0 = Debug|Any CPU
		{3AC82047-1A15-4C09-94E3-01A976A98697}.Ad-Hoc|x86.Deploy.0 = Debug|Any CPU
		{3AC82047-1A15-4C09-94E3-01A976A98697}.AppStore|Any CPU.ActiveCfg = Debug|Any CPU
		{3AC82047-1A15-4C09-94E3-01A976A98697}.AppStore|Any CPU.Build.0 = Debug|Any CPU
		{3AC82047-1A15-4C09-94E3-01A976A98697}.AppStore|Any CPU.Deploy.0 = Debug|Any CPU
		{3AC82047-1A15-4C09-94E3-01A976A98697}.AppStore|ARM.ActiveCfg = Debug|Any CPU
		{3AC82047-1A15-4C09-94E3-01A976A98697}.AppStore|ARM.Build.0 = Debug|Any CPU
		{3AC82047-1A15-4C09-94E3-01A976A98697}.AppStore|ARM.Deploy.0 = Debug|Any CPU
		{3AC82047-1A15-4C09-94E3-01A976A98697}.AppStore|ARM64.ActiveCfg = Debug|Any CPU
		{3AC82047-1A15-4C09-94E3-01A976A98697}.AppStore|ARM64.Build.0 = Debug|Any CPU
		{3AC82047-1A15-4C09-94E3-01A976A98697}.AppStore|ARM64.Deploy.0 = Debug|Any CPU
		{3AC82047-1A15-4C09-94E3-01A976A98697}.AppStore|iPhone.ActiveCfg = Debug|Any CPU
		{3AC82047-1A15-4C09-94E3-01A976A98697}.AppStore|iPhone.Build.0 = Debug|Any CPU
		{3AC82047-1A15-4C09-94E3-01A976A98697}.AppStore|iPhone.Deploy.0 = Debug|Any CPU
		{3AC82047-1A15-4C09-94E3-01A976A98697}.AppStore|iPhoneSimulator.ActiveCfg = Debug|Any CPU
		{3AC82047-1A15-4C09-94E3-01A976A98697}.AppStore|iPhoneSimulator.Build.0 = Debug|Any CPU
		{3AC82047-1A15-4C09-94E3-01A976A98697}.AppStore|iPhoneSimulator.Deploy.0 = Debug|Any CPU
		{3AC82047-1A15-4C09-94E3-01A976A98697}.AppStore|x64.ActiveCfg = Debug|Any CPU
		{3AC82047-1A15-4C09-94E3-01A976A98697}.AppStore|x64.Build.0 = Debug|Any CPU
		{3AC82047-1A15-4C09-94E3-01A976A98697}.AppStore|x64.Deploy.0 = Debug|Any CPU
		{3AC82047-1A15-4C09-94E3-01A976A98697}.AppStore|x86.ActiveCfg = Debug|Any CPU
		{3AC82047-1A15-4C09-94E3-01A976A98697}.AppStore|x86.Build.0 = Debug|Any CPU
		{3AC82047-1A15-4C09-94E3-01A976A98697}.AppStore|x86.Deploy.0 = Debug|Any CPU
		{3AC82047-1A15-4C09-94E3-01A976A98697}.Debug|Any CPU.ActiveCfg = Debug|Any CPU
		{3AC82047-1A15-4C09-94E3-01A976A98697}.Debug|Any CPU.Build.0 = Debug|Any CPU
		{3AC82047-1A15-4C09-94E3-01A976A98697}.Debug|Any CPU.Deploy.0 = Debug|Any CPU
		{3AC82047-1A15-4C09-94E3-01A976A98697}.Debug|ARM.ActiveCfg = Debug|Any CPU
		{3AC82047-1A15-4C09-94E3-01A976A98697}.Debug|ARM.Build.0 = Debug|Any CPU
		{3AC82047-1A15-4C09-94E3-01A976A98697}.Debug|ARM.Deploy.0 = Debug|Any CPU
		{3AC82047-1A15-4C09-94E3-01A976A98697}.Debug|ARM64.ActiveCfg = Debug|Any CPU
		{3AC82047-1A15-4C09-94E3-01A976A98697}.Debug|ARM64.Build.0 = Debug|Any CPU
		{3AC82047-1A15-4C09-94E3-01A976A98697}.Debug|ARM64.Deploy.0 = Debug|Any CPU
		{3AC82047-1A15-4C09-94E3-01A976A98697}.Debug|iPhone.ActiveCfg = Debug|Any CPU
		{3AC82047-1A15-4C09-94E3-01A976A98697}.Debug|iPhone.Build.0 = Debug|Any CPU
		{3AC82047-1A15-4C09-94E3-01A976A98697}.Debug|iPhone.Deploy.0 = Debug|Any CPU
		{3AC82047-1A15-4C09-94E3-01A976A98697}.Debug|iPhoneSimulator.ActiveCfg = Debug|Any CPU
		{3AC82047-1A15-4C09-94E3-01A976A98697}.Debug|iPhoneSimulator.Build.0 = Debug|Any CPU
		{3AC82047-1A15-4C09-94E3-01A976A98697}.Debug|iPhoneSimulator.Deploy.0 = Debug|Any CPU
		{3AC82047-1A15-4C09-94E3-01A976A98697}.Debug|x64.ActiveCfg = Debug|Any CPU
		{3AC82047-1A15-4C09-94E3-01A976A98697}.Debug|x64.Build.0 = Debug|Any CPU
		{3AC82047-1A15-4C09-94E3-01A976A98697}.Debug|x64.Deploy.0 = Debug|Any CPU
		{3AC82047-1A15-4C09-94E3-01A976A98697}.Debug|x86.ActiveCfg = Debug|Any CPU
		{3AC82047-1A15-4C09-94E3-01A976A98697}.Debug|x86.Build.0 = Debug|Any CPU
		{3AC82047-1A15-4C09-94E3-01A976A98697}.Debug|x86.Deploy.0 = Debug|Any CPU
		{3AC82047-1A15-4C09-94E3-01A976A98697}.Release|Any CPU.ActiveCfg = Release|Any CPU
		{3AC82047-1A15-4C09-94E3-01A976A98697}.Release|Any CPU.Build.0 = Release|Any CPU
		{3AC82047-1A15-4C09-94E3-01A976A98697}.Release|Any CPU.Deploy.0 = Release|Any CPU
		{3AC82047-1A15-4C09-94E3-01A976A98697}.Release|ARM.ActiveCfg = Release|Any CPU
		{3AC82047-1A15-4C09-94E3-01A976A98697}.Release|ARM.Build.0 = Release|Any CPU
		{3AC82047-1A15-4C09-94E3-01A976A98697}.Release|ARM.Deploy.0 = Release|Any CPU
		{3AC82047-1A15-4C09-94E3-01A976A98697}.Release|ARM64.ActiveCfg = Release|Any CPU
		{3AC82047-1A15-4C09-94E3-01A976A98697}.Release|ARM64.Build.0 = Release|Any CPU
		{3AC82047-1A15-4C09-94E3-01A976A98697}.Release|ARM64.Deploy.0 = Release|Any CPU
		{3AC82047-1A15-4C09-94E3-01A976A98697}.Release|iPhone.ActiveCfg = Release|Any CPU
		{3AC82047-1A15-4C09-94E3-01A976A98697}.Release|iPhone.Build.0 = Release|Any CPU
		{3AC82047-1A15-4C09-94E3-01A976A98697}.Release|iPhone.Deploy.0 = Release|Any CPU
		{3AC82047-1A15-4C09-94E3-01A976A98697}.Release|iPhoneSimulator.ActiveCfg = Release|Any CPU
		{3AC82047-1A15-4C09-94E3-01A976A98697}.Release|iPhoneSimulator.Build.0 = Release|Any CPU
		{3AC82047-1A15-4C09-94E3-01A976A98697}.Release|iPhoneSimulator.Deploy.0 = Release|Any CPU
		{3AC82047-1A15-4C09-94E3-01A976A98697}.Release|x64.ActiveCfg = Release|Any CPU
		{3AC82047-1A15-4C09-94E3-01A976A98697}.Release|x64.Build.0 = Release|Any CPU
		{3AC82047-1A15-4C09-94E3-01A976A98697}.Release|x64.Deploy.0 = Release|Any CPU
		{3AC82047-1A15-4C09-94E3-01A976A98697}.Release|x86.ActiveCfg = Release|Any CPU
		{3AC82047-1A15-4C09-94E3-01A976A98697}.Release|x86.Build.0 = Release|Any CPU
		{3AC82047-1A15-4C09-94E3-01A976A98697}.Release|x86.Deploy.0 = Release|Any CPU
		{341D3CC1-CDDC-4F5D-A20B-1A02AF283029}.Ad-Hoc|Any CPU.ActiveCfg = Debug|Any CPU
		{341D3CC1-CDDC-4F5D-A20B-1A02AF283029}.Ad-Hoc|Any CPU.Build.0 = Debug|Any CPU
		{341D3CC1-CDDC-4F5D-A20B-1A02AF283029}.Ad-Hoc|ARM.ActiveCfg = Debug|Any CPU
		{341D3CC1-CDDC-4F5D-A20B-1A02AF283029}.Ad-Hoc|ARM.Build.0 = Debug|Any CPU
		{341D3CC1-CDDC-4F5D-A20B-1A02AF283029}.Ad-Hoc|ARM64.ActiveCfg = Debug|Any CPU
		{341D3CC1-CDDC-4F5D-A20B-1A02AF283029}.Ad-Hoc|ARM64.Build.0 = Debug|Any CPU
		{341D3CC1-CDDC-4F5D-A20B-1A02AF283029}.Ad-Hoc|iPhone.ActiveCfg = Debug|Any CPU
		{341D3CC1-CDDC-4F5D-A20B-1A02AF283029}.Ad-Hoc|iPhone.Build.0 = Debug|Any CPU
		{341D3CC1-CDDC-4F5D-A20B-1A02AF283029}.Ad-Hoc|iPhoneSimulator.ActiveCfg = Debug|Any CPU
		{341D3CC1-CDDC-4F5D-A20B-1A02AF283029}.Ad-Hoc|iPhoneSimulator.Build.0 = Debug|Any CPU
		{341D3CC1-CDDC-4F5D-A20B-1A02AF283029}.Ad-Hoc|x64.ActiveCfg = Debug|Any CPU
		{341D3CC1-CDDC-4F5D-A20B-1A02AF283029}.Ad-Hoc|x64.Build.0 = Debug|Any CPU
		{341D3CC1-CDDC-4F5D-A20B-1A02AF283029}.Ad-Hoc|x86.ActiveCfg = Debug|Any CPU
		{341D3CC1-CDDC-4F5D-A20B-1A02AF283029}.Ad-Hoc|x86.Build.0 = Debug|Any CPU
		{341D3CC1-CDDC-4F5D-A20B-1A02AF283029}.AppStore|Any CPU.ActiveCfg = Debug|Any CPU
		{341D3CC1-CDDC-4F5D-A20B-1A02AF283029}.AppStore|Any CPU.Build.0 = Debug|Any CPU
		{341D3CC1-CDDC-4F5D-A20B-1A02AF283029}.AppStore|ARM.ActiveCfg = Debug|Any CPU
		{341D3CC1-CDDC-4F5D-A20B-1A02AF283029}.AppStore|ARM.Build.0 = Debug|Any CPU
		{341D3CC1-CDDC-4F5D-A20B-1A02AF283029}.AppStore|ARM64.ActiveCfg = Debug|Any CPU
		{341D3CC1-CDDC-4F5D-A20B-1A02AF283029}.AppStore|ARM64.Build.0 = Debug|Any CPU
		{341D3CC1-CDDC-4F5D-A20B-1A02AF283029}.AppStore|iPhone.ActiveCfg = Debug|Any CPU
		{341D3CC1-CDDC-4F5D-A20B-1A02AF283029}.AppStore|iPhone.Build.0 = Debug|Any CPU
		{341D3CC1-CDDC-4F5D-A20B-1A02AF283029}.AppStore|iPhoneSimulator.ActiveCfg = Debug|Any CPU
		{341D3CC1-CDDC-4F5D-A20B-1A02AF283029}.AppStore|iPhoneSimulator.Build.0 = Debug|Any CPU
		{341D3CC1-CDDC-4F5D-A20B-1A02AF283029}.AppStore|x64.ActiveCfg = Debug|Any CPU
		{341D3CC1-CDDC-4F5D-A20B-1A02AF283029}.AppStore|x64.Build.0 = Debug|Any CPU
		{341D3CC1-CDDC-4F5D-A20B-1A02AF283029}.AppStore|x86.ActiveCfg = Debug|Any CPU
		{341D3CC1-CDDC-4F5D-A20B-1A02AF283029}.AppStore|x86.Build.0 = Debug|Any CPU
		{341D3CC1-CDDC-4F5D-A20B-1A02AF283029}.Debug|Any CPU.ActiveCfg = Debug|Any CPU
		{341D3CC1-CDDC-4F5D-A20B-1A02AF283029}.Debug|Any CPU.Build.0 = Debug|Any CPU
		{341D3CC1-CDDC-4F5D-A20B-1A02AF283029}.Debug|ARM.ActiveCfg = Debug|Any CPU
		{341D3CC1-CDDC-4F5D-A20B-1A02AF283029}.Debug|ARM.Build.0 = Debug|Any CPU
		{341D3CC1-CDDC-4F5D-A20B-1A02AF283029}.Debug|ARM64.ActiveCfg = Debug|Any CPU
		{341D3CC1-CDDC-4F5D-A20B-1A02AF283029}.Debug|ARM64.Build.0 = Debug|Any CPU
		{341D3CC1-CDDC-4F5D-A20B-1A02AF283029}.Debug|iPhone.ActiveCfg = Debug|Any CPU
		{341D3CC1-CDDC-4F5D-A20B-1A02AF283029}.Debug|iPhone.Build.0 = Debug|Any CPU
		{341D3CC1-CDDC-4F5D-A20B-1A02AF283029}.Debug|iPhoneSimulator.ActiveCfg = Debug|Any CPU
		{341D3CC1-CDDC-4F5D-A20B-1A02AF283029}.Debug|iPhoneSimulator.Build.0 = Debug|Any CPU
		{341D3CC1-CDDC-4F5D-A20B-1A02AF283029}.Debug|x64.ActiveCfg = Debug|Any CPU
		{341D3CC1-CDDC-4F5D-A20B-1A02AF283029}.Debug|x64.Build.0 = Debug|Any CPU
		{341D3CC1-CDDC-4F5D-A20B-1A02AF283029}.Debug|x86.ActiveCfg = Debug|Any CPU
		{341D3CC1-CDDC-4F5D-A20B-1A02AF283029}.Debug|x86.Build.0 = Debug|Any CPU
		{341D3CC1-CDDC-4F5D-A20B-1A02AF283029}.Release|Any CPU.ActiveCfg = Release|Any CPU
		{341D3CC1-CDDC-4F5D-A20B-1A02AF283029}.Release|Any CPU.Build.0 = Release|Any CPU
		{341D3CC1-CDDC-4F5D-A20B-1A02AF283029}.Release|ARM.ActiveCfg = Release|Any CPU
		{341D3CC1-CDDC-4F5D-A20B-1A02AF283029}.Release|ARM.Build.0 = Release|Any CPU
		{341D3CC1-CDDC-4F5D-A20B-1A02AF283029}.Release|ARM64.ActiveCfg = Release|Any CPU
		{341D3CC1-CDDC-4F5D-A20B-1A02AF283029}.Release|ARM64.Build.0 = Release|Any CPU
		{341D3CC1-CDDC-4F5D-A20B-1A02AF283029}.Release|iPhone.ActiveCfg = Release|Any CPU
		{341D3CC1-CDDC-4F5D-A20B-1A02AF283029}.Release|iPhone.Build.0 = Release|Any CPU
		{341D3CC1-CDDC-4F5D-A20B-1A02AF283029}.Release|iPhoneSimulator.ActiveCfg = Release|Any CPU
		{341D3CC1-CDDC-4F5D-A20B-1A02AF283029}.Release|iPhoneSimulator.Build.0 = Release|Any CPU
		{341D3CC1-CDDC-4F5D-A20B-1A02AF283029}.Release|x64.ActiveCfg = Release|Any CPU
		{341D3CC1-CDDC-4F5D-A20B-1A02AF283029}.Release|x64.Build.0 = Release|Any CPU
		{341D3CC1-CDDC-4F5D-A20B-1A02AF283029}.Release|x86.ActiveCfg = Release|Any CPU
		{341D3CC1-CDDC-4F5D-A20B-1A02AF283029}.Release|x86.Build.0 = Release|Any CPU
	EndGlobalSection
	GlobalSection(SolutionProperties) = preSolution
		HideSolutionNode = FALSE
	EndGlobalSection
	GlobalSection(NestedProjects) = preSolution
		{01CCB934-B77F-4681-86C5-AE4FEE648238} = {BDDDFE12-B4C0-4EA9-8803-262BFD5D36B9}
		{E9858A83-E619-4515-AF14-A87A4C658924} = {6DC0DEB1-CE20-4E54-B2F6-3B8ADD7752AE}
		{DAFCBC34-7847-4EF9-ACC0-E025D6E3FBA4} = {BDDDFE12-B4C0-4EA9-8803-262BFD5D36B9}
		{B0796D95-FA72-4154-9668-1F939BF03816} = {BDDDFE12-B4C0-4EA9-8803-262BFD5D36B9}
		{C9BFCF81-10C4-4D10-B455-E995BC12ACBF} = {BDDDFE12-B4C0-4EA9-8803-262BFD5D36B9}
		{D0ED3C55-C409-4F22-AA71-84FF2833AF3C} = {BDDDFE12-B4C0-4EA9-8803-262BFD5D36B9}
		{35DC98AF-AC39-4648-97A9-447546A473F0} = {BDDDFE12-B4C0-4EA9-8803-262BFD5D36B9}
		{FBC9CE69-7477-4668-B0BB-0573AFE94F53} = {704A1714-78C2-4EF0-983F-33FB68895237}
		{69FA4EB4-4548-4DA2-ADAA-3D3846FC3E2D} = {8DF3B140-67D9-4E44-92CE-21BDC395E723}
		{3AC82047-1A15-4C09-94E3-01A976A98697} = {FC68D8B7-758E-4164-945B-9F922FA883F6}
		{341D3CC1-CDDC-4F5D-A20B-1A02AF283029} = {FC68D8B7-758E-4164-945B-9F922FA883F6}
	EndGlobalSection
	GlobalSection(ExtensibilityGlobals) = postSolution
		SolutionGuid = {AB1424F9-871B-444A-9278-18227672889C}
	EndGlobalSection
EndGlobal
