
Microsoft Visual Studio Solution File, Format Version 12.00
# Visual Studio Version 16
VisualStudioVersion = 16.0.29025.244
MinimumVisualStudioVersion = 10.0.40219.1
Project("{FAE04EC0-301F-11D3-BF4B-00C04F79EFBC}") = "VisioForge.CrossPlatform.Core", "VisioForge.CrossPlatform.Core\VisioForge.CrossPlatform.Core.csproj", "{D1C3B7C4-713B-46B2-B33A-E9298C819921}"
EndProject
Project("{2150E333-8FDC-42A3-9474-1A3956D46DE8}") = "Solution Items", "Solution Items", "{A5F2B2E4-7F93-4919-89F6-EEAB5D1C0AA7}"
	ProjectSection(SolutionItems) = preProject
		changelog.md = changelog.md
		Directory.Build.props = Directory.Build.props
		global.json = global.json
		issues.md = issues.md
		todo.md = todo.md
		visioforge_main_icon.png = visioforge_main_icon.png
	EndProjectSection
EndProject
Project("{2150E333-8FDC-42A3-9474-1A3956D46DE8}") = "_DEMOS", "_DEMOS", "{799A84A2-2161-4676-878B-5610E3586137}"
EndProject
Project("{FAE04EC0-301F-11D3-BF4B-00C04F79EFBC}") = "VisioForge.CrossPlatform.Core.Controls.XamarinForms", "VisioForge.CrossPlatform.Core.Controls.XamarinForms\VisioForge.CrossPlatform.Core.Controls.XamarinForms.csproj", "{06814458-C8B4-4D50-86E2-904E6A9E3499}"
EndProject
Project("{2150E333-8FDC-42A3-9474-1A3956D46DE8}") = "Forms", "Forms", "{FC68D8B7-758E-4164-945B-9F922FA883F6}"
EndProject
Project("{9A19103F-16F7-4668-BE54-9A1E7A4F7556}") = "Main Demo NetCore", "NetCore\Main Demo NetCore\Main Demo NetCore.csproj", "{E9858A83-E619-4515-AF14-A87A4C658924}"
EndProject
Project("{FAE04EC0-301F-11D3-BF4B-00C04F79EFBC}") = "VisioForge.CrossPlatform.Core.AndroidHelper", "VisioForge.CrossPlatform.Core.AndroidHelper\VisioForge.CrossPlatform.Core.AndroidHelper.csproj", "{239A82A5-19A1-4382-8F9B-4A9705648017}"
EndProject
Project("{2150E333-8FDC-42A3-9474-1A3956D46DE8}") = "iOS_tvOS", "iOS_tvOS", "{7A6CE0B2-72C4-4A45-950E-C7A486EC5B48}"
EndProject
Project("{2150E333-8FDC-42A3-9474-1A3956D46DE8}") = "MacOS", "MacOS", "{51584BFC-BE47-49B5-BD0E-FC0F30B49D93}"
EndProject
Project("{2150E333-8FDC-42A3-9474-1A3956D46DE8}") = "NetCore", "NetCore", "{6DC0DEB1-CE20-4E54-B2F6-3B8ADD7752AE}"
EndProject
Project("{FAE04EC0-301F-11D3-BF4B-00C04F79EFBC}") = "VisioForge.CrossPlatform.Core.Controls", "VisioForge.CrossPlatform.Core.Controls\VisioForge.CrossPlatform.Core.Controls.csproj", "{3156D5A3-8940-4DFC-8A88-582517B3B0AC}"
EndProject
Project("{FAE04EC0-301F-11D3-BF4B-00C04F79EFBC}") = "MiniDemoiOS", "iOS_tvOS\Mini Demo iOS\MiniDemoiOS.csproj", "{2829B186-768C-4119-871F-D93F657D48BA}"
EndProject
Project("{FAE04EC0-301F-11D3-BF4B-00C04F79EFBC}") = "MediaPlayer.MiniDemo.XF", "XamarinForms\MiniDemo\MiniDemo\MediaPlayer.MiniDemo.XF.csproj", "{B0BF55FC-6B61-4007-B3A3-FA3D556C363A}"
EndProject
Project("{FAE04EC0-301F-11D3-BF4B-00C04F79EFBC}") = "MediaPlayer.MiniDemo.XF.iOS", "XamarinForms\MiniDemo\MiniDemo.iOS\MediaPlayer.MiniDemo.XF.iOS.csproj", "{1B5B9426-1E55-402C-8FEB-40490A16C2B3}"
EndProject
Project("{2150E333-8FDC-42A3-9474-1A3956D46DE8}") = "Avalonia", "Avalonia", "{FA48BB49-76F7-4CBE-8A68-09E05134582F}"
EndProject
Project("{FAE04EC0-301F-11D3-BF4B-00C04F79EFBC}") = "Player Main Demo", "Avalonia\Player Main Demo\Player Main Demo.csproj", "{BCCFE81C-FBFA-4840-8590-D3E0775745FF}"
EndProject
Project("{FAE04EC0-301F-11D3-BF4B-00C04F79EFBC}") = "VisioForge.CrossPlatform.Core.Controls.Avalonia", "VisioForge.CrossPlatform.Core.Controls.Avalonia\VisioForge.CrossPlatform.Core.Controls.Avalonia.csproj", "{47039D34-E8AD-4F65-92BC-734728B91068}"
EndProject
Project("{9344BDBB-3E7F-41FC-A0DD-8665D75EE146}") = "Main Demo tvOS", "iOS_tvOS\Main Demo tvOS\Main Demo tvOS.csproj", "{C0CC8276-0950-465C-A28E-27AC382E1A82}"
EndProject
Project("{FAE04EC0-301F-11D3-BF4B-00C04F79EFBC}") = "PlayerMainDemoMacOS", "MacOS\Main Demo macOS\PlayerMainDemoMacOS.csproj", "{EBA8F882-0AE0-421D-B4FE-DEF8914BCC67}"
EndProject
Global
	GlobalSection(SolutionConfigurationPlatforms) = preSolution
		Ad-Hoc|Any CPU = Ad-Hoc|Any CPU
		Ad-Hoc|ARM = Ad-Hoc|ARM
		Ad-Hoc|ARM64 = Ad-Hoc|ARM64
		Ad-Hoc|iPhone = Ad-Hoc|iPhone
		Ad-Hoc|iPhoneSimulator = Ad-Hoc|iPhoneSimulator
		Ad-Hoc|x64 = Ad-Hoc|x64
		Ad-Hoc|x86 = Ad-Hoc|x86
		AppStore|Any CPU = AppStore|Any CPU
		AppStore|ARM = AppStore|ARM
		AppStore|ARM64 = AppStore|ARM64
		AppStore|iPhone = AppStore|iPhone
		AppStore|iPhoneSimulator = AppStore|iPhoneSimulator
		AppStore|x64 = AppStore|x64
		AppStore|x86 = AppStore|x86
		Debug|Any CPU = Debug|Any CPU
		Debug|ARM = Debug|ARM
		Debug|ARM64 = Debug|ARM64
		Debug|iPhone = Debug|iPhone
		Debug|iPhoneSimulator = Debug|iPhoneSimulator
		Debug|x64 = Debug|x64
		Debug|x86 = Debug|x86
		Release|Any CPU = Release|Any CPU
		Release|ARM = Release|ARM
		Release|ARM64 = Release|ARM64
		Release|iPhone = Release|iPhone
		Release|iPhoneSimulator = Release|iPhoneSimulator
		Release|x64 = Release|x64
		Release|x86 = Release|x86
	EndGlobalSection
	GlobalSection(ProjectConfigurationPlatforms) = postSolution
		{D1C3B7C4-713B-46B2-B33A-E9298C819921}.Ad-Hoc|Any CPU.ActiveCfg = Release|Any CPU
		{D1C3B7C4-713B-46B2-B33A-E9298C819921}.Ad-Hoc|Any CPU.Build.0 = Release|Any CPU
		{D1C3B7C4-713B-46B2-B33A-E9298C819921}.Ad-Hoc|ARM.ActiveCfg = Debug|Any CPU
		{D1C3B7C4-713B-46B2-B33A-E9298C819921}.Ad-Hoc|ARM.Build.0 = Debug|Any CPU
		{D1C3B7C4-713B-46B2-B33A-E9298C819921}.Ad-Hoc|ARM64.ActiveCfg = Debug|Any CPU
		{D1C3B7C4-713B-46B2-B33A-E9298C819921}.Ad-Hoc|ARM64.Build.0 = Debug|Any CPU
		{D1C3B7C4-713B-46B2-B33A-E9298C819921}.Ad-Hoc|iPhone.ActiveCfg = Release|Any CPU
		{D1C3B7C4-713B-46B2-B33A-E9298C819921}.Ad-Hoc|iPhone.Build.0 = Release|Any CPU
		{D1C3B7C4-713B-46B2-B33A-E9298C819921}.Ad-Hoc|iPhoneSimulator.ActiveCfg = Release|Any CPU
		{D1C3B7C4-713B-46B2-B33A-E9298C819921}.Ad-Hoc|iPhoneSimulator.Build.0 = Release|Any CPU
		{D1C3B7C4-713B-46B2-B33A-E9298C819921}.Ad-Hoc|x64.ActiveCfg = Release|Any CPU
		{D1C3B7C4-713B-46B2-B33A-E9298C819921}.Ad-Hoc|x64.Build.0 = Release|Any CPU
		{D1C3B7C4-713B-46B2-B33A-E9298C819921}.Ad-Hoc|x86.ActiveCfg = Release|Any CPU
		{D1C3B7C4-713B-46B2-B33A-E9298C819921}.Ad-Hoc|x86.Build.0 = Release|Any CPU
		{D1C3B7C4-713B-46B2-B33A-E9298C819921}.AppStore|Any CPU.ActiveCfg = Release|Any CPU
		{D1C3B7C4-713B-46B2-B33A-E9298C819921}.AppStore|Any CPU.Build.0 = Release|Any CPU
		{D1C3B7C4-713B-46B2-B33A-E9298C819921}.AppStore|ARM.ActiveCfg = Debug|Any CPU
		{D1C3B7C4-713B-46B2-B33A-E9298C819921}.AppStore|ARM.Build.0 = Debug|Any CPU
		{D1C3B7C4-713B-46B2-B33A-E9298C819921}.AppStore|ARM64.ActiveCfg = Debug|Any CPU
		{D1C3B7C4-713B-46B2-B33A-E9298C819921}.AppStore|ARM64.Build.0 = Debug|Any CPU
		{D1C3B7C4-713B-46B2-B33A-E9298C819921}.AppStore|iPhone.ActiveCfg = Release|Any CPU
		{D1C3B7C4-713B-46B2-B33A-E9298C819921}.AppStore|iPhone.Build.0 = Release|Any CPU
		{D1C3B7C4-713B-46B2-B33A-E9298C819921}.AppStore|iPhoneSimulator.ActiveCfg = Release|Any CPU
		{D1C3B7C4-713B-46B2-B33A-E9298C819921}.AppStore|iPhoneSimulator.Build.0 = Release|Any CPU
		{D1C3B7C4-713B-46B2-B33A-E9298C819921}.AppStore|x64.ActiveCfg = Release|Any CPU
		{D1C3B7C4-713B-46B2-B33A-E9298C819921}.AppStore|x64.Build.0 = Release|Any CPU
		{D1C3B7C4-713B-46B2-B33A-E9298C819921}.AppStore|x86.ActiveCfg = Release|Any CPU
		{D1C3B7C4-713B-46B2-B33A-E9298C819921}.AppStore|x86.Build.0 = Release|Any CPU
		{D1C3B7C4-713B-46B2-B33A-E9298C819921}.Debug|Any CPU.ActiveCfg = Debug|Any CPU
		{D1C3B7C4-713B-46B2-B33A-E9298C819921}.Debug|Any CPU.Build.0 = Debug|Any CPU
		{D1C3B7C4-713B-46B2-B33A-E9298C819921}.Debug|ARM.ActiveCfg = Debug|Any CPU
		{D1C3B7C4-713B-46B2-B33A-E9298C819921}.Debug|ARM.Build.0 = Debug|Any CPU
		{D1C3B7C4-713B-46B2-B33A-E9298C819921}.Debug|ARM64.ActiveCfg = Debug|Any CPU
		{D1C3B7C4-713B-46B2-B33A-E9298C819921}.Debug|ARM64.Build.0 = Debug|Any CPU
		{D1C3B7C4-713B-46B2-B33A-E9298C819921}.Debug|iPhone.ActiveCfg = Debug|Any CPU
		{D1C3B7C4-713B-46B2-B33A-E9298C819921}.Debug|iPhone.Build.0 = Debug|Any CPU
		{D1C3B7C4-713B-46B2-B33A-E9298C819921}.Debug|iPhoneSimulator.ActiveCfg = Debug|Any CPU
		{D1C3B7C4-713B-46B2-B33A-E9298C819921}.Debug|iPhoneSimulator.Build.0 = Debug|Any CPU
		{D1C3B7C4-713B-46B2-B33A-E9298C819921}.Debug|x64.ActiveCfg = Debug|Any CPU
		{D1C3B7C4-713B-46B2-B33A-E9298C819921}.Debug|x64.Build.0 = Debug|Any CPU
		{D1C3B7C4-713B-46B2-B33A-E9298C819921}.Debug|x86.ActiveCfg = Debug|Any CPU
		{D1C3B7C4-713B-46B2-B33A-E9298C819921}.Debug|x86.Build.0 = Debug|Any CPU
		{D1C3B7C4-713B-46B2-B33A-E9298C819921}.Release|Any CPU.ActiveCfg = Release|Any CPU
		{D1C3B7C4-713B-46B2-B33A-E9298C819921}.Release|Any CPU.Build.0 = Release|Any CPU
		{D1C3B7C4-713B-46B2-B33A-E9298C819921}.Release|ARM.ActiveCfg = Release|Any CPU
		{D1C3B7C4-713B-46B2-B33A-E9298C819921}.Release|ARM.Build.0 = Release|Any CPU
		{D1C3B7C4-713B-46B2-B33A-E9298C819921}.Release|ARM64.ActiveCfg = Release|Any CPU
		{D1C3B7C4-713B-46B2-B33A-E9298C819921}.Release|ARM64.Build.0 = Release|Any CPU
		{D1C3B7C4-713B-46B2-B33A-E9298C819921}.Release|iPhone.ActiveCfg = Release|Any CPU
		{D1C3B7C4-713B-46B2-B33A-E9298C819921}.Release|iPhone.Build.0 = Release|Any CPU
		{D1C3B7C4-713B-46B2-B33A-E9298C819921}.Release|iPhoneSimulator.ActiveCfg = Release|Any CPU
		{D1C3B7C4-713B-46B2-B33A-E9298C819921}.Release|iPhoneSimulator.Build.0 = Release|Any CPU
		{D1C3B7C4-713B-46B2-B33A-E9298C819921}.Release|x64.ActiveCfg = Release|Any CPU
		{D1C3B7C4-713B-46B2-B33A-E9298C819921}.Release|x64.Build.0 = Release|Any CPU
		{D1C3B7C4-713B-46B2-B33A-E9298C819921}.Release|x86.ActiveCfg = Release|Any CPU
		{D1C3B7C4-713B-46B2-B33A-E9298C819921}.Release|x86.Build.0 = Release|Any CPU
		{06814458-C8B4-4D50-86E2-904E6A9E3499}.Ad-Hoc|Any CPU.ActiveCfg = Debug|Any CPU
		{06814458-C8B4-4D50-86E2-904E6A9E3499}.Ad-Hoc|Any CPU.Build.0 = Debug|Any CPU
		{06814458-C8B4-4D50-86E2-904E6A9E3499}.Ad-Hoc|ARM.ActiveCfg = Release|Any CPU
		{06814458-C8B4-4D50-86E2-904E6A9E3499}.Ad-Hoc|ARM.Build.0 = Release|Any CPU
		{06814458-C8B4-4D50-86E2-904E6A9E3499}.Ad-Hoc|ARM64.ActiveCfg = Release|Any CPU
		{06814458-C8B4-4D50-86E2-904E6A9E3499}.Ad-Hoc|ARM64.Build.0 = Release|Any CPU
		{06814458-C8B4-4D50-86E2-904E6A9E3499}.Ad-Hoc|iPhone.ActiveCfg = Debug|Any CPU
		{06814458-C8B4-4D50-86E2-904E6A9E3499}.Ad-Hoc|iPhone.Build.0 = Debug|Any CPU
		{06814458-C8B4-4D50-86E2-904E6A9E3499}.Ad-Hoc|iPhoneSimulator.ActiveCfg = Debug|Any CPU
		{06814458-C8B4-4D50-86E2-904E6A9E3499}.Ad-Hoc|iPhoneSimulator.Build.0 = Debug|Any CPU
		{06814458-C8B4-4D50-86E2-904E6A9E3499}.Ad-Hoc|x64.ActiveCfg = Debug|Any CPU
		{06814458-C8B4-4D50-86E2-904E6A9E3499}.Ad-Hoc|x64.Build.0 = Debug|Any CPU
		{06814458-C8B4-4D50-86E2-904E6A9E3499}.Ad-Hoc|x86.ActiveCfg = Debug|Any CPU
		{06814458-C8B4-4D50-86E2-904E6A9E3499}.Ad-Hoc|x86.Build.0 = Debug|Any CPU
		{06814458-C8B4-4D50-86E2-904E6A9E3499}.AppStore|Any CPU.ActiveCfg = Debug|Any CPU
		{06814458-C8B4-4D50-86E2-904E6A9E3499}.AppStore|Any CPU.Build.0 = Debug|Any CPU
		{06814458-C8B4-4D50-86E2-904E6A9E3499}.AppStore|ARM.ActiveCfg = Release|Any CPU
		{06814458-C8B4-4D50-86E2-904E6A9E3499}.AppStore|ARM.Build.0 = Release|Any CPU
		{06814458-C8B4-4D50-86E2-904E6A9E3499}.AppStore|ARM64.ActiveCfg = Release|Any CPU
		{06814458-C8B4-4D50-86E2-904E6A9E3499}.AppStore|ARM64.Build.0 = Release|Any CPU
		{06814458-C8B4-4D50-86E2-904E6A9E3499}.AppStore|iPhone.ActiveCfg = Debug|Any CPU
		{06814458-C8B4-4D50-86E2-904E6A9E3499}.AppStore|iPhone.Build.0 = Debug|Any CPU
		{06814458-C8B4-4D50-86E2-904E6A9E3499}.AppStore|iPhoneSimulator.ActiveCfg = Debug|Any CPU
		{06814458-C8B4-4D50-86E2-904E6A9E3499}.AppStore|iPhoneSimulator.Build.0 = Debug|Any CPU
		{06814458-C8B4-4D50-86E2-904E6A9E3499}.AppStore|x64.ActiveCfg = Debug|Any CPU
		{06814458-C8B4-4D50-86E2-904E6A9E3499}.AppStore|x64.Build.0 = Debug|Any CPU
		{06814458-C8B4-4D50-86E2-904E6A9E3499}.AppStore|x86.ActiveCfg = Debug|Any CPU
		{06814458-C8B4-4D50-86E2-904E6A9E3499}.AppStore|x86.Build.0 = Debug|Any CPU
		{06814458-C8B4-4D50-86E2-904E6A9E3499}.Debug|Any CPU.ActiveCfg = Debug|Any CPU
		{06814458-C8B4-4D50-86E2-904E6A9E3499}.Debug|Any CPU.Build.0 = Debug|Any CPU
		{06814458-C8B4-4D50-86E2-904E6A9E3499}.Debug|ARM.ActiveCfg = Debug|Any CPU
		{06814458-C8B4-4D50-86E2-904E6A9E3499}.Debug|ARM.Build.0 = Debug|Any CPU
		{06814458-C8B4-4D50-86E2-904E6A9E3499}.Debug|ARM64.ActiveCfg = Debug|Any CPU
		{06814458-C8B4-4D50-86E2-904E6A9E3499}.Debug|ARM64.Build.0 = Debug|Any CPU
		{06814458-C8B4-4D50-86E2-904E6A9E3499}.Debug|iPhone.ActiveCfg = Debug|Any CPU
		{06814458-C8B4-4D50-86E2-904E6A9E3499}.Debug|iPhone.Build.0 = Debug|Any CPU
		{06814458-C8B4-4D50-86E2-904E6A9E3499}.Debug|iPhoneSimulator.ActiveCfg = Debug|Any CPU
		{06814458-C8B4-4D50-86E2-904E6A9E3499}.Debug|iPhoneSimulator.Build.0 = Debug|Any CPU
		{06814458-C8B4-4D50-86E2-904E6A9E3499}.Debug|x64.ActiveCfg = Debug|Any CPU
		{06814458-C8B4-4D50-86E2-904E6A9E3499}.Debug|x64.Build.0 = Debug|Any CPU
		{06814458-C8B4-4D50-86E2-904E6A9E3499}.Debug|x86.ActiveCfg = Debug|Any CPU
		{06814458-C8B4-4D50-86E2-904E6A9E3499}.Debug|x86.Build.0 = Debug|Any CPU
		{06814458-C8B4-4D50-86E2-904E6A9E3499}.Release|Any CPU.ActiveCfg = Release|Any CPU
		{06814458-C8B4-4D50-86E2-904E6A9E3499}.Release|Any CPU.Build.0 = Release|Any CPU
		{06814458-C8B4-4D50-86E2-904E6A9E3499}.Release|ARM.ActiveCfg = Release|Any CPU
		{06814458-C8B4-4D50-86E2-904E6A9E3499}.Release|ARM.Build.0 = Release|Any CPU
		{06814458-C8B4-4D50-86E2-904E6A9E3499}.Release|ARM64.ActiveCfg = Release|Any CPU
		{06814458-C8B4-4D50-86E2-904E6A9E3499}.Release|ARM64.Build.0 = Release|Any CPU
		{06814458-C8B4-4D50-86E2-904E6A9E3499}.Release|iPhone.ActiveCfg = Release|Any CPU
		{06814458-C8B4-4D50-86E2-904E6A9E3499}.Release|iPhone.Build.0 = Release|Any CPU
		{06814458-C8B4-4D50-86E2-904E6A9E3499}.Release|iPhoneSimulator.ActiveCfg = Release|Any CPU
		{06814458-C8B4-4D50-86E2-904E6A9E3499}.Release|iPhoneSimulator.Build.0 = Release|Any CPU
		{06814458-C8B4-4D50-86E2-904E6A9E3499}.Release|x64.ActiveCfg = Release|Any CPU
		{06814458-C8B4-4D50-86E2-904E6A9E3499}.Release|x64.Build.0 = Release|Any CPU
		{06814458-C8B4-4D50-86E2-904E6A9E3499}.Release|x86.ActiveCfg = Release|Any CPU
		{06814458-C8B4-4D50-86E2-904E6A9E3499}.Release|x86.Build.0 = Release|Any CPU
		{E9858A83-E619-4515-AF14-A87A4C658924}.Ad-Hoc|Any CPU.ActiveCfg = Release|Any CPU
		{E9858A83-E619-4515-AF14-A87A4C658924}.Ad-Hoc|Any CPU.Build.0 = Release|Any CPU
		{E9858A83-E619-4515-AF14-A87A4C658924}.Ad-Hoc|ARM.ActiveCfg = Debug|Any CPU
		{E9858A83-E619-4515-AF14-A87A4C658924}.Ad-Hoc|ARM.Build.0 = Debug|Any CPU
		{E9858A83-E619-4515-AF14-A87A4C658924}.Ad-Hoc|ARM64.ActiveCfg = Debug|Any CPU
		{E9858A83-E619-4515-AF14-A87A4C658924}.Ad-Hoc|ARM64.Build.0 = Debug|Any CPU
		{E9858A83-E619-4515-AF14-A87A4C658924}.Ad-Hoc|iPhone.ActiveCfg = Release|Any CPU
		{E9858A83-E619-4515-AF14-A87A4C658924}.Ad-Hoc|iPhone.Build.0 = Release|Any CPU
		{E9858A83-E619-4515-AF14-A87A4C658924}.Ad-Hoc|iPhoneSimulator.ActiveCfg = Release|Any CPU
		{E9858A83-E619-4515-AF14-A87A4C658924}.Ad-Hoc|iPhoneSimulator.Build.0 = Release|Any CPU
		{E9858A83-E619-4515-AF14-A87A4C658924}.Ad-Hoc|x64.ActiveCfg = Debug|x64
		{E9858A83-E619-4515-AF14-A87A4C658924}.Ad-Hoc|x64.Build.0 = Debug|x64
		{E9858A83-E619-4515-AF14-A87A4C658924}.Ad-Hoc|x86.ActiveCfg = Debug|x86
		{E9858A83-E619-4515-AF14-A87A4C658924}.Ad-Hoc|x86.Build.0 = Debug|x86
		{E9858A83-E619-4515-AF14-A87A4C658924}.AppStore|Any CPU.ActiveCfg = Release|Any CPU
		{E9858A83-E619-4515-AF14-A87A4C658924}.AppStore|Any CPU.Build.0 = Release|Any CPU
		{E9858A83-E619-4515-AF14-A87A4C658924}.AppStore|ARM.ActiveCfg = Debug|Any CPU
		{E9858A83-E619-4515-AF14-A87A4C658924}.AppStore|ARM.Build.0 = Debug|Any CPU
		{E9858A83-E619-4515-AF14-A87A4C658924}.AppStore|ARM64.ActiveCfg = Debug|Any CPU
		{E9858A83-E619-4515-AF14-A87A4C658924}.AppStore|ARM64.Build.0 = Debug|Any CPU
		{E9858A83-E619-4515-AF14-A87A4C658924}.AppStore|iPhone.ActiveCfg = Release|Any CPU
		{E9858A83-E619-4515-AF14-A87A4C658924}.AppStore|iPhone.Build.0 = Release|Any CPU
		{E9858A83-E619-4515-AF14-A87A4C658924}.AppStore|iPhoneSimulator.ActiveCfg = Release|Any CPU
		{E9858A83-E619-4515-AF14-A87A4C658924}.AppStore|iPhoneSimulator.Build.0 = Release|Any CPU
		{E9858A83-E619-4515-AF14-A87A4C658924}.AppStore|x64.ActiveCfg = Debug|x64
		{E9858A83-E619-4515-AF14-A87A4C658924}.AppStore|x64.Build.0 = Debug|x64
		{E9858A83-E619-4515-AF14-A87A4C658924}.AppStore|x86.ActiveCfg = Debug|x86
		{E9858A83-E619-4515-AF14-A87A4C658924}.AppStore|x86.Build.0 = Debug|x86
		{E9858A83-E619-4515-AF14-A87A4C658924}.Debug|Any CPU.ActiveCfg = Debug|Any CPU
		{E9858A83-E619-4515-AF14-A87A4C658924}.Debug|Any CPU.Build.0 = Debug|Any CPU
		{E9858A83-E619-4515-AF14-A87A4C658924}.Debug|ARM.ActiveCfg = Debug|Any CPU
		{E9858A83-E619-4515-AF14-A87A4C658924}.Debug|ARM.Build.0 = Debug|Any CPU
		{E9858A83-E619-4515-AF14-A87A4C658924}.Debug|ARM64.ActiveCfg = Debug|Any CPU
		{E9858A83-E619-4515-AF14-A87A4C658924}.Debug|ARM64.Build.0 = Debug|Any CPU
		{E9858A83-E619-4515-AF14-A87A4C658924}.Debug|iPhone.ActiveCfg = Debug|Any CPU
		{E9858A83-E619-4515-AF14-A87A4C658924}.Debug|iPhone.Build.0 = Debug|Any CPU
		{E9858A83-E619-4515-AF14-A87A4C658924}.Debug|iPhoneSimulator.ActiveCfg = Debug|Any CPU
		{E9858A83-E619-4515-AF14-A87A4C658924}.Debug|iPhoneSimulator.Build.0 = Debug|Any CPU
		{E9858A83-E619-4515-AF14-A87A4C658924}.Debug|x64.ActiveCfg = Debug|x64
		{E9858A83-E619-4515-AF14-A87A4C658924}.Debug|x64.Build.0 = Debug|x64
		{E9858A83-E619-4515-AF14-A87A4C658924}.Debug|x86.ActiveCfg = Debug|x86
		{E9858A83-E619-4515-AF14-A87A4C658924}.Debug|x86.Build.0 = Debug|x86
		{E9858A83-E619-4515-AF14-A87A4C658924}.Release|Any CPU.ActiveCfg = Release|Any CPU
		{E9858A83-E619-4515-AF14-A87A4C658924}.Release|Any CPU.Build.0 = Release|Any CPU
		{E9858A83-E619-4515-AF14-A87A4C658924}.Release|ARM.ActiveCfg = Release|Any CPU
		{E9858A83-E619-4515-AF14-A87A4C658924}.Release|ARM.Build.0 = Release|Any CPU
		{E9858A83-E619-4515-AF14-A87A4C658924}.Release|ARM64.ActiveCfg = Release|Any CPU
		{E9858A83-E619-4515-AF14-A87A4C658924}.Release|ARM64.Build.0 = Release|Any CPU
		{E9858A83-E619-4515-AF14-A87A4C658924}.Release|iPhone.ActiveCfg = Release|Any CPU
		{E9858A83-E619-4515-AF14-A87A4C658924}.Release|iPhone.Build.0 = Release|Any CPU
		{E9858A83-E619-4515-AF14-A87A4C658924}.Release|iPhoneSimulator.ActiveCfg = Release|Any CPU
		{E9858A83-E619-4515-AF14-A87A4C658924}.Release|iPhoneSimulator.Build.0 = Release|Any CPU
		{E9858A83-E619-4515-AF14-A87A4C658924}.Release|x64.ActiveCfg = Release|x64
		{E9858A83-E619-4515-AF14-A87A4C658924}.Release|x64.Build.0 = Release|x64
		{E9858A83-E619-4515-AF14-A87A4C658924}.Release|x86.ActiveCfg = Release|x86
		{E9858A83-E619-4515-AF14-A87A4C658924}.Release|x86.Build.0 = Release|x86
		{239A82A5-19A1-4382-8F9B-4A9705648017}.Ad-Hoc|Any CPU.ActiveCfg = Release|Any CPU
		{239A82A5-19A1-4382-8F9B-4A9705648017}.Ad-Hoc|Any CPU.Build.0 = Release|Any CPU
		{239A82A5-19A1-4382-8F9B-4A9705648017}.Ad-Hoc|ARM.ActiveCfg = Debug|Any CPU
		{239A82A5-19A1-4382-8F9B-4A9705648017}.Ad-Hoc|ARM.Build.0 = Debug|Any CPU
		{239A82A5-19A1-4382-8F9B-4A9705648017}.Ad-Hoc|ARM64.ActiveCfg = Debug|Any CPU
		{239A82A5-19A1-4382-8F9B-4A9705648017}.Ad-Hoc|ARM64.Build.0 = Debug|Any CPU
		{239A82A5-19A1-4382-8F9B-4A9705648017}.Ad-Hoc|iPhone.ActiveCfg = Release|Any CPU
		{239A82A5-19A1-4382-8F9B-4A9705648017}.Ad-Hoc|iPhone.Build.0 = Release|Any CPU
		{239A82A5-19A1-4382-8F9B-4A9705648017}.Ad-Hoc|iPhoneSimulator.ActiveCfg = Release|Any CPU
		{239A82A5-19A1-4382-8F9B-4A9705648017}.Ad-Hoc|iPhoneSimulator.Build.0 = Release|Any CPU
		{239A82A5-19A1-4382-8F9B-4A9705648017}.Ad-Hoc|x64.ActiveCfg = Release|Any CPU
		{239A82A5-19A1-4382-8F9B-4A9705648017}.Ad-Hoc|x64.Build.0 = Release|Any CPU
		{239A82A5-19A1-4382-8F9B-4A9705648017}.Ad-Hoc|x86.ActiveCfg = Release|Any CPU
		{239A82A5-19A1-4382-8F9B-4A9705648017}.Ad-Hoc|x86.Build.0 = Release|Any CPU
		{239A82A5-19A1-4382-8F9B-4A9705648017}.AppStore|Any CPU.ActiveCfg = Release|Any CPU
		{239A82A5-19A1-4382-8F9B-4A9705648017}.AppStore|Any CPU.Build.0 = Release|Any CPU
		{239A82A5-19A1-4382-8F9B-4A9705648017}.AppStore|ARM.ActiveCfg = Debug|Any CPU
		{239A82A5-19A1-4382-8F9B-4A9705648017}.AppStore|ARM.Build.0 = Debug|Any CPU
		{239A82A5-19A1-4382-8F9B-4A9705648017}.AppStore|ARM64.ActiveCfg = Debug|Any CPU
		{239A82A5-19A1-4382-8F9B-4A9705648017}.AppStore|ARM64.Build.0 = Debug|Any CPU
		{239A82A5-19A1-4382-8F9B-4A9705648017}.AppStore|iPhone.ActiveCfg = Release|Any CPU
		{239A82A5-19A1-4382-8F9B-4A9705648017}.AppStore|iPhone.Build.0 = Release|Any CPU
		{239A82A5-19A1-4382-8F9B-4A9705648017}.AppStore|iPhoneSimulator.ActiveCfg = Release|Any CPU
		{239A82A5-19A1-4382-8F9B-4A9705648017}.AppStore|iPhoneSimulator.Build.0 = Release|Any CPU
		{239A82A5-19A1-4382-8F9B-4A9705648017}.AppStore|x64.ActiveCfg = Release|Any CPU
		{239A82A5-19A1-4382-8F9B-4A9705648017}.AppStore|x64.Build.0 = Release|Any CPU
		{239A82A5-19A1-4382-8F9B-4A9705648017}.AppStore|x86.ActiveCfg = Release|Any CPU
		{239A82A5-19A1-4382-8F9B-4A9705648017}.AppStore|x86.Build.0 = Release|Any CPU
		{239A82A5-19A1-4382-8F9B-4A9705648017}.Debug|Any CPU.ActiveCfg = Debug|Any CPU
		{239A82A5-19A1-4382-8F9B-4A9705648017}.Debug|Any CPU.Build.0 = Debug|Any CPU
		{239A82A5-19A1-4382-8F9B-4A9705648017}.Debug|ARM.ActiveCfg = Debug|Any CPU
		{239A82A5-19A1-4382-8F9B-4A9705648017}.Debug|ARM.Build.0 = Debug|Any CPU
		{239A82A5-19A1-4382-8F9B-4A9705648017}.Debug|ARM64.ActiveCfg = Debug|Any CPU
		{239A82A5-19A1-4382-8F9B-4A9705648017}.Debug|ARM64.Build.0 = Debug|Any CPU
		{239A82A5-19A1-4382-8F9B-4A9705648017}.Debug|iPhone.ActiveCfg = Debug|Any CPU
		{239A82A5-19A1-4382-8F9B-4A9705648017}.Debug|iPhone.Build.0 = Debug|Any CPU
		{239A82A5-19A1-4382-8F9B-4A9705648017}.Debug|iPhoneSimulator.ActiveCfg = Debug|Any CPU
		{239A82A5-19A1-4382-8F9B-4A9705648017}.Debug|iPhoneSimulator.Build.0 = Debug|Any CPU
		{239A82A5-19A1-4382-8F9B-4A9705648017}.Debug|x64.ActiveCfg = Debug|Any CPU
		{239A82A5-19A1-4382-8F9B-4A9705648017}.Debug|x64.Build.0 = Debug|Any CPU
		{239A82A5-19A1-4382-8F9B-4A9705648017}.Debug|x86.ActiveCfg = Debug|Any CPU
		{239A82A5-19A1-4382-8F9B-4A9705648017}.Debug|x86.Build.0 = Debug|Any CPU
		{239A82A5-19A1-4382-8F9B-4A9705648017}.Release|Any CPU.ActiveCfg = Release|Any CPU
		{239A82A5-19A1-4382-8F9B-4A9705648017}.Release|Any CPU.Build.0 = Release|Any CPU
		{239A82A5-19A1-4382-8F9B-4A9705648017}.Release|ARM.ActiveCfg = Release|Any CPU
		{239A82A5-19A1-4382-8F9B-4A9705648017}.Release|ARM.Build.0 = Release|Any CPU
		{239A82A5-19A1-4382-8F9B-4A9705648017}.Release|ARM64.ActiveCfg = Release|Any CPU
		{239A82A5-19A1-4382-8F9B-4A9705648017}.Release|ARM64.Build.0 = Release|Any CPU
		{239A82A5-19A1-4382-8F9B-4A9705648017}.Release|iPhone.ActiveCfg = Release|Any CPU
		{239A82A5-19A1-4382-8F9B-4A9705648017}.Release|iPhone.Build.0 = Release|Any CPU
		{239A82A5-19A1-4382-8F9B-4A9705648017}.Release|iPhoneSimulator.ActiveCfg = Release|Any CPU
		{239A82A5-19A1-4382-8F9B-4A9705648017}.Release|iPhoneSimulator.Build.0 = Release|Any CPU
		{239A82A5-19A1-4382-8F9B-4A9705648017}.Release|x64.ActiveCfg = Release|Any CPU
		{239A82A5-19A1-4382-8F9B-4A9705648017}.Release|x64.Build.0 = Release|Any CPU
		{239A82A5-19A1-4382-8F9B-4A9705648017}.Release|x86.ActiveCfg = Release|Any CPU
		{239A82A5-19A1-4382-8F9B-4A9705648017}.Release|x86.Build.0 = Release|Any CPU
		{3156D5A3-8940-4DFC-8A88-582517B3B0AC}.Ad-Hoc|Any CPU.ActiveCfg = Release|Any CPU
		{3156D5A3-8940-4DFC-8A88-582517B3B0AC}.Ad-Hoc|Any CPU.Build.0 = Release|Any CPU
		{3156D5A3-8940-4DFC-8A88-582517B3B0AC}.Ad-Hoc|ARM.ActiveCfg = Release|Any CPU
		{3156D5A3-8940-4DFC-8A88-582517B3B0AC}.Ad-Hoc|ARM.Build.0 = Release|Any CPU
		{3156D5A3-8940-4DFC-8A88-582517B3B0AC}.Ad-Hoc|ARM64.ActiveCfg = Release|Any CPU
		{3156D5A3-8940-4DFC-8A88-582517B3B0AC}.Ad-Hoc|ARM64.Build.0 = Release|Any CPU
		{3156D5A3-8940-4DFC-8A88-582517B3B0AC}.Ad-Hoc|iPhone.ActiveCfg = Release|Any CPU
		{3156D5A3-8940-4DFC-8A88-582517B3B0AC}.Ad-Hoc|iPhone.Build.0 = Release|Any CPU
		{3156D5A3-8940-4DFC-8A88-582517B3B0AC}.Ad-Hoc|iPhoneSimulator.ActiveCfg = Release|Any CPU
		{3156D5A3-8940-4DFC-8A88-582517B3B0AC}.Ad-Hoc|iPhoneSimulator.Build.0 = Release|Any CPU
		{3156D5A3-8940-4DFC-8A88-582517B3B0AC}.Ad-Hoc|x64.ActiveCfg = Release|Any CPU
		{3156D5A3-8940-4DFC-8A88-582517B3B0AC}.Ad-Hoc|x64.Build.0 = Release|Any CPU
		{3156D5A3-8940-4DFC-8A88-582517B3B0AC}.Ad-Hoc|x86.ActiveCfg = Release|Any CPU
		{3156D5A3-8940-4DFC-8A88-582517B3B0AC}.Ad-Hoc|x86.Build.0 = Release|Any CPU
		{3156D5A3-8940-4DFC-8A88-582517B3B0AC}.AppStore|Any CPU.ActiveCfg = Release|Any CPU
		{3156D5A3-8940-4DFC-8A88-582517B3B0AC}.AppStore|Any CPU.Build.0 = Release|Any CPU
		{3156D5A3-8940-4DFC-8A88-582517B3B0AC}.AppStore|ARM.ActiveCfg = Release|Any CPU
		{3156D5A3-8940-4DFC-8A88-582517B3B0AC}.AppStore|ARM.Build.0 = Release|Any CPU
		{3156D5A3-8940-4DFC-8A88-582517B3B0AC}.AppStore|ARM64.ActiveCfg = Release|Any CPU
		{3156D5A3-8940-4DFC-8A88-582517B3B0AC}.AppStore|ARM64.Build.0 = Release|Any CPU
		{3156D5A3-8940-4DFC-8A88-582517B3B0AC}.AppStore|iPhone.ActiveCfg = Release|Any CPU
		{3156D5A3-8940-4DFC-8A88-582517B3B0AC}.AppStore|iPhone.Build.0 = Release|Any CPU
		{3156D5A3-8940-4DFC-8A88-582517B3B0AC}.AppStore|iPhoneSimulator.ActiveCfg = Release|Any CPU
		{3156D5A3-8940-4DFC-8A88-582517B3B0AC}.AppStore|iPhoneSimulator.Build.0 = Release|Any CPU
		{3156D5A3-8940-4DFC-8A88-582517B3B0AC}.AppStore|x64.ActiveCfg = Release|Any CPU
		{3156D5A3-8940-4DFC-8A88-582517B3B0AC}.AppStore|x64.Build.0 = Release|Any CPU
		{3156D5A3-8940-4DFC-8A88-582517B3B0AC}.AppStore|x86.ActiveCfg = Release|Any CPU
		{3156D5A3-8940-4DFC-8A88-582517B3B0AC}.AppStore|x86.Build.0 = Release|Any CPU
		{3156D5A3-8940-4DFC-8A88-582517B3B0AC}.Debug|Any CPU.ActiveCfg = Debug|Any CPU
		{3156D5A3-8940-4DFC-8A88-582517B3B0AC}.Debug|Any CPU.Build.0 = Debug|Any CPU
		{3156D5A3-8940-4DFC-8A88-582517B3B0AC}.Debug|ARM.ActiveCfg = Debug|Any CPU
		{3156D5A3-8940-4DFC-8A88-582517B3B0AC}.Debug|ARM.Build.0 = Debug|Any CPU
		{3156D5A3-8940-4DFC-8A88-582517B3B0AC}.Debug|ARM64.ActiveCfg = Debug|Any CPU
		{3156D5A3-8940-4DFC-8A88-582517B3B0AC}.Debug|ARM64.Build.0 = Debug|Any CPU
		{3156D5A3-8940-4DFC-8A88-582517B3B0AC}.Debug|iPhone.ActiveCfg = Debug|Any CPU
		{3156D5A3-8940-4DFC-8A88-582517B3B0AC}.Debug|iPhone.Build.0 = Debug|Any CPU
		{3156D5A3-8940-4DFC-8A88-582517B3B0AC}.Debug|iPhoneSimulator.ActiveCfg = Debug|Any CPU
		{3156D5A3-8940-4DFC-8A88-582517B3B0AC}.Debug|iPhoneSimulator.Build.0 = Debug|Any CPU
		{3156D5A3-8940-4DFC-8A88-582517B3B0AC}.Debug|x64.ActiveCfg = Debug|Any CPU
		{3156D5A3-8940-4DFC-8A88-582517B3B0AC}.Debug|x64.Build.0 = Debug|Any CPU
		{3156D5A3-8940-4DFC-8A88-582517B3B0AC}.Debug|x86.ActiveCfg = Debug|Any CPU
		{3156D5A3-8940-4DFC-8A88-582517B3B0AC}.Debug|x86.Build.0 = Debug|Any CPU
		{3156D5A3-8940-4DFC-8A88-582517B3B0AC}.Release|Any CPU.ActiveCfg = Release|Any CPU
		{3156D5A3-8940-4DFC-8A88-582517B3B0AC}.Release|Any CPU.Build.0 = Release|Any CPU
		{3156D5A3-8940-4DFC-8A88-582517B3B0AC}.Release|ARM.ActiveCfg = Release|Any CPU
		{3156D5A3-8940-4DFC-8A88-582517B3B0AC}.Release|ARM.Build.0 = Release|Any CPU
		{3156D5A3-8940-4DFC-8A88-582517B3B0AC}.Release|ARM64.ActiveCfg = Release|Any CPU
		{3156D5A3-8940-4DFC-8A88-582517B3B0AC}.Release|ARM64.Build.0 = Release|Any CPU
		{3156D5A3-8940-4DFC-8A88-582517B3B0AC}.Release|iPhone.ActiveCfg = Release|Any CPU
		{3156D5A3-8940-4DFC-8A88-582517B3B0AC}.Release|iPhone.Build.0 = Release|Any CPU
		{3156D5A3-8940-4DFC-8A88-582517B3B0AC}.Release|iPhoneSimulator.ActiveCfg = Release|Any CPU
		{3156D5A3-8940-4DFC-8A88-582517B3B0AC}.Release|iPhoneSimulator.Build.0 = Release|Any CPU
		{3156D5A3-8940-4DFC-8A88-582517B3B0AC}.Release|x64.ActiveCfg = Release|Any CPU
		{3156D5A3-8940-4DFC-8A88-582517B3B0AC}.Release|x64.Build.0 = Release|Any CPU
		{3156D5A3-8940-4DFC-8A88-582517B3B0AC}.Release|x86.ActiveCfg = Release|Any CPU
		{3156D5A3-8940-4DFC-8A88-582517B3B0AC}.Release|x86.Build.0 = Release|Any CPU
		{2829B186-768C-4119-871F-D93F657D48BA}.Ad-Hoc|Any CPU.ActiveCfg = Release|iPhone
		{2829B186-768C-4119-871F-D93F657D48BA}.Ad-Hoc|Any CPU.Build.0 = Release|iPhone
		{2829B186-768C-4119-871F-D93F657D48BA}.Ad-Hoc|ARM.ActiveCfg = Release|iPhone
		{2829B186-768C-4119-871F-D93F657D48BA}.Ad-Hoc|ARM.Build.0 = Release|iPhone
		{2829B186-768C-4119-871F-D93F657D48BA}.Ad-Hoc|ARM64.ActiveCfg = Release|iPhone
		{2829B186-768C-4119-871F-D93F657D48BA}.Ad-Hoc|ARM64.Build.0 = Release|iPhone
		{2829B186-768C-4119-871F-D93F657D48BA}.Ad-Hoc|iPhone.ActiveCfg = Release|iPhone
		{2829B186-768C-4119-871F-D93F657D48BA}.Ad-Hoc|iPhone.Build.0 = Release|iPhone
		{2829B186-768C-4119-871F-D93F657D48BA}.Ad-Hoc|iPhoneSimulator.ActiveCfg = Release|iPhone
		{2829B186-768C-4119-871F-D93F657D48BA}.Ad-Hoc|iPhoneSimulator.Build.0 = Release|iPhone
		{2829B186-768C-4119-871F-D93F657D48BA}.Ad-Hoc|x64.ActiveCfg = Release|iPhone
		{2829B186-768C-4119-871F-D93F657D48BA}.Ad-Hoc|x64.Build.0 = Release|iPhone
		{2829B186-768C-4119-871F-D93F657D48BA}.Ad-Hoc|x86.ActiveCfg = Release|iPhone
		{2829B186-768C-4119-871F-D93F657D48BA}.Ad-Hoc|x86.Build.0 = Release|iPhone
		{2829B186-768C-4119-871F-D93F657D48BA}.AppStore|Any CPU.ActiveCfg = Release|iPhone
		{2829B186-768C-4119-871F-D93F657D48BA}.AppStore|Any CPU.Build.0 = Release|iPhone
		{2829B186-768C-4119-871F-D93F657D48BA}.AppStore|ARM.ActiveCfg = Release|iPhone
		{2829B186-768C-4119-871F-D93F657D48BA}.AppStore|ARM.Build.0 = Release|iPhone
		{2829B186-768C-4119-871F-D93F657D48BA}.AppStore|ARM64.ActiveCfg = Release|iPhone
		{2829B186-768C-4119-871F-D93F657D48BA}.AppStore|ARM64.Build.0 = Release|iPhone
		{2829B186-768C-4119-871F-D93F657D48BA}.AppStore|iPhone.ActiveCfg = Release|iPhone
		{2829B186-768C-4119-871F-D93F657D48BA}.AppStore|iPhone.Build.0 = Release|iPhone
		{2829B186-768C-4119-871F-D93F657D48BA}.AppStore|iPhoneSimulator.ActiveCfg = Release|iPhone
		{2829B186-768C-4119-871F-D93F657D48BA}.AppStore|iPhoneSimulator.Build.0 = Release|iPhone
		{2829B186-768C-4119-871F-D93F657D48BA}.AppStore|x64.ActiveCfg = Release|iPhone
		{2829B186-768C-4119-871F-D93F657D48BA}.AppStore|x64.Build.0 = Release|iPhone
		{2829B186-768C-4119-871F-D93F657D48BA}.AppStore|x86.ActiveCfg = Release|iPhone
		{2829B186-768C-4119-871F-D93F657D48BA}.AppStore|x86.Build.0 = Release|iPhone
		{2829B186-768C-4119-871F-D93F657D48BA}.Debug|Any CPU.ActiveCfg = Debug|iPhone
		{2829B186-768C-4119-871F-D93F657D48BA}.Debug|Any CPU.Build.0 = Debug|iPhone
		{2829B186-768C-4119-871F-D93F657D48BA}.Debug|ARM.ActiveCfg = Debug|iPhoneSimulator
		{2829B186-768C-4119-871F-D93F657D48BA}.Debug|ARM.Build.0 = Debug|iPhoneSimulator
		{2829B186-768C-4119-871F-D93F657D48BA}.Debug|ARM64.ActiveCfg = Debug|iPhoneSimulator
		{2829B186-768C-4119-871F-D93F657D48BA}.Debug|ARM64.Build.0 = Debug|iPhoneSimulator
		{2829B186-768C-4119-871F-D93F657D48BA}.Debug|iPhone.ActiveCfg = Debug|iPhone
		{2829B186-768C-4119-871F-D93F657D48BA}.Debug|iPhone.Build.0 = Debug|iPhone
		{2829B186-768C-4119-871F-D93F657D48BA}.Debug|iPhoneSimulator.ActiveCfg = Debug|iPhoneSimulator
		{2829B186-768C-4119-871F-D93F657D48BA}.Debug|iPhoneSimulator.Build.0 = Debug|iPhoneSimulator
		{2829B186-768C-4119-871F-D93F657D48BA}.Debug|x64.ActiveCfg = Debug|iPhone
		{2829B186-768C-4119-871F-D93F657D48BA}.Debug|x64.Build.0 = Debug|iPhone
		{2829B186-768C-4119-871F-D93F657D48BA}.Debug|x86.ActiveCfg = Debug|iPhone
		{2829B186-768C-4119-871F-D93F657D48BA}.Debug|x86.Build.0 = Debug|iPhone
		{2829B186-768C-4119-871F-D93F657D48BA}.Release|Any CPU.ActiveCfg = Release|iPhone
		{2829B186-768C-4119-871F-D93F657D48BA}.Release|Any CPU.Build.0 = Release|iPhone
		{2829B186-768C-4119-871F-D93F657D48BA}.Release|ARM.ActiveCfg = Release|iPhoneSimulator
		{2829B186-768C-4119-871F-D93F657D48BA}.Release|ARM.Build.0 = Release|iPhoneSimulator
		{2829B186-768C-4119-871F-D93F657D48BA}.Release|ARM64.ActiveCfg = Release|iPhoneSimulator
		{2829B186-768C-4119-871F-D93F657D48BA}.Release|ARM64.Build.0 = Release|iPhoneSimulator
		{2829B186-768C-4119-871F-D93F657D48BA}.Release|iPhone.ActiveCfg = Release|iPhone
		{2829B186-768C-4119-871F-D93F657D48BA}.Release|iPhone.Build.0 = Release|iPhone
		{2829B186-768C-4119-871F-D93F657D48BA}.Release|iPhoneSimulator.ActiveCfg = Release|iPhoneSimulator
		{2829B186-768C-4119-871F-D93F657D48BA}.Release|iPhoneSimulator.Build.0 = Release|iPhoneSimulator
		{2829B186-768C-4119-871F-D93F657D48BA}.Release|x64.ActiveCfg = Release|iPhone
		{2829B186-768C-4119-871F-D93F657D48BA}.Release|x64.Build.0 = Release|iPhone
		{2829B186-768C-4119-871F-D93F657D48BA}.Release|x86.ActiveCfg = Release|iPhone
		{2829B186-768C-4119-871F-D93F657D48BA}.Release|x86.Build.0 = Release|iPhone
		{B0BF55FC-6B61-4007-B3A3-FA3D556C363A}.Ad-Hoc|Any CPU.ActiveCfg = Release|Any CPU
		{B0BF55FC-6B61-4007-B3A3-FA3D556C363A}.Ad-Hoc|Any CPU.Build.0 = Release|Any CPU
		{B0BF55FC-6B61-4007-B3A3-FA3D556C363A}.Ad-Hoc|ARM.ActiveCfg = Release|Any CPU
		{B0BF55FC-6B61-4007-B3A3-FA3D556C363A}.Ad-Hoc|ARM.Build.0 = Release|Any CPU
		{B0BF55FC-6B61-4007-B3A3-FA3D556C363A}.Ad-Hoc|ARM64.ActiveCfg = Release|Any CPU
		{B0BF55FC-6B61-4007-B3A3-FA3D556C363A}.Ad-Hoc|ARM64.Build.0 = Release|Any CPU
		{B0BF55FC-6B61-4007-B3A3-FA3D556C363A}.Ad-Hoc|iPhone.ActiveCfg = Release|Any CPU
		{B0BF55FC-6B61-4007-B3A3-FA3D556C363A}.Ad-Hoc|iPhone.Build.0 = Release|Any CPU
		{B0BF55FC-6B61-4007-B3A3-FA3D556C363A}.Ad-Hoc|iPhoneSimulator.ActiveCfg = Release|Any CPU
		{B0BF55FC-6B61-4007-B3A3-FA3D556C363A}.Ad-Hoc|iPhoneSimulator.Build.0 = Release|Any CPU
		{B0BF55FC-6B61-4007-B3A3-FA3D556C363A}.Ad-Hoc|x64.ActiveCfg = Release|Any CPU
		{B0BF55FC-6B61-4007-B3A3-FA3D556C363A}.Ad-Hoc|x64.Build.0 = Release|Any CPU
		{B0BF55FC-6B61-4007-B3A3-FA3D556C363A}.Ad-Hoc|x86.ActiveCfg = Release|Any CPU
		{B0BF55FC-6B61-4007-B3A3-FA3D556C363A}.Ad-Hoc|x86.Build.0 = Release|Any CPU
		{B0BF55FC-6B61-4007-B3A3-FA3D556C363A}.AppStore|Any CPU.ActiveCfg = Release|Any CPU
		{B0BF55FC-6B61-4007-B3A3-FA3D556C363A}.AppStore|Any CPU.Build.0 = Release|Any CPU
		{B0BF55FC-6B61-4007-B3A3-FA3D556C363A}.AppStore|ARM.ActiveCfg = Release|Any CPU
		{B0BF55FC-6B61-4007-B3A3-FA3D556C363A}.AppStore|ARM.Build.0 = Release|Any CPU
		{B0BF55FC-6B61-4007-B3A3-FA3D556C363A}.AppStore|ARM64.ActiveCfg = Release|Any CPU
		{B0BF55FC-6B61-4007-B3A3-FA3D556C363A}.AppStore|ARM64.Build.0 = Release|Any CPU
		{B0BF55FC-6B61-4007-B3A3-FA3D556C363A}.AppStore|iPhone.ActiveCfg = Release|Any CPU
		{B0BF55FC-6B61-4007-B3A3-FA3D556C363A}.AppStore|iPhone.Build.0 = Release|Any CPU
		{B0BF55FC-6B61-4007-B3A3-FA3D556C363A}.AppStore|iPhoneSimulator.ActiveCfg = Release|Any CPU
		{B0BF55FC-6B61-4007-B3A3-FA3D556C363A}.AppStore|iPhoneSimulator.Build.0 = Release|Any CPU
		{B0BF55FC-6B61-4007-B3A3-FA3D556C363A}.AppStore|x64.ActiveCfg = Release|Any CPU
		{B0BF55FC-6B61-4007-B3A3-FA3D556C363A}.AppStore|x64.Build.0 = Release|Any CPU
		{B0BF55FC-6B61-4007-B3A3-FA3D556C363A}.AppStore|x86.ActiveCfg = Release|Any CPU
		{B0BF55FC-6B61-4007-B3A3-FA3D556C363A}.AppStore|x86.Build.0 = Release|Any CPU
		{B0BF55FC-6B61-4007-B3A3-FA3D556C363A}.Debug|Any CPU.ActiveCfg = Debug|Any CPU
		{B0BF55FC-6B61-4007-B3A3-FA3D556C363A}.Debug|Any CPU.Build.0 = Debug|Any CPU
		{B0BF55FC-6B61-4007-B3A3-FA3D556C363A}.Debug|ARM.ActiveCfg = Debug|Any CPU
		{B0BF55FC-6B61-4007-B3A3-FA3D556C363A}.Debug|ARM.Build.0 = Debug|Any CPU
		{B0BF55FC-6B61-4007-B3A3-FA3D556C363A}.Debug|ARM64.ActiveCfg = Debug|Any CPU
		{B0BF55FC-6B61-4007-B3A3-FA3D556C363A}.Debug|ARM64.Build.0 = Debug|Any CPU
		{B0BF55FC-6B61-4007-B3A3-FA3D556C363A}.Debug|iPhone.ActiveCfg = Debug|Any CPU
		{B0BF55FC-6B61-4007-B3A3-FA3D556C363A}.Debug|iPhone.Build.0 = Debug|Any CPU
		{B0BF55FC-6B61-4007-B3A3-FA3D556C363A}.Debug|iPhoneSimulator.ActiveCfg = Debug|Any CPU
		{B0BF55FC-6B61-4007-B3A3-FA3D556C363A}.Debug|iPhoneSimulator.Build.0 = Debug|Any CPU
		{B0BF55FC-6B61-4007-B3A3-FA3D556C363A}.Debug|x64.ActiveCfg = Debug|Any CPU
		{B0BF55FC-6B61-4007-B3A3-FA3D556C363A}.Debug|x64.Build.0 = Debug|Any CPU
		{B0BF55FC-6B61-4007-B3A3-FA3D556C363A}.Debug|x86.ActiveCfg = Debug|Any CPU
		{B0BF55FC-6B61-4007-B3A3-FA3D556C363A}.Debug|x86.Build.0 = Debug|Any CPU
		{B0BF55FC-6B61-4007-B3A3-FA3D556C363A}.Release|Any CPU.ActiveCfg = Release|Any CPU
		{B0BF55FC-6B61-4007-B3A3-FA3D556C363A}.Release|Any CPU.Build.0 = Release|Any CPU
		{B0BF55FC-6B61-4007-B3A3-FA3D556C363A}.Release|ARM.ActiveCfg = Release|Any CPU
		{B0BF55FC-6B61-4007-B3A3-FA3D556C363A}.Release|ARM.Build.0 = Release|Any CPU
		{B0BF55FC-6B61-4007-B3A3-FA3D556C363A}.Release|ARM64.ActiveCfg = Release|Any CPU
		{B0BF55FC-6B61-4007-B3A3-FA3D556C363A}.Release|ARM64.Build.0 = Release|Any CPU
		{B0BF55FC-6B61-4007-B3A3-FA3D556C363A}.Release|iPhone.ActiveCfg = Release|Any CPU
		{B0BF55FC-6B61-4007-B3A3-FA3D556C363A}.Release|iPhone.Build.0 = Release|Any CPU
		{B0BF55FC-6B61-4007-B3A3-FA3D556C363A}.Release|iPhoneSimulator.ActiveCfg = Release|Any CPU
		{B0BF55FC-6B61-4007-B3A3-FA3D556C363A}.Release|iPhoneSimulator.Build.0 = Release|Any CPU
		{B0BF55FC-6B61-4007-B3A3-FA3D556C363A}.Release|x64.ActiveCfg = Release|Any CPU
		{B0BF55FC-6B61-4007-B3A3-FA3D556C363A}.Release|x64.Build.0 = Release|Any CPU
		{B0BF55FC-6B61-4007-B3A3-FA3D556C363A}.Release|x86.ActiveCfg = Release|Any CPU
		{B0BF55FC-6B61-4007-B3A3-FA3D556C363A}.Release|x86.Build.0 = Release|Any CPU
		{1B5B9426-1E55-402C-8FEB-40490A16C2B3}.Ad-Hoc|Any CPU.ActiveCfg = Release|iPhone
		{1B5B9426-1E55-402C-8FEB-40490A16C2B3}.Ad-Hoc|Any CPU.Build.0 = Release|iPhone
		{1B5B9426-1E55-402C-8FEB-40490A16C2B3}.Ad-Hoc|ARM.ActiveCfg = Release|iPhone
		{1B5B9426-1E55-402C-8FEB-40490A16C2B3}.Ad-Hoc|ARM.Build.0 = Release|iPhone
		{1B5B9426-1E55-402C-8FEB-40490A16C2B3}.Ad-Hoc|ARM64.ActiveCfg = Release|iPhone
		{1B5B9426-1E55-402C-8FEB-40490A16C2B3}.Ad-Hoc|ARM64.Build.0 = Release|iPhone
		{1B5B9426-1E55-402C-8FEB-40490A16C2B3}.Ad-Hoc|iPhone.ActiveCfg = Release|iPhone
		{1B5B9426-1E55-402C-8FEB-40490A16C2B3}.Ad-Hoc|iPhone.Build.0 = Release|iPhone
		{1B5B9426-1E55-402C-8FEB-40490A16C2B3}.Ad-Hoc|iPhoneSimulator.ActiveCfg = Release|iPhone
		{1B5B9426-1E55-402C-8FEB-40490A16C2B3}.Ad-Hoc|iPhoneSimulator.Build.0 = Release|iPhone
		{1B5B9426-1E55-402C-8FEB-40490A16C2B3}.Ad-Hoc|x64.ActiveCfg = Release|iPhone
		{1B5B9426-1E55-402C-8FEB-40490A16C2B3}.Ad-Hoc|x64.Build.0 = Release|iPhone
		{1B5B9426-1E55-402C-8FEB-40490A16C2B3}.Ad-Hoc|x86.ActiveCfg = Release|iPhone
		{1B5B9426-1E55-402C-8FEB-40490A16C2B3}.Ad-Hoc|x86.Build.0 = Release|iPhone
		{1B5B9426-1E55-402C-8FEB-40490A16C2B3}.AppStore|Any CPU.ActiveCfg = Release|iPhone
		{1B5B9426-1E55-402C-8FEB-40490A16C2B3}.AppStore|Any CPU.Build.0 = Release|iPhone
		{1B5B9426-1E55-402C-8FEB-40490A16C2B3}.AppStore|ARM.ActiveCfg = Release|iPhone
		{1B5B9426-1E55-402C-8FEB-40490A16C2B3}.AppStore|ARM.Build.0 = Release|iPhone
		{1B5B9426-1E55-402C-8FEB-40490A16C2B3}.AppStore|ARM64.ActiveCfg = Release|iPhone
		{1B5B9426-1E55-402C-8FEB-40490A16C2B3}.AppStore|ARM64.Build.0 = Release|iPhone
		{1B5B9426-1E55-402C-8FEB-40490A16C2B3}.AppStore|iPhone.ActiveCfg = Release|iPhone
		{1B5B9426-1E55-402C-8FEB-40490A16C2B3}.AppStore|iPhone.Build.0 = Release|iPhone
		{1B5B9426-1E55-402C-8FEB-40490A16C2B3}.AppStore|iPhoneSimulator.ActiveCfg = Release|iPhone
		{1B5B9426-1E55-402C-8FEB-40490A16C2B3}.AppStore|iPhoneSimulator.Build.0 = Release|iPhone
		{1B5B9426-1E55-402C-8FEB-40490A16C2B3}.AppStore|x64.ActiveCfg = Release|iPhone
		{1B5B9426-1E55-402C-8FEB-40490A16C2B3}.AppStore|x64.Build.0 = Release|iPhone
		{1B5B9426-1E55-402C-8FEB-40490A16C2B3}.AppStore|x86.ActiveCfg = Release|iPhone
		{1B5B9426-1E55-402C-8FEB-40490A16C2B3}.AppStore|x86.Build.0 = Release|iPhone
		{1B5B9426-1E55-402C-8FEB-40490A16C2B3}.Debug|Any CPU.ActiveCfg = Debug|iPhone
		{1B5B9426-1E55-402C-8FEB-40490A16C2B3}.Debug|Any CPU.Build.0 = Debug|iPhone
		{1B5B9426-1E55-402C-8FEB-40490A16C2B3}.Debug|ARM.ActiveCfg = Debug|iPhoneSimulator
		{1B5B9426-1E55-402C-8FEB-40490A16C2B3}.Debug|ARM.Build.0 = Debug|iPhoneSimulator
		{1B5B9426-1E55-402C-8FEB-40490A16C2B3}.Debug|ARM64.ActiveCfg = Debug|iPhoneSimulator
		{1B5B9426-1E55-402C-8FEB-40490A16C2B3}.Debug|ARM64.Build.0 = Debug|iPhoneSimulator
		{1B5B9426-1E55-402C-8FEB-40490A16C2B3}.Debug|iPhone.ActiveCfg = Debug|iPhone
		{1B5B9426-1E55-402C-8FEB-40490A16C2B3}.Debug|iPhone.Build.0 = Debug|iPhone
		{1B5B9426-1E55-402C-8FEB-40490A16C2B3}.Debug|iPhoneSimulator.ActiveCfg = Debug|iPhoneSimulator
		{1B5B9426-1E55-402C-8FEB-40490A16C2B3}.Debug|iPhoneSimulator.Build.0 = Debug|iPhoneSimulator
		{1B5B9426-1E55-402C-8FEB-40490A16C2B3}.Debug|x64.ActiveCfg = Debug|iPhone
		{1B5B9426-1E55-402C-8FEB-40490A16C2B3}.Debug|x64.Build.0 = Debug|iPhone
		{1B5B9426-1E55-402C-8FEB-40490A16C2B3}.Debug|x86.ActiveCfg = Debug|iPhone
		{1B5B9426-1E55-402C-8FEB-40490A16C2B3}.Debug|x86.Build.0 = Debug|iPhone
		{1B5B9426-1E55-402C-8FEB-40490A16C2B3}.Release|Any CPU.ActiveCfg = Release|iPhone
		{1B5B9426-1E55-402C-8FEB-40490A16C2B3}.Release|Any CPU.Build.0 = Release|iPhone
		{1B5B9426-1E55-402C-8FEB-40490A16C2B3}.Release|ARM.ActiveCfg = Release|iPhoneSimulator
		{1B5B9426-1E55-402C-8FEB-40490A16C2B3}.Release|ARM.Build.0 = Release|iPhoneSimulator
		{1B5B9426-1E55-402C-8FEB-40490A16C2B3}.Release|ARM64.ActiveCfg = Release|iPhoneSimulator
		{1B5B9426-1E55-402C-8FEB-40490A16C2B3}.Release|ARM64.Build.0 = Release|iPhoneSimulator
		{1B5B9426-1E55-402C-8FEB-40490A16C2B3}.Release|iPhone.ActiveCfg = Release|iPhone
		{1B5B9426-1E55-402C-8FEB-40490A16C2B3}.Release|iPhone.Build.0 = Release|iPhone
		{1B5B9426-1E55-402C-8FEB-40490A16C2B3}.Release|iPhoneSimulator.ActiveCfg = Release|iPhoneSimulator
		{1B5B9426-1E55-402C-8FEB-40490A16C2B3}.Release|iPhoneSimulator.Build.0 = Release|iPhoneSimulator
		{1B5B9426-1E55-402C-8FEB-40490A16C2B3}.Release|x64.ActiveCfg = Release|iPhone
		{1B5B9426-1E55-402C-8FEB-40490A16C2B3}.Release|x64.Build.0 = Release|iPhone
		{1B5B9426-1E55-402C-8FEB-40490A16C2B3}.Release|x86.ActiveCfg = Release|iPhone
		{1B5B9426-1E55-402C-8FEB-40490A16C2B3}.Release|x86.Build.0 = Release|iPhone
		{BCCFE81C-FBFA-4840-8590-D3E0775745FF}.Ad-Hoc|Any CPU.ActiveCfg = Release|Any CPU
		{BCCFE81C-FBFA-4840-8590-D3E0775745FF}.Ad-Hoc|Any CPU.Build.0 = Release|Any CPU
		{BCCFE81C-FBFA-4840-8590-D3E0775745FF}.Ad-Hoc|ARM.ActiveCfg = Release|Any CPU
		{BCCFE81C-FBFA-4840-8590-D3E0775745FF}.Ad-Hoc|ARM.Build.0 = Release|Any CPU
		{BCCFE81C-FBFA-4840-8590-D3E0775745FF}.Ad-Hoc|ARM64.ActiveCfg = Release|Any CPU
		{BCCFE81C-FBFA-4840-8590-D3E0775745FF}.Ad-Hoc|ARM64.Build.0 = Release|Any CPU
		{BCCFE81C-FBFA-4840-8590-D3E0775745FF}.Ad-Hoc|iPhone.ActiveCfg = Release|Any CPU
		{BCCFE81C-FBFA-4840-8590-D3E0775745FF}.Ad-Hoc|iPhone.Build.0 = Release|Any CPU
		{BCCFE81C-FBFA-4840-8590-D3E0775745FF}.Ad-Hoc|iPhoneSimulator.ActiveCfg = Release|Any CPU
		{BCCFE81C-FBFA-4840-8590-D3E0775745FF}.Ad-Hoc|iPhoneSimulator.Build.0 = Release|Any CPU
		{BCCFE81C-FBFA-4840-8590-D3E0775745FF}.Ad-Hoc|x64.ActiveCfg = Release|Any CPU
		{BCCFE81C-FBFA-4840-8590-D3E0775745FF}.Ad-Hoc|x64.Build.0 = Release|Any CPU
		{BCCFE81C-FBFA-4840-8590-D3E0775745FF}.Ad-Hoc|x86.ActiveCfg = Release|Any CPU
		{BCCFE81C-FBFA-4840-8590-D3E0775745FF}.Ad-Hoc|x86.Build.0 = Release|Any CPU
		{BCCFE81C-FBFA-4840-8590-D3E0775745FF}.AppStore|Any CPU.ActiveCfg = Release|Any CPU
		{BCCFE81C-FBFA-4840-8590-D3E0775745FF}.AppStore|Any CPU.Build.0 = Release|Any CPU
		{BCCFE81C-FBFA-4840-8590-D3E0775745FF}.AppStore|ARM.ActiveCfg = Release|Any CPU
		{BCCFE81C-FBFA-4840-8590-D3E0775745FF}.AppStore|ARM.Build.0 = Release|Any CPU
		{BCCFE81C-FBFA-4840-8590-D3E0775745FF}.AppStore|ARM64.ActiveCfg = Release|Any CPU
		{BCCFE81C-FBFA-4840-8590-D3E0775745FF}.AppStore|ARM64.Build.0 = Release|Any CPU
		{BCCFE81C-FBFA-4840-8590-D3E0775745FF}.AppStore|iPhone.ActiveCfg = Release|Any CPU
		{BCCFE81C-FBFA-4840-8590-D3E0775745FF}.AppStore|iPhone.Build.0 = Release|Any CPU
		{BCCFE81C-FBFA-4840-8590-D3E0775745FF}.AppStore|iPhoneSimulator.ActiveCfg = Release|Any CPU
		{BCCFE81C-FBFA-4840-8590-D3E0775745FF}.AppStore|iPhoneSimulator.Build.0 = Release|Any CPU
		{BCCFE81C-FBFA-4840-8590-D3E0775745FF}.AppStore|x64.ActiveCfg = Release|Any CPU
		{BCCFE81C-FBFA-4840-8590-D3E0775745FF}.AppStore|x64.Build.0 = Release|Any CPU
		{BCCFE81C-FBFA-4840-8590-D3E0775745FF}.AppStore|x86.ActiveCfg = Release|Any CPU
		{BCCFE81C-FBFA-4840-8590-D3E0775745FF}.AppStore|x86.Build.0 = Release|Any CPU
		{BCCFE81C-FBFA-4840-8590-D3E0775745FF}.Debug|Any CPU.ActiveCfg = Debug|Any CPU
		{BCCFE81C-FBFA-4840-8590-D3E0775745FF}.Debug|Any CPU.Build.0 = Debug|Any CPU
		{BCCFE81C-FBFA-4840-8590-D3E0775745FF}.Debug|ARM.ActiveCfg = Debug|Any CPU
		{BCCFE81C-FBFA-4840-8590-D3E0775745FF}.Debug|ARM.Build.0 = Debug|Any CPU
		{BCCFE81C-FBFA-4840-8590-D3E0775745FF}.Debug|ARM64.ActiveCfg = Debug|Any CPU
		{BCCFE81C-FBFA-4840-8590-D3E0775745FF}.Debug|ARM64.Build.0 = Debug|Any CPU
		{BCCFE81C-FBFA-4840-8590-D3E0775745FF}.Debug|iPhone.ActiveCfg = Debug|Any CPU
		{BCCFE81C-FBFA-4840-8590-D3E0775745FF}.Debug|iPhone.Build.0 = Debug|Any CPU
		{BCCFE81C-FBFA-4840-8590-D3E0775745FF}.Debug|iPhoneSimulator.ActiveCfg = Debug|Any CPU
		{BCCFE81C-FBFA-4840-8590-D3E0775745FF}.Debug|iPhoneSimulator.Build.0 = Debug|Any CPU
		{BCCFE81C-FBFA-4840-8590-D3E0775745FF}.Debug|x64.ActiveCfg = Debug|Any CPU
		{BCCFE81C-FBFA-4840-8590-D3E0775745FF}.Debug|x64.Build.0 = Debug|Any CPU
		{BCCFE81C-FBFA-4840-8590-D3E0775745FF}.Debug|x86.ActiveCfg = Debug|Any CPU
		{BCCFE81C-FBFA-4840-8590-D3E0775745FF}.Debug|x86.Build.0 = Debug|Any CPU
		{BCCFE81C-FBFA-4840-8590-D3E0775745FF}.Release|Any CPU.ActiveCfg = Release|Any CPU
		{BCCFE81C-FBFA-4840-8590-D3E0775745FF}.Release|Any CPU.Build.0 = Release|Any CPU
		{BCCFE81C-FBFA-4840-8590-D3E0775745FF}.Release|ARM.ActiveCfg = Release|Any CPU
		{BCCFE81C-FBFA-4840-8590-D3E0775745FF}.Release|ARM.Build.0 = Release|Any CPU
		{BCCFE81C-FBFA-4840-8590-D3E0775745FF}.Release|ARM64.ActiveCfg = Release|Any CPU
		{BCCFE81C-FBFA-4840-8590-D3E0775745FF}.Release|ARM64.Build.0 = Release|Any CPU
		{BCCFE81C-FBFA-4840-8590-D3E0775745FF}.Release|iPhone.ActiveCfg = Release|Any CPU
		{BCCFE81C-FBFA-4840-8590-D3E0775745FF}.Release|iPhone.Build.0 = Release|Any CPU
		{BCCFE81C-FBFA-4840-8590-D3E0775745FF}.Release|iPhoneSimulator.ActiveCfg = Release|Any CPU
		{BCCFE81C-FBFA-4840-8590-D3E0775745FF}.Release|iPhoneSimulator.Build.0 = Release|Any CPU
		{BCCFE81C-FBFA-4840-8590-D3E0775745FF}.Release|x64.ActiveCfg = Release|Any CPU
		{BCCFE81C-FBFA-4840-8590-D3E0775745FF}.Release|x64.Build.0 = Release|Any CPU
		{BCCFE81C-FBFA-4840-8590-D3E0775745FF}.Release|x86.ActiveCfg = Release|Any CPU
		{BCCFE81C-FBFA-4840-8590-D3E0775745FF}.Release|x86.Build.0 = Release|Any CPU
		{47039D34-E8AD-4F65-92BC-734728B91068}.Ad-Hoc|Any CPU.ActiveCfg = Release|Any CPU
		{47039D34-E8AD-4F65-92BC-734728B91068}.Ad-Hoc|Any CPU.Build.0 = Release|Any CPU
		{47039D34-E8AD-4F65-92BC-734728B91068}.Ad-Hoc|ARM.ActiveCfg = Release|Any CPU
		{47039D34-E8AD-4F65-92BC-734728B91068}.Ad-Hoc|ARM.Build.0 = Release|Any CPU
		{47039D34-E8AD-4F65-92BC-734728B91068}.Ad-Hoc|ARM64.ActiveCfg = Release|Any CPU
		{47039D34-E8AD-4F65-92BC-734728B91068}.Ad-Hoc|ARM64.Build.0 = Release|Any CPU
		{47039D34-E8AD-4F65-92BC-734728B91068}.Ad-Hoc|iPhone.ActiveCfg = Release|Any CPU
		{47039D34-E8AD-4F65-92BC-734728B91068}.Ad-Hoc|iPhone.Build.0 = Release|Any CPU
		{47039D34-E8AD-4F65-92BC-734728B91068}.Ad-Hoc|iPhoneSimulator.ActiveCfg = Release|Any CPU
		{47039D34-E8AD-4F65-92BC-734728B91068}.Ad-Hoc|iPhoneSimulator.Build.0 = Release|Any CPU
		{47039D34-E8AD-4F65-92BC-734728B91068}.Ad-Hoc|x64.ActiveCfg = Release|Any CPU
		{47039D34-E8AD-4F65-92BC-734728B91068}.Ad-Hoc|x64.Build.0 = Release|Any CPU
		{47039D34-E8AD-4F65-92BC-734728B91068}.Ad-Hoc|x86.ActiveCfg = Release|Any CPU
		{47039D34-E8AD-4F65-92BC-734728B91068}.Ad-Hoc|x86.Build.0 = Release|Any CPU
		{47039D34-E8AD-4F65-92BC-734728B91068}.AppStore|Any CPU.ActiveCfg = Release|Any CPU
		{47039D34-E8AD-4F65-92BC-734728B91068}.AppStore|Any CPU.Build.0 = Release|Any CPU
		{47039D34-E8AD-4F65-92BC-734728B91068}.AppStore|ARM.ActiveCfg = Release|Any CPU
		{47039D34-E8AD-4F65-92BC-734728B91068}.AppStore|ARM.Build.0 = Release|Any CPU
		{47039D34-E8AD-4F65-92BC-734728B91068}.AppStore|ARM64.ActiveCfg = Release|Any CPU
		{47039D34-E8AD-4F65-92BC-734728B91068}.AppStore|ARM64.Build.0 = Release|Any CPU
		{47039D34-E8AD-4F65-92BC-734728B91068}.AppStore|iPhone.ActiveCfg = Release|Any CPU
		{47039D34-E8AD-4F65-92BC-734728B91068}.AppStore|iPhone.Build.0 = Release|Any CPU
		{47039D34-E8AD-4F65-92BC-734728B91068}.AppStore|iPhoneSimulator.ActiveCfg = Release|Any CPU
		{47039D34-E8AD-4F65-92BC-734728B91068}.AppStore|iPhoneSimulator.Build.0 = Release|Any CPU
		{47039D34-E8AD-4F65-92BC-734728B91068}.AppStore|x64.ActiveCfg = Release|Any CPU
		{47039D34-E8AD-4F65-92BC-734728B91068}.AppStore|x64.Build.0 = Release|Any CPU
		{47039D34-E8AD-4F65-92BC-734728B91068}.AppStore|x86.ActiveCfg = Release|Any CPU
		{47039D34-E8AD-4F65-92BC-734728B91068}.AppStore|x86.Build.0 = Release|Any CPU
		{47039D34-E8AD-4F65-92BC-734728B91068}.Debug|Any CPU.ActiveCfg = Debug|Any CPU
		{47039D34-E8AD-4F65-92BC-734728B91068}.Debug|Any CPU.Build.0 = Debug|Any CPU
		{47039D34-E8AD-4F65-92BC-734728B91068}.Debug|ARM.ActiveCfg = Debug|Any CPU
		{47039D34-E8AD-4F65-92BC-734728B91068}.Debug|ARM.Build.0 = Debug|Any CPU
		{47039D34-E8AD-4F65-92BC-734728B91068}.Debug|ARM64.ActiveCfg = Debug|Any CPU
		{47039D34-E8AD-4F65-92BC-734728B91068}.Debug|ARM64.Build.0 = Debug|Any CPU
		{47039D34-E8AD-4F65-92BC-734728B91068}.Debug|iPhone.ActiveCfg = Debug|Any CPU
		{47039D34-E8AD-4F65-92BC-734728B91068}.Debug|iPhone.Build.0 = Debug|Any CPU
		{47039D34-E8AD-4F65-92BC-734728B91068}.Debug|iPhoneSimulator.ActiveCfg = Debug|Any CPU
		{47039D34-E8AD-4F65-92BC-734728B91068}.Debug|iPhoneSimulator.Build.0 = Debug|Any CPU
		{47039D34-E8AD-4F65-92BC-734728B91068}.Debug|x64.ActiveCfg = Debug|Any CPU
		{47039D34-E8AD-4F65-92BC-734728B91068}.Debug|x64.Build.0 = Debug|Any CPU
		{47039D34-E8AD-4F65-92BC-734728B91068}.Debug|x86.ActiveCfg = Debug|Any CPU
		{47039D34-E8AD-4F65-92BC-734728B91068}.Debug|x86.Build.0 = Debug|Any CPU
		{47039D34-E8AD-4F65-92BC-734728B91068}.Release|Any CPU.ActiveCfg = Release|Any CPU
		{47039D34-E8AD-4F65-92BC-734728B91068}.Release|Any CPU.Build.0 = Release|Any CPU
		{47039D34-E8AD-4F65-92BC-734728B91068}.Release|ARM.ActiveCfg = Release|Any CPU
		{47039D34-E8AD-4F65-92BC-734728B91068}.Release|ARM.Build.0 = Release|Any CPU
		{47039D34-E8AD-4F65-92BC-734728B91068}.Release|ARM64.ActiveCfg = Release|Any CPU
		{47039D34-E8AD-4F65-92BC-734728B91068}.Release|ARM64.Build.0 = Release|Any CPU
		{47039D34-E8AD-4F65-92BC-734728B91068}.Release|iPhone.ActiveCfg = Release|Any CPU
		{47039D34-E8AD-4F65-92BC-734728B91068}.Release|iPhone.Build.0 = Release|Any CPU
		{47039D34-E8AD-4F65-92BC-734728B91068}.Release|iPhoneSimulator.ActiveCfg = Release|Any CPU
		{47039D34-E8AD-4F65-92BC-734728B91068}.Release|iPhoneSimulator.Build.0 = Release|Any CPU
		{47039D34-E8AD-4F65-92BC-734728B91068}.Release|x64.ActiveCfg = Release|Any CPU
		{47039D34-E8AD-4F65-92BC-734728B91068}.Release|x64.Build.0 = Release|Any CPU
		{47039D34-E8AD-4F65-92BC-734728B91068}.Release|x86.ActiveCfg = Release|Any CPU
		{47039D34-E8AD-4F65-92BC-734728B91068}.Release|x86.Build.0 = Release|Any CPU
		{C0CC8276-0950-465C-A28E-27AC382E1A82}.Ad-Hoc|Any CPU.ActiveCfg = Debug|iPhoneSimulator
		{C0CC8276-0950-465C-A28E-27AC382E1A82}.Ad-Hoc|Any CPU.Build.0 = Debug|iPhoneSimulator
		{C0CC8276-0950-465C-A28E-27AC382E1A82}.Ad-Hoc|ARM.ActiveCfg = Release|iPhoneSimulator
		{C0CC8276-0950-465C-A28E-27AC382E1A82}.Ad-Hoc|ARM.Build.0 = Release|iPhoneSimulator
		{C0CC8276-0950-465C-A28E-27AC382E1A82}.Ad-Hoc|ARM64.ActiveCfg = Release|iPhoneSimulator
		{C0CC8276-0950-465C-A28E-27AC382E1A82}.Ad-Hoc|ARM64.Build.0 = Release|iPhoneSimulator
		{C0CC8276-0950-465C-A28E-27AC382E1A82}.Ad-Hoc|iPhone.ActiveCfg = Release|iPhone
		{C0CC8276-0950-465C-A28E-27AC382E1A82}.Ad-Hoc|iPhone.Build.0 = Release|iPhone
		{C0CC8276-0950-465C-A28E-27AC382E1A82}.Ad-Hoc|iPhoneSimulator.ActiveCfg = Debug|iPhoneSimulator
		{C0CC8276-0950-465C-A28E-27AC382E1A82}.Ad-Hoc|iPhoneSimulator.Build.0 = Debug|iPhoneSimulator
		{C0CC8276-0950-465C-A28E-27AC382E1A82}.Ad-Hoc|x64.ActiveCfg = Debug|iPhoneSimulator
		{C0CC8276-0950-465C-A28E-27AC382E1A82}.Ad-Hoc|x64.Build.0 = Debug|iPhoneSimulator
		{C0CC8276-0950-465C-A28E-27AC382E1A82}.Ad-Hoc|x86.ActiveCfg = Debug|iPhoneSimulator
		{C0CC8276-0950-465C-A28E-27AC382E1A82}.Ad-Hoc|x86.Build.0 = Debug|iPhoneSimulator
		{C0CC8276-0950-465C-A28E-27AC382E1A82}.AppStore|Any CPU.ActiveCfg = Debug|iPhoneSimulator
		{C0CC8276-0950-465C-A28E-27AC382E1A82}.AppStore|Any CPU.Build.0 = Debug|iPhoneSimulator
		{C0CC8276-0950-465C-A28E-27AC382E1A82}.AppStore|ARM.ActiveCfg = Release|iPhoneSimulator
		{C0CC8276-0950-465C-A28E-27AC382E1A82}.AppStore|ARM.Build.0 = Release|iPhoneSimulator
		{C0CC8276-0950-465C-A28E-27AC382E1A82}.AppStore|ARM64.ActiveCfg = Release|iPhoneSimulator
		{C0CC8276-0950-465C-A28E-27AC382E1A82}.AppStore|ARM64.Build.0 = Release|iPhoneSimulator
		{C0CC8276-0950-465C-A28E-27AC382E1A82}.AppStore|iPhone.ActiveCfg = Release|iPhone
		{C0CC8276-0950-465C-A28E-27AC382E1A82}.AppStore|iPhone.Build.0 = Release|iPhone
		{C0CC8276-0950-465C-A28E-27AC382E1A82}.AppStore|iPhoneSimulator.ActiveCfg = Debug|iPhoneSimulator
		{C0CC8276-0950-465C-A28E-27AC382E1A82}.AppStore|iPhoneSimulator.Build.0 = Debug|iPhoneSimulator
		{C0CC8276-0950-465C-A28E-27AC382E1A82}.AppStore|x64.ActiveCfg = Debug|iPhoneSimulator
		{C0CC8276-0950-465C-A28E-27AC382E1A82}.AppStore|x64.Build.0 = Debug|iPhoneSimulator
		{C0CC8276-0950-465C-A28E-27AC382E1A82}.AppStore|x86.ActiveCfg = Debug|iPhoneSimulator
		{C0CC8276-0950-465C-A28E-27AC382E1A82}.AppStore|x86.Build.0 = Debug|iPhoneSimulator
		{C0CC8276-0950-465C-A28E-27AC382E1A82}.Debug|Any CPU.ActiveCfg = Debug|iPhoneSimulator
		{C0CC8276-0950-465C-A28E-27AC382E1A82}.Debug|Any CPU.Build.0 = Debug|iPhoneSimulator
		{C0CC8276-0950-465C-A28E-27AC382E1A82}.Debug|ARM.ActiveCfg = Debug|iPhone
		{C0CC8276-0950-465C-A28E-27AC382E1A82}.Debug|ARM64.ActiveCfg = Debug|iPhone
		{C0CC8276-0950-465C-A28E-27AC382E1A82}.Debug|iPhone.ActiveCfg = Debug|iPhone
		{C0CC8276-0950-465C-A28E-27AC382E1A82}.Debug|iPhone.Build.0 = Debug|iPhone
		{C0CC8276-0950-465C-A28E-27AC382E1A82}.Debug|iPhoneSimulator.ActiveCfg = Debug|iPhoneSimulator
		{C0CC8276-0950-465C-A28E-27AC382E1A82}.Debug|iPhoneSimulator.Build.0 = Debug|iPhoneSimulator
		{C0CC8276-0950-465C-A28E-27AC382E1A82}.Debug|x64.ActiveCfg = Debug|iPhoneSimulator
		{C0CC8276-0950-465C-A28E-27AC382E1A82}.Debug|x64.Build.0 = Debug|iPhoneSimulator
		{C0CC8276-0950-465C-A28E-27AC382E1A82}.Debug|x86.ActiveCfg = Debug|iPhoneSimulator
		{C0CC8276-0950-465C-A28E-27AC382E1A82}.Debug|x86.Build.0 = Debug|iPhoneSimulator
		{C0CC8276-0950-465C-A28E-27AC382E1A82}.Release|Any CPU.ActiveCfg = Release|iPhone
		{C0CC8276-0950-465C-A28E-27AC382E1A82}.Release|Any CPU.Build.0 = Release|iPhone
		{C0CC8276-0950-465C-A28E-27AC382E1A82}.Release|ARM.ActiveCfg = Release|iPhoneSimulator
		{C0CC8276-0950-465C-A28E-27AC382E1A82}.Release|ARM64.ActiveCfg = Release|iPhoneSimulator
		{C0CC8276-0950-465C-A28E-27AC382E1A82}.Release|iPhone.ActiveCfg = Release|iPhone
		{C0CC8276-0950-465C-A28E-27AC382E1A82}.Release|iPhone.Build.0 = Release|iPhone
		{C0CC8276-0950-465C-A28E-27AC382E1A82}.Release|iPhoneSimulator.ActiveCfg = Release|iPhoneSimulator
		{C0CC8276-0950-465C-A28E-27AC382E1A82}.Release|iPhoneSimulator.Build.0 = Release|iPhoneSimulator
		{C0CC8276-0950-465C-A28E-27AC382E1A82}.Release|x64.ActiveCfg = Release|iPhone
		{C0CC8276-0950-465C-A28E-27AC382E1A82}.Release|x64.Build.0 = Release|iPhone
		{C0CC8276-0950-465C-A28E-27AC382E1A82}.Release|x86.ActiveCfg = Release|iPhone
		{C0CC8276-0950-465C-A28E-27AC382E1A82}.Release|x86.Build.0 = Release|iPhone
		{EBA8F882-0AE0-421D-B4FE-DEF8914BCC67}.Ad-Hoc|Any CPU.ActiveCfg = Debug|Any CPU
		{EBA8F882-0AE0-421D-B4FE-DEF8914BCC67}.Ad-Hoc|Any CPU.Build.0 = Debug|Any CPU
		{EBA8F882-0AE0-421D-B4FE-DEF8914BCC67}.Ad-Hoc|ARM.ActiveCfg = Debug|Any CPU
		{EBA8F882-0AE0-421D-B4FE-DEF8914BCC67}.Ad-Hoc|ARM.Build.0 = Debug|Any CPU
		{EBA8F882-0AE0-421D-B4FE-DEF8914BCC67}.Ad-Hoc|ARM64.ActiveCfg = Debug|Any CPU
		{EBA8F882-0AE0-421D-B4FE-DEF8914BCC67}.Ad-Hoc|ARM64.Build.0 = Debug|Any CPU
		{EBA8F882-0AE0-421D-B4FE-DEF8914BCC67}.Ad-Hoc|iPhone.ActiveCfg = Debug|Any CPU
		{EBA8F882-0AE0-421D-B4FE-DEF8914BCC67}.Ad-Hoc|iPhone.Build.0 = Debug|Any CPU
		{EBA8F882-0AE0-421D-B4FE-DEF8914BCC67}.Ad-Hoc|iPhoneSimulator.ActiveCfg = Debug|Any CPU
		{EBA8F882-0AE0-421D-B4FE-DEF8914BCC67}.Ad-Hoc|iPhoneSimulator.Build.0 = Debug|Any CPU
		{EBA8F882-0AE0-421D-B4FE-DEF8914BCC67}.Ad-Hoc|x64.ActiveCfg = Debug|Any CPU
		{EBA8F882-0AE0-421D-B4FE-DEF8914BCC67}.Ad-Hoc|x64.Build.0 = Debug|Any CPU
		{EBA8F882-0AE0-421D-B4FE-DEF8914BCC67}.Ad-Hoc|x86.ActiveCfg = Debug|Any CPU
		{EBA8F882-0AE0-421D-B4FE-DEF8914BCC67}.Ad-Hoc|x86.Build.0 = Debug|Any CPU
		{EBA8F882-0AE0-421D-B4FE-DEF8914BCC67}.AppStore|Any CPU.ActiveCfg = Debug|Any CPU
		{EBA8F882-0AE0-421D-B4FE-DEF8914BCC67}.AppStore|Any CPU.Build.0 = Debug|Any CPU
		{EBA8F882-0AE0-421D-B4FE-DEF8914BCC67}.AppStore|ARM.ActiveCfg = Debug|Any CPU
		{EBA8F882-0AE0-421D-B4FE-DEF8914BCC67}.AppStore|ARM.Build.0 = Debug|Any CPU
		{EBA8F882-0AE0-421D-B4FE-DEF8914BCC67}.AppStore|ARM64.ActiveCfg = Debug|Any CPU
		{EBA8F882-0AE0-421D-B4FE-DEF8914BCC67}.AppStore|ARM64.Build.0 = Debug|Any CPU
		{EBA8F882-0AE0-421D-B4FE-DEF8914BCC67}.AppStore|iPhone.ActiveCfg = Debug|Any CPU
		{EBA8F882-0AE0-421D-B4FE-DEF8914BCC67}.AppStore|iPhone.Build.0 = Debug|Any CPU
		{EBA8F882-0AE0-421D-B4FE-DEF8914BCC67}.AppStore|iPhoneSimulator.ActiveCfg = Debug|Any CPU
		{EBA8F882-0AE0-421D-B4FE-DEF8914BCC67}.AppStore|iPhoneSimulator.Build.0 = Debug|Any CPU
		{EBA8F882-0AE0-421D-B4FE-DEF8914BCC67}.AppStore|x64.ActiveCfg = Debug|Any CPU
		{EBA8F882-0AE0-421D-B4FE-DEF8914BCC67}.AppStore|x64.Build.0 = Debug|Any CPU
		{EBA8F882-0AE0-421D-B4FE-DEF8914BCC67}.AppStore|x86.ActiveCfg = Debug|Any CPU
		{EBA8F882-0AE0-421D-B4FE-DEF8914BCC67}.AppStore|x86.Build.0 = Debug|Any CPU
		{EBA8F882-0AE0-421D-B4FE-DEF8914BCC67}.Debug|Any CPU.ActiveCfg = Debug|Any CPU
		{EBA8F882-0AE0-421D-B4FE-DEF8914BCC67}.Debug|Any CPU.Build.0 = Debug|Any CPU
		{EBA8F882-0AE0-421D-B4FE-DEF8914BCC67}.Debug|ARM.ActiveCfg = Debug|Any CPU
		{EBA8F882-0AE0-421D-B4FE-DEF8914BCC67}.Debug|ARM.Build.0 = Debug|Any CPU
		{EBA8F882-0AE0-421D-B4FE-DEF8914BCC67}.Debug|ARM64.ActiveCfg = Debug|Any CPU
		{EBA8F882-0AE0-421D-B4FE-DEF8914BCC67}.Debug|ARM64.Build.0 = Debug|Any CPU
		{EBA8F882-0AE0-421D-B4FE-DEF8914BCC67}.Debug|iPhone.ActiveCfg = Debug|Any CPU
		{EBA8F882-0AE0-421D-B4FE-DEF8914BCC67}.Debug|iPhone.Build.0 = Debug|Any CPU
		{EBA8F882-0AE0-421D-B4FE-DEF8914BCC67}.Debug|iPhoneSimulator.ActiveCfg = Debug|Any CPU
		{EBA8F882-0AE0-421D-B4FE-DEF8914BCC67}.Debug|iPhoneSimulator.Build.0 = Debug|Any CPU
		{EBA8F882-0AE0-421D-B4FE-DEF8914BCC67}.Debug|x64.ActiveCfg = Debug|Any CPU
		{EBA8F882-0AE0-421D-B4FE-DEF8914BCC67}.Debug|x64.Build.0 = Debug|Any CPU
		{EBA8F882-0AE0-421D-B4FE-DEF8914BCC67}.Debug|x86.ActiveCfg = Debug|Any CPU
		{EBA8F882-0AE0-421D-B4FE-DEF8914BCC67}.Debug|x86.Build.0 = Debug|Any CPU
		{EBA8F882-0AE0-421D-B4FE-DEF8914BCC67}.Release|Any CPU.ActiveCfg = Release|Any CPU
		{EBA8F882-0AE0-421D-B4FE-DEF8914BCC67}.Release|Any CPU.Build.0 = Release|Any CPU
		{EBA8F882-0AE0-421D-B4FE-DEF8914BCC67}.Release|ARM.ActiveCfg = Release|Any CPU
		{EBA8F882-0AE0-421D-B4FE-DEF8914BCC67}.Release|ARM.Build.0 = Release|Any CPU
		{EBA8F882-0AE0-421D-B4FE-DEF8914BCC67}.Release|ARM64.ActiveCfg = Release|Any CPU
		{EBA8F882-0AE0-421D-B4FE-DEF8914BCC67}.Release|ARM64.Build.0 = Release|Any CPU
		{EBA8F882-0AE0-421D-B4FE-DEF8914BCC67}.Release|iPhone.ActiveCfg = Release|Any CPU
		{EBA8F882-0AE0-421D-B4FE-DEF8914BCC67}.Release|iPhone.Build.0 = Release|Any CPU
		{EBA8F882-0AE0-421D-B4FE-DEF8914BCC67}.Release|iPhoneSimulator.ActiveCfg = Release|Any CPU
		{EBA8F882-0AE0-421D-B4FE-DEF8914BCC67}.Release|iPhoneSimulator.Build.0 = Release|Any CPU
		{EBA8F882-0AE0-421D-B4FE-DEF8914BCC67}.Release|x64.ActiveCfg = Release|Any CPU
		{EBA8F882-0AE0-421D-B4FE-DEF8914BCC67}.Release|x64.Build.0 = Release|Any CPU
		{EBA8F882-0AE0-421D-B4FE-DEF8914BCC67}.Release|x86.ActiveCfg = Release|Any CPU
		{EBA8F882-0AE0-421D-B4FE-DEF8914BCC67}.Release|x86.Build.0 = Release|Any CPU
	EndGlobalSection
	GlobalSection(SolutionProperties) = preSolution
		HideSolutionNode = FALSE
	EndGlobalSection
	GlobalSection(NestedProjects) = preSolution
		{FC68D8B7-758E-4164-945B-9F922FA883F6} = {799A84A2-2161-4676-878B-5610E3586137}
		{E9858A83-E619-4515-AF14-A87A4C658924} = {6DC0DEB1-CE20-4E54-B2F6-3B8ADD7752AE}
		{7A6CE0B2-72C4-4A45-950E-C7A486EC5B48} = {799A84A2-2161-4676-878B-5610E3586137}
		{51584BFC-BE47-49B5-BD0E-FC0F30B49D93} = {799A84A2-2161-4676-878B-5610E3586137}
		{6DC0DEB1-CE20-4E54-B2F6-3B8ADD7752AE} = {799A84A2-2161-4676-878B-5610E3586137}
		{2829B186-768C-4119-871F-D93F657D48BA} = {7A6CE0B2-72C4-4A45-950E-C7A486EC5B48}
		{B0BF55FC-6B61-4007-B3A3-FA3D556C363A} = {FC68D8B7-758E-4164-945B-9F922FA883F6}
		{1B5B9426-1E55-402C-8FEB-40490A16C2B3} = {FC68D8B7-758E-4164-945B-9F922FA883F6}
		{FA48BB49-76F7-4CBE-8A68-09E05134582F} = {799A84A2-2161-4676-878B-5610E3586137}
		{BCCFE81C-FBFA-4840-8590-D3E0775745FF} = {FA48BB49-76F7-4CBE-8A68-09E05134582F}
		{47039D34-E8AD-4F65-92BC-734728B91068} = {A5F2B2E4-7F93-4919-89F6-EEAB5D1C0AA7}
		{C0CC8276-0950-465C-A28E-27AC382E1A82} = {7A6CE0B2-72C4-4A45-950E-C7A486EC5B48}
		{EBA8F882-0AE0-421D-B4FE-DEF8914BCC67} = {51584BFC-BE47-49B5-BD0E-FC0F30B49D93}
	EndGlobalSection
	GlobalSection(ExtensibilityGlobals) = postSolution
		SolutionGuid = {AB1424F9-871B-444A-9278-18227672889C}
	EndGlobalSection
EndGlobal
